
Microsoft Visual Studio Solution File, Format Version 12.00
# Visual Studio Version 16
VisualStudioVersion = 16.0.29409.12
MinimumVisualStudioVersion = 10.0.40219.1
Project("{2150E333-8FDC-42A3-9474-1A3956D46DE8}") = "src", "src", "{958591BB-32C1-48C4-B5FA-11A2C5686814}"
EndProject
Project("{9A19103F-16F7-4668-BE54-9A1E7A4F7556}") = "MvvmDialogs", "src\net\MvvmDialogs.csproj", "{BC306EC6-B992-4E54-B251-4CA06A67073F}"
EndProject
Project("{2150E333-8FDC-42A3-9474-1A3956D46DE8}") = "net", "net", "{578C9885-5712-41D2-AF42-C994C2720066}"
EndProject
Project("{2150E333-8FDC-42A3-9474-1A3956D46DE8}") = "universal", "universal", "{E3BD9706-427D-49CA-A308-92783D37759A}"
EndProject
Project("{FAE04EC0-301F-11D3-BF4B-00C04F79EFBC}") = "MvvmDialogs", "src\universal\MvvmDialogs.csproj", "{18462094-A6ED-461B-8FCA-1E38A95EBB09}"
EndProject
Project("{2150E333-8FDC-42A3-9474-1A3956D46DE8}") = "test", "test", "{B5460912-B309-4623-8FB6-B7175D66F20F}"
EndProject
Project("{2150E333-8FDC-42A3-9474-1A3956D46DE8}") = "net", "net", "{91C7B2D6-878B-45C8-B74C-E4170E88466F}"
EndProject
Project("{9A19103F-16F7-4668-BE54-9A1E7A4F7556}") = "MvvmDialogs.Test", "test\net\MvvmDialogs.Test.csproj", "{7ECC186E-0E28-4A74-B7AC-F3C56C2457C9}"
EndProject
Project("{2150E333-8FDC-42A3-9474-1A3956D46DE8}") = "samples", "samples", "{62592C78-61AA-44B4-A7C3-EAC678A568A2}"
EndProject
Project("{2150E333-8FDC-42A3-9474-1A3956D46DE8}") = "universal", "universal", "{67928986-73D6-45E6-A6DC-87113DE6CEF9}"
EndProject
Project("{FAE04EC0-301F-11D3-BF4B-00C04F79EFBC}") = "Demo.ContentDialog", "samples\universal\Demo.ContentDialog\Demo.ContentDialog.csproj", "{4478C3AB-BB9F-4032-AB21-016E3C5F4898}"
EndProject
Project("{FAE04EC0-301F-11D3-BF4B-00C04F79EFBC}") = "Demo.CustomContentDialog", "samples\universal\Demo.CustomContentDialog\Demo.CustomContentDialog.csproj", "{91FA378B-3862-42C8-A37A-BB0B2B7BF166}"
EndProject
Project("{FAE04EC0-301F-11D3-BF4B-00C04F79EFBC}") = "Demo.MessageDialog", "samples\universal\Demo.MessageDialog\Demo.MessageDialog.csproj", "{3EC85E81-5F1D-47D3-B757-7032DE54C212}"
EndProject
Project("{FAE04EC0-301F-11D3-BF4B-00C04F79EFBC}") = "Demo.PickFiles", "samples\universal\Demo.PickFiles\Demo.PickFiles.csproj", "{F07B4EF4-55A5-45B0-8A3D-BF8C9C632607}"
EndProject
Project("{FAE04EC0-301F-11D3-BF4B-00C04F79EFBC}") = "Demo.PickSaveFile", "samples\universal\Demo.PickSaveFile\Demo.PickSaveFile.csproj", "{1EC970DF-3DFC-4A4E-91CA-816E1B28F06B}"
EndProject
Project("{FAE04EC0-301F-11D3-BF4B-00C04F79EFBC}") = "Demo.PickSingleFolder", "samples\universal\Demo.PickSingleFolder\Demo.PickSingleFolder.csproj", "{54BFD38C-46BE-49D5-9F50-DA774F198F14}"
EndProject
Project("{2150E333-8FDC-42A3-9474-1A3956D46DE8}") = "net-core", "net-core", "{0A8EF671-0277-4F7A-B03D-C6E227020E86}"
EndProject
Project("{9A19103F-16F7-4668-BE54-9A1E7A4F7556}") = "Demo.ActivateNonModalDialog.Core", "samples\net-core\Demo.ActivateNonModalDialog\Demo.ActivateNonModalDialog.Core.csproj", "{ED5001B1-A78B-4881-9BD8-CB56DD930585}"
EndProject
Project("{2150E333-8FDC-42A3-9474-1A3956D46DE8}") = "net-framework", "net-framework", "{FA937DD6-E3A8-4A9A-9C64-F4091B8F363B}"
EndProject
Project("{FAE04EC0-301F-11D3-BF4B-00C04F79EFBC}") = "Demo.ActivateNonModalDialog.Framework", "samples\net-framework\Demo.ActivateNonModalDialog\Demo.ActivateNonModalDialog.Framework.csproj", "{F282FCD2-2D6C-4CBD-82AC-E726639CBA9F}"
EndProject
Project("{FAE04EC0-301F-11D3-BF4B-00C04F79EFBC}") = "Demo.CustomFolderBrowserDialog.Framework", "samples\net-framework\Demo.CustomFolderBrowserDialog\Demo.CustomFolderBrowserDialog.Framework.csproj", "{F0DF7BB1-370A-4AF2-84F9-CC9AED2F9BB7}"
EndProject
Project("{9A19103F-16F7-4668-BE54-9A1E7A4F7556}") = "Demo.CustomFolderBrowserDialog.Core", "samples\net-core\Demo.CustomFolderBrowserDialog\Demo.CustomFolderBrowserDialog.Core.csproj", "{8E64E10B-E04F-4B0E-B0C2-437F850BF6D1}"
EndProject
Project("{FAE04EC0-301F-11D3-BF4B-00C04F79EFBC}") = "Demo.CustomMessageBox.Framework", "samples\net-framework\Demo.CustomMessageBox\Demo.CustomMessageBox.Framework.csproj", "{6DC636AA-A078-4F30-BBD6-9244CB748F34}"
EndProject
Project("{9A19103F-16F7-4668-BE54-9A1E7A4F7556}") = "Demo.CustomMessageBox.Core", "samples\net-core\Demo.CustomMessageBox\Demo.CustomMessageBox.Core.csproj", "{86AE806C-A181-48DC-8ED0-E0DC757F9616}"
EndProject
Project("{FAE04EC0-301F-11D3-BF4B-00C04F79EFBC}") = "Demo.CustomOpenFileDialog.Framework", "samples\net-framework\Demo.CustomOpenFileDialog\Demo.CustomOpenFileDialog.Framework.csproj", "{B683C7FA-EE13-4A64-A3CA-91E0FBA7AFFA}"
EndProject
Project("{9A19103F-16F7-4668-BE54-9A1E7A4F7556}") = "Demo.CustomOpenFileDialog.Core", "samples\net-core\Demo.CustomOpenFileDialog\Demo.CustomOpenFileDialog.Core.csproj", "{416FC91C-A8D2-4F3F-8F88-F55C8150E608}"
EndProject
Project("{FAE04EC0-301F-11D3-BF4B-00C04F79EFBC}") = "Demo.CustomSaveFileDialog.Framework", "samples\net-framework\Demo.CustomSaveFileDialog\Demo.CustomSaveFileDialog.Framework.csproj", "{99BDD7BB-C264-4F66-A7D7-CF36A2D240EF}"
EndProject
Project("{9A19103F-16F7-4668-BE54-9A1E7A4F7556}") = "Demo.CustomSaveFileDialog.Core", "samples\net-core\Demo.CustomSaveFileDialog\Demo.CustomSaveFileDialog.Core.csproj", "{B6813769-E781-4C2F-AC5A-82CA4F45BB38}"
EndProject
Project("{FAE04EC0-301F-11D3-BF4B-00C04F79EFBC}") = "Demo.FolderBrowserDialog.Framework", "samples\net-framework\Demo.FolderBrowserDialog\Demo.FolderBrowserDialog.Framework.csproj", "{952849D6-DF09-408F-8B14-8D4E420E133E}"
EndProject
Project("{9A19103F-16F7-4668-BE54-9A1E7A4F7556}") = "Demo.FolderBrowserDialog.Core", "samples\net-core\Demo.FolderBrowserDialog\Demo.FolderBrowserDialog.Core.csproj", "{F1859C67-D91A-4CC7-8C3C-E5A98ECE9AD3}"
EndProject
Project("{FAE04EC0-301F-11D3-BF4B-00C04F79EFBC}") = "Demo.MessageBox.Framework", "samples\net-framework\Demo.MessageBox\Demo.MessageBox.Framework.csproj", "{5440572C-08C8-4D6E-A4EF-DCE93060ED66}"
EndProject
Project("{9A19103F-16F7-4668-BE54-9A1E7A4F7556}") = "Demo.MessageBox.Core", "samples\net-core\Demo.MessageBox\Demo.MessageBox.Core.csproj", "{A6ABFE78-566C-4534-947E-BEFB86BDA347}"
EndProject
Project("{FAE04EC0-301F-11D3-BF4B-00C04F79EFBC}") = "Demo.ModalCustomDialog.Framework", "samples\net-framework\Demo.ModalCustomDialog\Demo.ModalCustomDialog.Framework.csproj", "{1A15660A-4E45-4D71-8053-144E2BD4CD1D}"
EndProject
Project("{9A19103F-16F7-4668-BE54-9A1E7A4F7556}") = "Demo.ModalCustomDialog.Core", "samples\net-core\Demo.ModalCustomDialog\Demo.ModalCustomDialog.Core.csproj", "{AD1F57E0-055A-4838-91AD-B824BF17E481}"
EndProject
Project("{FAE04EC0-301F-11D3-BF4B-00C04F79EFBC}") = "Demo.ModalDialog.Framework", "samples\net-framework\Demo.ModalDialog\Demo.ModalDialog.Framework.csproj", "{1F395162-8BB8-4ABE-A4D2-704E61D3519B}"
EndProject
Project("{9A19103F-16F7-4668-BE54-9A1E7A4F7556}") = "Demo.ModalDialog.Core", "samples\net-core\Demo.ModalDialog\Demo.ModalDialog.Core.csproj", "{F2CAA958-5A0E-4BB3-B624-B8360C5F2978}"
EndProject
Project("{FAE04EC0-301F-11D3-BF4B-00C04F79EFBC}") = "Demo.NonModalCustomDialog.Framework", "samples\net-framework\Demo.NonModalCustomDialog\Demo.NonModalCustomDialog.Framework.csproj", "{4D180350-1F21-4051-A5A0-B90457B4FA2D}"
EndProject
Project("{9A19103F-16F7-4668-BE54-9A1E7A4F7556}") = "Demo.NonModalCustomDialog.Core", "samples\net-core\Demo.NonModalCustomDialog\Demo.NonModalCustomDialog.Core.csproj", "{DD760082-E0FA-433F-A1D0-D05F5D91FFA9}"
EndProject
Project("{FAE04EC0-301F-11D3-BF4B-00C04F79EFBC}") = "Demo.NonModalDialog.Framework", "samples\net-framework\Demo.NonModalDialog\Demo.NonModalDialog.Framework.csproj", "{24095A3B-096E-4D19-B29E-755FE08C81FD}"
EndProject
Project("{9A19103F-16F7-4668-BE54-9A1E7A4F7556}") = "Demo.NonModalDialog.Core", "samples\net-core\Demo.NonModalDialog\Demo.NonModalDialog.Core.csproj", "{74041466-C4C6-4396-8B57-D176CF5C0FD9}"
EndProject
Project("{FAE04EC0-301F-11D3-BF4B-00C04F79EFBC}") = "Demo.OpenFileDialog.Framework", "samples\net-framework\Demo.OpenFileDialog\Demo.OpenFileDialog.Framework.csproj", "{E61092FC-FCD8-4EEF-8626-185EF80C1D7F}"
EndProject
Project("{9A19103F-16F7-4668-BE54-9A1E7A4F7556}") = "Demo.OpenFileDialog.Core", "samples\net-core\Demo.OpenFileDialog\Demo.OpenFileDialog.Core.csproj", "{33BC9402-331E-47B5-8EE8-4F15AF463D12}"
EndProject
Project("{FAE04EC0-301F-11D3-BF4B-00C04F79EFBC}") = "Demo.SaveFileDialog.Framework", "samples\net-framework\Demo.SaveFileDialog\Demo.SaveFileDialog.Framework.csproj", "{102298EF-0FF2-4D7E-A140-8A2EA6EBDA60}"
EndProject
Project("{9A19103F-16F7-4668-BE54-9A1E7A4F7556}") = "Demo.SaveFileDialog.Core", "samples\net-core\Demo.SaveFileDialog\Demo.SaveFileDialog.Core.csproj", "{62E90DFE-FF71-4558-A33E-361BFE60BF9D}"
EndProject
Project("{FAE04EC0-301F-11D3-BF4B-00C04F79EFBC}") = "TestBaseClasses.Framework", "samples\net-framework\TestBaseClasses\TestBaseClasses.Framework.csproj", "{B6AD17E0-892C-460E-97F3-58A0EFFC3C33}"
EndProject
Project("{FAE04EC0-301F-11D3-BF4B-00C04F79EFBC}") = "Demo.ActivateNonModalDialog.Framework.Test", "samples\net-framework\Demo.ActivateNonModalDialog.Test\Demo.ActivateNonModalDialog.Framework.Test.csproj", "{C47A9F47-9FCB-4F8D-98C4-C3BAAA6AE200}"
EndProject
Project("{FAE04EC0-301F-11D3-BF4B-00C04F79EFBC}") = "Demo.CustomFolderBrowserDialog.Framework.Test", "samples\net-framework\Demo.CustomFolderBrowserDialog.Test\Demo.CustomFolderBrowserDialog.Framework.Test.csproj", "{CBFD4CAA-D4B6-4E9E-A043-3A1FC6AD30D7}"
EndProject
Project("{FAE04EC0-301F-11D3-BF4B-00C04F79EFBC}") = "Demo.CustomMessageBox.Framework.Test", "samples\net-framework\Demo.CustomMessageBox.Test\Demo.CustomMessageBox.Framework.Test.csproj", "{7602E95D-6E12-42CD-B511-5AC0345F821A}"
EndProject
Project("{FAE04EC0-301F-11D3-BF4B-00C04F79EFBC}") = "Demo.CustomOpenFileDialog.Framework.Test", "samples\net-framework\Demo.CustomOpenFileDialog.Test\Demo.CustomOpenFileDialog.Framework.Test.csproj", "{6377A578-880C-4B47-9A5C-C4DB0850E6B4}"
EndProject
Project("{FAE04EC0-301F-11D3-BF4B-00C04F79EFBC}") = "Demo.CustomSaveFileDialog.Framework.Test", "samples\net-framework\Demo.CustomSaveFileDialog.Test\Demo.CustomSaveFileDialog.Framework.Test.csproj", "{0A28D44B-5DC4-4086-AC7A-936095C7BE5E}"
EndProject
Project("{FAE04EC0-301F-11D3-BF4B-00C04F79EFBC}") = "Demo.FolderBrowserDialog.Framework.Test", "samples\net-framework\Demo.FolderBrowserDialog.Test\Demo.FolderBrowserDialog.Framework.Test.csproj", "{CF1E3D0B-15F1-4F3F-B72C-45E352CBECE4}"
EndProject
Project("{FAE04EC0-301F-11D3-BF4B-00C04F79EFBC}") = "Demo.MessageBox.Framework.Test", "samples\net-framework\Demo.MessageBox.Test\Demo.MessageBox.Framework.Test.csproj", "{89E2692D-B242-4BBB-B825-DFFDB4E75076}"
EndProject
Project("{FAE04EC0-301F-11D3-BF4B-00C04F79EFBC}") = "Demo.ModalCustomDialog.Framework.Test", "samples\net-framework\Demo.ModalCustomDialog.Test\Demo.ModalCustomDialog.Framework.Test.csproj", "{6760EB09-F75D-44DE-BEB3-5C3DF1D57DCE}"
EndProject
Project("{FAE04EC0-301F-11D3-BF4B-00C04F79EFBC}") = "Demo.ModalDialog.Framework.Test", "samples\net-framework\Demo.ModalDialog.Test\Demo.ModalDialog.Framework.Test.csproj", "{CB11B8A4-7ADB-4EB3-A729-27E3C9A09696}"
EndProject
Project("{FAE04EC0-301F-11D3-BF4B-00C04F79EFBC}") = "Demo.NonModalCustomDialog.Framework.Test", "samples\net-framework\Demo.NonModalCustomDialog.Test\Demo.NonModalCustomDialog.Framework.Test.csproj", "{3C734CBA-6111-4852-A529-CEC19B97C57D}"
EndProject
Project("{FAE04EC0-301F-11D3-BF4B-00C04F79EFBC}") = "Demo.NonModalDialog.Framework.Test", "samples\net-framework\Demo.NonModalDialog.Test\Demo.NonModalDialog.Framework.Test.csproj", "{DDC4747A-54AD-4DF9-BD98-D4377C693247}"
EndProject
Project("{FAE04EC0-301F-11D3-BF4B-00C04F79EFBC}") = "Demo.OpenFileDialog.Framework.Test", "samples\net-framework\Demo.OpenFileDialog.Test\Demo.OpenFileDialog.Framework.Test.csproj", "{A1B53145-EAAC-464B-BFD1-D55835981962}"
EndProject
Project("{FAE04EC0-301F-11D3-BF4B-00C04F79EFBC}") = "Demo.SaveFileDialog.Framework.Test", "samples\net-framework\Demo.SaveFileDialog.Test\Demo.SaveFileDialog.Framework.Test.csproj", "{109FEE60-1C5E-422E-B420-A4B97151A16D}"
EndProject
Global
	GlobalSection(SolutionConfigurationPlatforms) = preSolution
		Debug|Any CPU = Debug|Any CPU
		Debug|ARM = Debug|ARM
		Debug|ARM64 = Debug|ARM64
		Debug|x64 = Debug|x64
		Debug|x86 = Debug|x86
		Release|Any CPU = Release|Any CPU
		Release|ARM = Release|ARM
		Release|ARM64 = Release|ARM64
		Release|x64 = Release|x64
		Release|x86 = Release|x86
	EndGlobalSection
	GlobalSection(ProjectConfigurationPlatforms) = postSolution
		{BC306EC6-B992-4E54-B251-4CA06A67073F}.Debug|Any CPU.ActiveCfg = Debug|Any CPU
		{BC306EC6-B992-4E54-B251-4CA06A67073F}.Debug|Any CPU.Build.0 = Debug|Any CPU
		{BC306EC6-B992-4E54-B251-4CA06A67073F}.Debug|ARM.ActiveCfg = Debug|Any CPU
		{BC306EC6-B992-4E54-B251-4CA06A67073F}.Debug|ARM.Build.0 = Debug|Any CPU
		{BC306EC6-B992-4E54-B251-4CA06A67073F}.Debug|ARM64.ActiveCfg = Debug|Any CPU
		{BC306EC6-B992-4E54-B251-4CA06A67073F}.Debug|ARM64.Build.0 = Debug|Any CPU
		{BC306EC6-B992-4E54-B251-4CA06A67073F}.Debug|x64.ActiveCfg = Debug|Any CPU
		{BC306EC6-B992-4E54-B251-4CA06A67073F}.Debug|x64.Build.0 = Debug|Any CPU
		{BC306EC6-B992-4E54-B251-4CA06A67073F}.Debug|x86.ActiveCfg = Debug|Any CPU
		{BC306EC6-B992-4E54-B251-4CA06A67073F}.Debug|x86.Build.0 = Debug|Any CPU
		{BC306EC6-B992-4E54-B251-4CA06A67073F}.Release|Any CPU.ActiveCfg = Release|Any CPU
		{BC306EC6-B992-4E54-B251-4CA06A67073F}.Release|Any CPU.Build.0 = Release|Any CPU
		{BC306EC6-B992-4E54-B251-4CA06A67073F}.Release|ARM.ActiveCfg = Release|Any CPU
		{BC306EC6-B992-4E54-B251-4CA06A67073F}.Release|ARM.Build.0 = Release|Any CPU
		{BC306EC6-B992-4E54-B251-4CA06A67073F}.Release|ARM64.ActiveCfg = Release|Any CPU
		{BC306EC6-B992-4E54-B251-4CA06A67073F}.Release|ARM64.Build.0 = Release|Any CPU
		{BC306EC6-B992-4E54-B251-4CA06A67073F}.Release|x64.ActiveCfg = Release|Any CPU
		{BC306EC6-B992-4E54-B251-4CA06A67073F}.Release|x64.Build.0 = Release|Any CPU
		{BC306EC6-B992-4E54-B251-4CA06A67073F}.Release|x86.ActiveCfg = Release|Any CPU
		{BC306EC6-B992-4E54-B251-4CA06A67073F}.Release|x86.Build.0 = Release|Any CPU
		{18462094-A6ED-461B-8FCA-1E38A95EBB09}.Debug|Any CPU.ActiveCfg = Debug|Any CPU
		{18462094-A6ED-461B-8FCA-1E38A95EBB09}.Debug|Any CPU.Build.0 = Debug|Any CPU
		{18462094-A6ED-461B-8FCA-1E38A95EBB09}.Debug|ARM.ActiveCfg = Debug|ARM
		{18462094-A6ED-461B-8FCA-1E38A95EBB09}.Debug|ARM.Build.0 = Debug|ARM
		{18462094-A6ED-461B-8FCA-1E38A95EBB09}.Debug|ARM64.ActiveCfg = Debug|Any CPU
		{18462094-A6ED-461B-8FCA-1E38A95EBB09}.Debug|ARM64.Build.0 = Debug|Any CPU
		{18462094-A6ED-461B-8FCA-1E38A95EBB09}.Debug|x64.ActiveCfg = Debug|x64
		{18462094-A6ED-461B-8FCA-1E38A95EBB09}.Debug|x64.Build.0 = Debug|x64
		{18462094-A6ED-461B-8FCA-1E38A95EBB09}.Debug|x86.ActiveCfg = Debug|x86
		{18462094-A6ED-461B-8FCA-1E38A95EBB09}.Debug|x86.Build.0 = Debug|x86
		{18462094-A6ED-461B-8FCA-1E38A95EBB09}.Release|Any CPU.ActiveCfg = Release|Any CPU
		{18462094-A6ED-461B-8FCA-1E38A95EBB09}.Release|Any CPU.Build.0 = Release|Any CPU
		{18462094-A6ED-461B-8FCA-1E38A95EBB09}.Release|ARM.ActiveCfg = Release|ARM
		{18462094-A6ED-461B-8FCA-1E38A95EBB09}.Release|ARM.Build.0 = Release|ARM
		{18462094-A6ED-461B-8FCA-1E38A95EBB09}.Release|ARM64.ActiveCfg = Release|Any CPU
		{18462094-A6ED-461B-8FCA-1E38A95EBB09}.Release|ARM64.Build.0 = Release|Any CPU
		{18462094-A6ED-461B-8FCA-1E38A95EBB09}.Release|x64.ActiveCfg = Release|x64
		{18462094-A6ED-461B-8FCA-1E38A95EBB09}.Release|x64.Build.0 = Release|x64
		{18462094-A6ED-461B-8FCA-1E38A95EBB09}.Release|x86.ActiveCfg = Release|x86
		{18462094-A6ED-461B-8FCA-1E38A95EBB09}.Release|x86.Build.0 = Release|x86
		{7ECC186E-0E28-4A74-B7AC-F3C56C2457C9}.Debug|Any CPU.ActiveCfg = Debug|Any CPU
		{7ECC186E-0E28-4A74-B7AC-F3C56C2457C9}.Debug|Any CPU.Build.0 = Debug|Any CPU
		{7ECC186E-0E28-4A74-B7AC-F3C56C2457C9}.Debug|ARM.ActiveCfg = Debug|Any CPU
		{7ECC186E-0E28-4A74-B7AC-F3C56C2457C9}.Debug|ARM.Build.0 = Debug|Any CPU
		{7ECC186E-0E28-4A74-B7AC-F3C56C2457C9}.Debug|ARM64.ActiveCfg = Debug|Any CPU
		{7ECC186E-0E28-4A74-B7AC-F3C56C2457C9}.Debug|ARM64.Build.0 = Debug|Any CPU
		{7ECC186E-0E28-4A74-B7AC-F3C56C2457C9}.Debug|x64.ActiveCfg = Debug|Any CPU
		{7ECC186E-0E28-4A74-B7AC-F3C56C2457C9}.Debug|x64.Build.0 = Debug|Any CPU
		{7ECC186E-0E28-4A74-B7AC-F3C56C2457C9}.Debug|x86.ActiveCfg = Debug|Any CPU
		{7ECC186E-0E28-4A74-B7AC-F3C56C2457C9}.Debug|x86.Build.0 = Debug|Any CPU
		{7ECC186E-0E28-4A74-B7AC-F3C56C2457C9}.Release|Any CPU.ActiveCfg = Release|Any CPU
		{7ECC186E-0E28-4A74-B7AC-F3C56C2457C9}.Release|Any CPU.Build.0 = Release|Any CPU
		{7ECC186E-0E28-4A74-B7AC-F3C56C2457C9}.Release|ARM.ActiveCfg = Release|Any CPU
		{7ECC186E-0E28-4A74-B7AC-F3C56C2457C9}.Release|ARM.Build.0 = Release|Any CPU
		{7ECC186E-0E28-4A74-B7AC-F3C56C2457C9}.Release|ARM64.ActiveCfg = Release|Any CPU
		{7ECC186E-0E28-4A74-B7AC-F3C56C2457C9}.Release|ARM64.Build.0 = Release|Any CPU
		{7ECC186E-0E28-4A74-B7AC-F3C56C2457C9}.Release|x64.ActiveCfg = Release|Any CPU
		{7ECC186E-0E28-4A74-B7AC-F3C56C2457C9}.Release|x64.Build.0 = Release|Any CPU
		{7ECC186E-0E28-4A74-B7AC-F3C56C2457C9}.Release|x86.ActiveCfg = Release|Any CPU
		{7ECC186E-0E28-4A74-B7AC-F3C56C2457C9}.Release|x86.Build.0 = Release|Any CPU
		{4478C3AB-BB9F-4032-AB21-016E3C5F4898}.Debug|Any CPU.ActiveCfg = Debug|x86
		{4478C3AB-BB9F-4032-AB21-016E3C5F4898}.Debug|ARM.ActiveCfg = Debug|ARM
		{4478C3AB-BB9F-4032-AB21-016E3C5F4898}.Debug|ARM.Build.0 = Debug|ARM
		{4478C3AB-BB9F-4032-AB21-016E3C5F4898}.Debug|ARM.Deploy.0 = Debug|ARM
		{4478C3AB-BB9F-4032-AB21-016E3C5F4898}.Debug|ARM64.ActiveCfg = Debug|x86
		{4478C3AB-BB9F-4032-AB21-016E3C5F4898}.Debug|x64.ActiveCfg = Debug|x64
		{4478C3AB-BB9F-4032-AB21-016E3C5F4898}.Debug|x64.Build.0 = Debug|x64
		{4478C3AB-BB9F-4032-AB21-016E3C5F4898}.Debug|x64.Deploy.0 = Debug|x64
		{4478C3AB-BB9F-4032-AB21-016E3C5F4898}.Debug|x86.ActiveCfg = Debug|x86
		{4478C3AB-BB9F-4032-AB21-016E3C5F4898}.Debug|x86.Build.0 = Debug|x86
		{4478C3AB-BB9F-4032-AB21-016E3C5F4898}.Debug|x86.Deploy.0 = Debug|x86
		{4478C3AB-BB9F-4032-AB21-016E3C5F4898}.Release|Any CPU.ActiveCfg = Release|x86
		{4478C3AB-BB9F-4032-AB21-016E3C5F4898}.Release|ARM.ActiveCfg = Release|ARM
		{4478C3AB-BB9F-4032-AB21-016E3C5F4898}.Release|ARM.Build.0 = Release|ARM
		{4478C3AB-BB9F-4032-AB21-016E3C5F4898}.Release|ARM.Deploy.0 = Release|ARM
		{4478C3AB-BB9F-4032-AB21-016E3C5F4898}.Release|ARM64.ActiveCfg = Release|x86
		{4478C3AB-BB9F-4032-AB21-016E3C5F4898}.Release|x64.ActiveCfg = Release|x64
		{4478C3AB-BB9F-4032-AB21-016E3C5F4898}.Release|x64.Build.0 = Release|x64
		{4478C3AB-BB9F-4032-AB21-016E3C5F4898}.Release|x64.Deploy.0 = Release|x64
		{4478C3AB-BB9F-4032-AB21-016E3C5F4898}.Release|x86.ActiveCfg = Release|x86
		{4478C3AB-BB9F-4032-AB21-016E3C5F4898}.Release|x86.Build.0 = Release|x86
		{4478C3AB-BB9F-4032-AB21-016E3C5F4898}.Release|x86.Deploy.0 = Release|x86
		{91FA378B-3862-42C8-A37A-BB0B2B7BF166}.Debug|Any CPU.ActiveCfg = Debug|x86
		{91FA378B-3862-42C8-A37A-BB0B2B7BF166}.Debug|ARM.ActiveCfg = Debug|ARM
		{91FA378B-3862-42C8-A37A-BB0B2B7BF166}.Debug|ARM.Build.0 = Debug|ARM
		{91FA378B-3862-42C8-A37A-BB0B2B7BF166}.Debug|ARM.Deploy.0 = Debug|ARM
		{91FA378B-3862-42C8-A37A-BB0B2B7BF166}.Debug|ARM64.ActiveCfg = Debug|x86
		{91FA378B-3862-42C8-A37A-BB0B2B7BF166}.Debug|x64.ActiveCfg = Debug|x64
		{91FA378B-3862-42C8-A37A-BB0B2B7BF166}.Debug|x64.Build.0 = Debug|x64
		{91FA378B-3862-42C8-A37A-BB0B2B7BF166}.Debug|x64.Deploy.0 = Debug|x64
		{91FA378B-3862-42C8-A37A-BB0B2B7BF166}.Debug|x86.ActiveCfg = Debug|x86
		{91FA378B-3862-42C8-A37A-BB0B2B7BF166}.Debug|x86.Build.0 = Debug|x86
		{91FA378B-3862-42C8-A37A-BB0B2B7BF166}.Debug|x86.Deploy.0 = Debug|x86
		{91FA378B-3862-42C8-A37A-BB0B2B7BF166}.Release|Any CPU.ActiveCfg = Release|x86
		{91FA378B-3862-42C8-A37A-BB0B2B7BF166}.Release|ARM.ActiveCfg = Release|ARM
		{91FA378B-3862-42C8-A37A-BB0B2B7BF166}.Release|ARM.Build.0 = Release|ARM
		{91FA378B-3862-42C8-A37A-BB0B2B7BF166}.Release|ARM.Deploy.0 = Release|ARM
		{91FA378B-3862-42C8-A37A-BB0B2B7BF166}.Release|ARM64.ActiveCfg = Release|x86
		{91FA378B-3862-42C8-A37A-BB0B2B7BF166}.Release|x64.ActiveCfg = Release|x64
		{91FA378B-3862-42C8-A37A-BB0B2B7BF166}.Release|x64.Build.0 = Release|x64
		{91FA378B-3862-42C8-A37A-BB0B2B7BF166}.Release|x64.Deploy.0 = Release|x64
		{91FA378B-3862-42C8-A37A-BB0B2B7BF166}.Release|x86.ActiveCfg = Release|x86
		{91FA378B-3862-42C8-A37A-BB0B2B7BF166}.Release|x86.Build.0 = Release|x86
		{91FA378B-3862-42C8-A37A-BB0B2B7BF166}.Release|x86.Deploy.0 = Release|x86
		{3EC85E81-5F1D-47D3-B757-7032DE54C212}.Debug|Any CPU.ActiveCfg = Debug|x86
		{3EC85E81-5F1D-47D3-B757-7032DE54C212}.Debug|ARM.ActiveCfg = Debug|ARM
		{3EC85E81-5F1D-47D3-B757-7032DE54C212}.Debug|ARM.Build.0 = Debug|ARM
		{3EC85E81-5F1D-47D3-B757-7032DE54C212}.Debug|ARM.Deploy.0 = Debug|ARM
		{3EC85E81-5F1D-47D3-B757-7032DE54C212}.Debug|ARM64.ActiveCfg = Debug|x86
		{3EC85E81-5F1D-47D3-B757-7032DE54C212}.Debug|x64.ActiveCfg = Debug|x64
		{3EC85E81-5F1D-47D3-B757-7032DE54C212}.Debug|x64.Build.0 = Debug|x64
		{3EC85E81-5F1D-47D3-B757-7032DE54C212}.Debug|x64.Deploy.0 = Debug|x64
		{3EC85E81-5F1D-47D3-B757-7032DE54C212}.Debug|x86.ActiveCfg = Debug|x86
		{3EC85E81-5F1D-47D3-B757-7032DE54C212}.Debug|x86.Build.0 = Debug|x86
		{3EC85E81-5F1D-47D3-B757-7032DE54C212}.Debug|x86.Deploy.0 = Debug|x86
		{3EC85E81-5F1D-47D3-B757-7032DE54C212}.Release|Any CPU.ActiveCfg = Release|x86
		{3EC85E81-5F1D-47D3-B757-7032DE54C212}.Release|ARM.ActiveCfg = Release|ARM
		{3EC85E81-5F1D-47D3-B757-7032DE54C212}.Release|ARM.Build.0 = Release|ARM
		{3EC85E81-5F1D-47D3-B757-7032DE54C212}.Release|ARM.Deploy.0 = Release|ARM
		{3EC85E81-5F1D-47D3-B757-7032DE54C212}.Release|ARM64.ActiveCfg = Release|x86
		{3EC85E81-5F1D-47D3-B757-7032DE54C212}.Release|x64.ActiveCfg = Release|x64
		{3EC85E81-5F1D-47D3-B757-7032DE54C212}.Release|x64.Build.0 = Release|x64
		{3EC85E81-5F1D-47D3-B757-7032DE54C212}.Release|x64.Deploy.0 = Release|x64
		{3EC85E81-5F1D-47D3-B757-7032DE54C212}.Release|x86.ActiveCfg = Release|x86
		{3EC85E81-5F1D-47D3-B757-7032DE54C212}.Release|x86.Build.0 = Release|x86
		{3EC85E81-5F1D-47D3-B757-7032DE54C212}.Release|x86.Deploy.0 = Release|x86
		{F07B4EF4-55A5-45B0-8A3D-BF8C9C632607}.Debug|Any CPU.ActiveCfg = Debug|x86
		{F07B4EF4-55A5-45B0-8A3D-BF8C9C632607}.Debug|ARM.ActiveCfg = Debug|ARM
		{F07B4EF4-55A5-45B0-8A3D-BF8C9C632607}.Debug|ARM.Build.0 = Debug|ARM
		{F07B4EF4-55A5-45B0-8A3D-BF8C9C632607}.Debug|ARM.Deploy.0 = Debug|ARM
		{F07B4EF4-55A5-45B0-8A3D-BF8C9C632607}.Debug|ARM64.ActiveCfg = Debug|x86
		{F07B4EF4-55A5-45B0-8A3D-BF8C9C632607}.Debug|x64.ActiveCfg = Debug|x64
		{F07B4EF4-55A5-45B0-8A3D-BF8C9C632607}.Debug|x64.Build.0 = Debug|x64
		{F07B4EF4-55A5-45B0-8A3D-BF8C9C632607}.Debug|x64.Deploy.0 = Debug|x64
		{F07B4EF4-55A5-45B0-8A3D-BF8C9C632607}.Debug|x86.ActiveCfg = Debug|x86
		{F07B4EF4-55A5-45B0-8A3D-BF8C9C632607}.Debug|x86.Build.0 = Debug|x86
		{F07B4EF4-55A5-45B0-8A3D-BF8C9C632607}.Debug|x86.Deploy.0 = Debug|x86
		{F07B4EF4-55A5-45B0-8A3D-BF8C9C632607}.Release|Any CPU.ActiveCfg = Release|x86
		{F07B4EF4-55A5-45B0-8A3D-BF8C9C632607}.Release|ARM.ActiveCfg = Release|ARM
		{F07B4EF4-55A5-45B0-8A3D-BF8C9C632607}.Release|ARM.Build.0 = Release|ARM
		{F07B4EF4-55A5-45B0-8A3D-BF8C9C632607}.Release|ARM.Deploy.0 = Release|ARM
		{F07B4EF4-55A5-45B0-8A3D-BF8C9C632607}.Release|ARM64.ActiveCfg = Release|x86
		{F07B4EF4-55A5-45B0-8A3D-BF8C9C632607}.Release|x64.ActiveCfg = Release|x64
		{F07B4EF4-55A5-45B0-8A3D-BF8C9C632607}.Release|x64.Build.0 = Release|x64
		{F07B4EF4-55A5-45B0-8A3D-BF8C9C632607}.Release|x64.Deploy.0 = Release|x64
		{F07B4EF4-55A5-45B0-8A3D-BF8C9C632607}.Release|x86.ActiveCfg = Release|x86
		{F07B4EF4-55A5-45B0-8A3D-BF8C9C632607}.Release|x86.Build.0 = Release|x86
		{F07B4EF4-55A5-45B0-8A3D-BF8C9C632607}.Release|x86.Deploy.0 = Release|x86
		{1EC970DF-3DFC-4A4E-91CA-816E1B28F06B}.Debug|Any CPU.ActiveCfg = Debug|x86
		{1EC970DF-3DFC-4A4E-91CA-816E1B28F06B}.Debug|ARM.ActiveCfg = Debug|ARM
		{1EC970DF-3DFC-4A4E-91CA-816E1B28F06B}.Debug|ARM.Build.0 = Debug|ARM
		{1EC970DF-3DFC-4A4E-91CA-816E1B28F06B}.Debug|ARM.Deploy.0 = Debug|ARM
		{1EC970DF-3DFC-4A4E-91CA-816E1B28F06B}.Debug|ARM64.ActiveCfg = Debug|x86
		{1EC970DF-3DFC-4A4E-91CA-816E1B28F06B}.Debug|x64.ActiveCfg = Debug|x64
		{1EC970DF-3DFC-4A4E-91CA-816E1B28F06B}.Debug|x64.Build.0 = Debug|x64
		{1EC970DF-3DFC-4A4E-91CA-816E1B28F06B}.Debug|x64.Deploy.0 = Debug|x64
		{1EC970DF-3DFC-4A4E-91CA-816E1B28F06B}.Debug|x86.ActiveCfg = Debug|x86
		{1EC970DF-3DFC-4A4E-91CA-816E1B28F06B}.Debug|x86.Build.0 = Debug|x86
		{1EC970DF-3DFC-4A4E-91CA-816E1B28F06B}.Debug|x86.Deploy.0 = Debug|x86
		{1EC970DF-3DFC-4A4E-91CA-816E1B28F06B}.Release|Any CPU.ActiveCfg = Release|x86
		{1EC970DF-3DFC-4A4E-91CA-816E1B28F06B}.Release|ARM.ActiveCfg = Release|ARM
		{1EC970DF-3DFC-4A4E-91CA-816E1B28F06B}.Release|ARM.Build.0 = Release|ARM
		{1EC970DF-3DFC-4A4E-91CA-816E1B28F06B}.Release|ARM.Deploy.0 = Release|ARM
		{1EC970DF-3DFC-4A4E-91CA-816E1B28F06B}.Release|ARM64.ActiveCfg = Release|x86
		{1EC970DF-3DFC-4A4E-91CA-816E1B28F06B}.Release|x64.ActiveCfg = Release|x64
		{1EC970DF-3DFC-4A4E-91CA-816E1B28F06B}.Release|x64.Build.0 = Release|x64
		{1EC970DF-3DFC-4A4E-91CA-816E1B28F06B}.Release|x64.Deploy.0 = Release|x64
		{1EC970DF-3DFC-4A4E-91CA-816E1B28F06B}.Release|x86.ActiveCfg = Release|x86
		{1EC970DF-3DFC-4A4E-91CA-816E1B28F06B}.Release|x86.Build.0 = Release|x86
		{1EC970DF-3DFC-4A4E-91CA-816E1B28F06B}.Release|x86.Deploy.0 = Release|x86
		{54BFD38C-46BE-49D5-9F50-DA774F198F14}.Debug|Any CPU.ActiveCfg = Debug|x86
		{54BFD38C-46BE-49D5-9F50-DA774F198F14}.Debug|ARM.ActiveCfg = Debug|ARM
		{54BFD38C-46BE-49D5-9F50-DA774F198F14}.Debug|ARM.Build.0 = Debug|ARM
		{54BFD38C-46BE-49D5-9F50-DA774F198F14}.Debug|ARM.Deploy.0 = Debug|ARM
		{54BFD38C-46BE-49D5-9F50-DA774F198F14}.Debug|ARM64.ActiveCfg = Debug|x86
		{54BFD38C-46BE-49D5-9F50-DA774F198F14}.Debug|x64.ActiveCfg = Debug|x64
		{54BFD38C-46BE-49D5-9F50-DA774F198F14}.Debug|x64.Build.0 = Debug|x64
		{54BFD38C-46BE-49D5-9F50-DA774F198F14}.Debug|x64.Deploy.0 = Debug|x64
		{54BFD38C-46BE-49D5-9F50-DA774F198F14}.Debug|x86.ActiveCfg = Debug|x86
		{54BFD38C-46BE-49D5-9F50-DA774F198F14}.Debug|x86.Build.0 = Debug|x86
		{54BFD38C-46BE-49D5-9F50-DA774F198F14}.Debug|x86.Deploy.0 = Debug|x86
		{54BFD38C-46BE-49D5-9F50-DA774F198F14}.Release|Any CPU.ActiveCfg = Release|x86
		{54BFD38C-46BE-49D5-9F50-DA774F198F14}.Release|ARM.ActiveCfg = Release|ARM
		{54BFD38C-46BE-49D5-9F50-DA774F198F14}.Release|ARM.Build.0 = Release|ARM
		{54BFD38C-46BE-49D5-9F50-DA774F198F14}.Release|ARM.Deploy.0 = Release|ARM
		{54BFD38C-46BE-49D5-9F50-DA774F198F14}.Release|ARM64.ActiveCfg = Release|x86
		{54BFD38C-46BE-49D5-9F50-DA774F198F14}.Release|x64.ActiveCfg = Release|x64
		{54BFD38C-46BE-49D5-9F50-DA774F198F14}.Release|x64.Build.0 = Release|x64
		{54BFD38C-46BE-49D5-9F50-DA774F198F14}.Release|x64.Deploy.0 = Release|x64
		{54BFD38C-46BE-49D5-9F50-DA774F198F14}.Release|x86.ActiveCfg = Release|x86
		{54BFD38C-46BE-49D5-9F50-DA774F198F14}.Release|x86.Build.0 = Release|x86
		{54BFD38C-46BE-49D5-9F50-DA774F198F14}.Release|x86.Deploy.0 = Release|x86
		{ED5001B1-A78B-4881-9BD8-CB56DD930585}.Debug|Any CPU.ActiveCfg = Debug|Any CPU
		{ED5001B1-A78B-4881-9BD8-CB56DD930585}.Debug|Any CPU.Build.0 = Debug|Any CPU
		{ED5001B1-A78B-4881-9BD8-CB56DD930585}.Debug|ARM.ActiveCfg = Debug|Any CPU
		{ED5001B1-A78B-4881-9BD8-CB56DD930585}.Debug|ARM.Build.0 = Debug|Any CPU
		{ED5001B1-A78B-4881-9BD8-CB56DD930585}.Debug|ARM64.ActiveCfg = Debug|Any CPU
		{ED5001B1-A78B-4881-9BD8-CB56DD930585}.Debug|ARM64.Build.0 = Debug|Any CPU
		{ED5001B1-A78B-4881-9BD8-CB56DD930585}.Debug|x64.ActiveCfg = Debug|Any CPU
		{ED5001B1-A78B-4881-9BD8-CB56DD930585}.Debug|x64.Build.0 = Debug|Any CPU
		{ED5001B1-A78B-4881-9BD8-CB56DD930585}.Debug|x86.ActiveCfg = Debug|Any CPU
		{ED5001B1-A78B-4881-9BD8-CB56DD930585}.Debug|x86.Build.0 = Debug|Any CPU
		{ED5001B1-A78B-4881-9BD8-CB56DD930585}.Release|Any CPU.ActiveCfg = Release|Any CPU
		{ED5001B1-A78B-4881-9BD8-CB56DD930585}.Release|Any CPU.Build.0 = Release|Any CPU
		{ED5001B1-A78B-4881-9BD8-CB56DD930585}.Release|ARM.ActiveCfg = Release|Any CPU
		{ED5001B1-A78B-4881-9BD8-CB56DD930585}.Release|ARM.Build.0 = Release|Any CPU
		{ED5001B1-A78B-4881-9BD8-CB56DD930585}.Release|ARM64.ActiveCfg = Release|Any CPU
		{ED5001B1-A78B-4881-9BD8-CB56DD930585}.Release|ARM64.Build.0 = Release|Any CPU
		{ED5001B1-A78B-4881-9BD8-CB56DD930585}.Release|x64.ActiveCfg = Release|Any CPU
		{ED5001B1-A78B-4881-9BD8-CB56DD930585}.Release|x64.Build.0 = Release|Any CPU
		{ED5001B1-A78B-4881-9BD8-CB56DD930585}.Release|x86.ActiveCfg = Release|Any CPU
		{ED5001B1-A78B-4881-9BD8-CB56DD930585}.Release|x86.Build.0 = Release|Any CPU
		{F282FCD2-2D6C-4CBD-82AC-E726639CBA9F}.Debug|Any CPU.ActiveCfg = Debug|Any CPU
		{F282FCD2-2D6C-4CBD-82AC-E726639CBA9F}.Debug|Any CPU.Build.0 = Debug|Any CPU
		{F282FCD2-2D6C-4CBD-82AC-E726639CBA9F}.Debug|ARM.ActiveCfg = Debug|Any CPU
		{F282FCD2-2D6C-4CBD-82AC-E726639CBA9F}.Debug|ARM.Build.0 = Debug|Any CPU
		{F282FCD2-2D6C-4CBD-82AC-E726639CBA9F}.Debug|ARM64.ActiveCfg = Debug|Any CPU
		{F282FCD2-2D6C-4CBD-82AC-E726639CBA9F}.Debug|ARM64.Build.0 = Debug|Any CPU
		{F282FCD2-2D6C-4CBD-82AC-E726639CBA9F}.Debug|x64.ActiveCfg = Debug|Any CPU
		{F282FCD2-2D6C-4CBD-82AC-E726639CBA9F}.Debug|x64.Build.0 = Debug|Any CPU
		{F282FCD2-2D6C-4CBD-82AC-E726639CBA9F}.Debug|x86.ActiveCfg = Debug|Any CPU
		{F282FCD2-2D6C-4CBD-82AC-E726639CBA9F}.Debug|x86.Build.0 = Debug|Any CPU
		{F282FCD2-2D6C-4CBD-82AC-E726639CBA9F}.Release|Any CPU.ActiveCfg = Release|Any CPU
		{F282FCD2-2D6C-4CBD-82AC-E726639CBA9F}.Release|Any CPU.Build.0 = Release|Any CPU
		{F282FCD2-2D6C-4CBD-82AC-E726639CBA9F}.Release|ARM.ActiveCfg = Release|Any CPU
		{F282FCD2-2D6C-4CBD-82AC-E726639CBA9F}.Release|ARM.Build.0 = Release|Any CPU
		{F282FCD2-2D6C-4CBD-82AC-E726639CBA9F}.Release|ARM64.ActiveCfg = Release|Any CPU
		{F282FCD2-2D6C-4CBD-82AC-E726639CBA9F}.Release|ARM64.Build.0 = Release|Any CPU
		{F282FCD2-2D6C-4CBD-82AC-E726639CBA9F}.Release|x64.ActiveCfg = Release|Any CPU
		{F282FCD2-2D6C-4CBD-82AC-E726639CBA9F}.Release|x64.Build.0 = Release|Any CPU
		{F282FCD2-2D6C-4CBD-82AC-E726639CBA9F}.Release|x86.ActiveCfg = Release|Any CPU
		{F282FCD2-2D6C-4CBD-82AC-E726639CBA9F}.Release|x86.Build.0 = Release|Any CPU
		{F0DF7BB1-370A-4AF2-84F9-CC9AED2F9BB7}.Debug|Any CPU.ActiveCfg = Debug|Any CPU
		{F0DF7BB1-370A-4AF2-84F9-CC9AED2F9BB7}.Debug|Any CPU.Build.0 = Debug|Any CPU
		{F0DF7BB1-370A-4AF2-84F9-CC9AED2F9BB7}.Debug|ARM.ActiveCfg = Debug|Any CPU
		{F0DF7BB1-370A-4AF2-84F9-CC9AED2F9BB7}.Debug|ARM.Build.0 = Debug|Any CPU
		{F0DF7BB1-370A-4AF2-84F9-CC9AED2F9BB7}.Debug|ARM64.ActiveCfg = Debug|Any CPU
		{F0DF7BB1-370A-4AF2-84F9-CC9AED2F9BB7}.Debug|ARM64.Build.0 = Debug|Any CPU
		{F0DF7BB1-370A-4AF2-84F9-CC9AED2F9BB7}.Debug|x64.ActiveCfg = Debug|Any CPU
		{F0DF7BB1-370A-4AF2-84F9-CC9AED2F9BB7}.Debug|x64.Build.0 = Debug|Any CPU
		{F0DF7BB1-370A-4AF2-84F9-CC9AED2F9BB7}.Debug|x86.ActiveCfg = Debug|Any CPU
		{F0DF7BB1-370A-4AF2-84F9-CC9AED2F9BB7}.Debug|x86.Build.0 = Debug|Any CPU
		{F0DF7BB1-370A-4AF2-84F9-CC9AED2F9BB7}.Release|Any CPU.ActiveCfg = Release|Any CPU
		{F0DF7BB1-370A-4AF2-84F9-CC9AED2F9BB7}.Release|Any CPU.Build.0 = Release|Any CPU
		{F0DF7BB1-370A-4AF2-84F9-CC9AED2F9BB7}.Release|ARM.ActiveCfg = Release|Any CPU
		{F0DF7BB1-370A-4AF2-84F9-CC9AED2F9BB7}.Release|ARM.Build.0 = Release|Any CPU
		{F0DF7BB1-370A-4AF2-84F9-CC9AED2F9BB7}.Release|ARM64.ActiveCfg = Release|Any CPU
		{F0DF7BB1-370A-4AF2-84F9-CC9AED2F9BB7}.Release|ARM64.Build.0 = Release|Any CPU
		{F0DF7BB1-370A-4AF2-84F9-CC9AED2F9BB7}.Release|x64.ActiveCfg = Release|Any CPU
		{F0DF7BB1-370A-4AF2-84F9-CC9AED2F9BB7}.Release|x64.Build.0 = Release|Any CPU
		{F0DF7BB1-370A-4AF2-84F9-CC9AED2F9BB7}.Release|x86.ActiveCfg = Release|Any CPU
		{F0DF7BB1-370A-4AF2-84F9-CC9AED2F9BB7}.Release|x86.Build.0 = Release|Any CPU
		{8E64E10B-E04F-4B0E-B0C2-437F850BF6D1}.Debug|Any CPU.ActiveCfg = Debug|Any CPU
		{8E64E10B-E04F-4B0E-B0C2-437F850BF6D1}.Debug|Any CPU.Build.0 = Debug|Any CPU
		{8E64E10B-E04F-4B0E-B0C2-437F850BF6D1}.Debug|ARM.ActiveCfg = Debug|Any CPU
		{8E64E10B-E04F-4B0E-B0C2-437F850BF6D1}.Debug|ARM.Build.0 = Debug|Any CPU
		{8E64E10B-E04F-4B0E-B0C2-437F850BF6D1}.Debug|ARM64.ActiveCfg = Debug|Any CPU
		{8E64E10B-E04F-4B0E-B0C2-437F850BF6D1}.Debug|ARM64.Build.0 = Debug|Any CPU
		{8E64E10B-E04F-4B0E-B0C2-437F850BF6D1}.Debug|x64.ActiveCfg = Debug|Any CPU
		{8E64E10B-E04F-4B0E-B0C2-437F850BF6D1}.Debug|x64.Build.0 = Debug|Any CPU
		{8E64E10B-E04F-4B0E-B0C2-437F850BF6D1}.Debug|x86.ActiveCfg = Debug|Any CPU
		{8E64E10B-E04F-4B0E-B0C2-437F850BF6D1}.Debug|x86.Build.0 = Debug|Any CPU
		{8E64E10B-E04F-4B0E-B0C2-437F850BF6D1}.Release|Any CPU.ActiveCfg = Release|Any CPU
		{8E64E10B-E04F-4B0E-B0C2-437F850BF6D1}.Release|Any CPU.Build.0 = Release|Any CPU
		{8E64E10B-E04F-4B0E-B0C2-437F850BF6D1}.Release|ARM.ActiveCfg = Release|Any CPU
		{8E64E10B-E04F-4B0E-B0C2-437F850BF6D1}.Release|ARM.Build.0 = Release|Any CPU
		{8E64E10B-E04F-4B0E-B0C2-437F850BF6D1}.Release|ARM64.ActiveCfg = Release|Any CPU
		{8E64E10B-E04F-4B0E-B0C2-437F850BF6D1}.Release|ARM64.Build.0 = Release|Any CPU
		{8E64E10B-E04F-4B0E-B0C2-437F850BF6D1}.Release|x64.ActiveCfg = Release|Any CPU
		{8E64E10B-E04F-4B0E-B0C2-437F850BF6D1}.Release|x64.Build.0 = Release|Any CPU
		{8E64E10B-E04F-4B0E-B0C2-437F850BF6D1}.Release|x86.ActiveCfg = Release|Any CPU
		{8E64E10B-E04F-4B0E-B0C2-437F850BF6D1}.Release|x86.Build.0 = Release|Any CPU
		{6DC636AA-A078-4F30-BBD6-9244CB748F34}.Debug|Any CPU.ActiveCfg = Debug|Any CPU
		{6DC636AA-A078-4F30-BBD6-9244CB748F34}.Debug|Any CPU.Build.0 = Debug|Any CPU
		{6DC636AA-A078-4F30-BBD6-9244CB748F34}.Debug|ARM.ActiveCfg = Debug|Any CPU
		{6DC636AA-A078-4F30-BBD6-9244CB748F34}.Debug|ARM.Build.0 = Debug|Any CPU
		{6DC636AA-A078-4F30-BBD6-9244CB748F34}.Debug|ARM64.ActiveCfg = Debug|Any CPU
		{6DC636AA-A078-4F30-BBD6-9244CB748F34}.Debug|ARM64.Build.0 = Debug|Any CPU
		{6DC636AA-A078-4F30-BBD6-9244CB748F34}.Debug|x64.ActiveCfg = Debug|Any CPU
		{6DC636AA-A078-4F30-BBD6-9244CB748F34}.Debug|x64.Build.0 = Debug|Any CPU
		{6DC636AA-A078-4F30-BBD6-9244CB748F34}.Debug|x86.ActiveCfg = Debug|Any CPU
		{6DC636AA-A078-4F30-BBD6-9244CB748F34}.Debug|x86.Build.0 = Debug|Any CPU
		{6DC636AA-A078-4F30-BBD6-9244CB748F34}.Release|Any CPU.ActiveCfg = Release|Any CPU
		{6DC636AA-A078-4F30-BBD6-9244CB748F34}.Release|Any CPU.Build.0 = Release|Any CPU
		{6DC636AA-A078-4F30-BBD6-9244CB748F34}.Release|ARM.ActiveCfg = Release|Any CPU
		{6DC636AA-A078-4F30-BBD6-9244CB748F34}.Release|ARM.Build.0 = Release|Any CPU
		{6DC636AA-A078-4F30-BBD6-9244CB748F34}.Release|ARM64.ActiveCfg = Release|Any CPU
		{6DC636AA-A078-4F30-BBD6-9244CB748F34}.Release|ARM64.Build.0 = Release|Any CPU
		{6DC636AA-A078-4F30-BBD6-9244CB748F34}.Release|x64.ActiveCfg = Release|Any CPU
		{6DC636AA-A078-4F30-BBD6-9244CB748F34}.Release|x64.Build.0 = Release|Any CPU
		{6DC636AA-A078-4F30-BBD6-9244CB748F34}.Release|x86.ActiveCfg = Release|Any CPU
		{6DC636AA-A078-4F30-BBD6-9244CB748F34}.Release|x86.Build.0 = Release|Any CPU
		{86AE806C-A181-48DC-8ED0-E0DC757F9616}.Debug|Any CPU.ActiveCfg = Debug|Any CPU
		{86AE806C-A181-48DC-8ED0-E0DC757F9616}.Debug|Any CPU.Build.0 = Debug|Any CPU
		{86AE806C-A181-48DC-8ED0-E0DC757F9616}.Debug|ARM.ActiveCfg = Debug|Any CPU
		{86AE806C-A181-48DC-8ED0-E0DC757F9616}.Debug|ARM.Build.0 = Debug|Any CPU
		{86AE806C-A181-48DC-8ED0-E0DC757F9616}.Debug|ARM64.ActiveCfg = Debug|Any CPU
		{86AE806C-A181-48DC-8ED0-E0DC757F9616}.Debug|ARM64.Build.0 = Debug|Any CPU
		{86AE806C-A181-48DC-8ED0-E0DC757F9616}.Debug|x64.ActiveCfg = Debug|Any CPU
		{86AE806C-A181-48DC-8ED0-E0DC757F9616}.Debug|x64.Build.0 = Debug|Any CPU
		{86AE806C-A181-48DC-8ED0-E0DC757F9616}.Debug|x86.ActiveCfg = Debug|Any CPU
		{86AE806C-A181-48DC-8ED0-E0DC757F9616}.Debug|x86.Build.0 = Debug|Any CPU
		{86AE806C-A181-48DC-8ED0-E0DC757F9616}.Release|Any CPU.ActiveCfg = Release|Any CPU
		{86AE806C-A181-48DC-8ED0-E0DC757F9616}.Release|Any CPU.Build.0 = Release|Any CPU
		{86AE806C-A181-48DC-8ED0-E0DC757F9616}.Release|ARM.ActiveCfg = Release|Any CPU
		{86AE806C-A181-48DC-8ED0-E0DC757F9616}.Release|ARM.Build.0 = Release|Any CPU
		{86AE806C-A181-48DC-8ED0-E0DC757F9616}.Release|ARM64.ActiveCfg = Release|Any CPU
		{86AE806C-A181-48DC-8ED0-E0DC757F9616}.Release|ARM64.Build.0 = Release|Any CPU
		{86AE806C-A181-48DC-8ED0-E0DC757F9616}.Release|x64.ActiveCfg = Release|Any CPU
		{86AE806C-A181-48DC-8ED0-E0DC757F9616}.Release|x64.Build.0 = Release|Any CPU
		{86AE806C-A181-48DC-8ED0-E0DC757F9616}.Release|x86.ActiveCfg = Release|Any CPU
		{86AE806C-A181-48DC-8ED0-E0DC757F9616}.Release|x86.Build.0 = Release|Any CPU
		{B683C7FA-EE13-4A64-A3CA-91E0FBA7AFFA}.Debug|Any CPU.ActiveCfg = Debug|Any CPU
		{B683C7FA-EE13-4A64-A3CA-91E0FBA7AFFA}.Debug|Any CPU.Build.0 = Debug|Any CPU
		{B683C7FA-EE13-4A64-A3CA-91E0FBA7AFFA}.Debug|ARM.ActiveCfg = Debug|Any CPU
		{B683C7FA-EE13-4A64-A3CA-91E0FBA7AFFA}.Debug|ARM.Build.0 = Debug|Any CPU
		{B683C7FA-EE13-4A64-A3CA-91E0FBA7AFFA}.Debug|ARM64.ActiveCfg = Debug|Any CPU
		{B683C7FA-EE13-4A64-A3CA-91E0FBA7AFFA}.Debug|ARM64.Build.0 = Debug|Any CPU
		{B683C7FA-EE13-4A64-A3CA-91E0FBA7AFFA}.Debug|x64.ActiveCfg = Debug|Any CPU
		{B683C7FA-EE13-4A64-A3CA-91E0FBA7AFFA}.Debug|x64.Build.0 = Debug|Any CPU
		{B683C7FA-EE13-4A64-A3CA-91E0FBA7AFFA}.Debug|x86.ActiveCfg = Debug|Any CPU
		{B683C7FA-EE13-4A64-A3CA-91E0FBA7AFFA}.Debug|x86.Build.0 = Debug|Any CPU
		{B683C7FA-EE13-4A64-A3CA-91E0FBA7AFFA}.Release|Any CPU.ActiveCfg = Release|Any CPU
		{B683C7FA-EE13-4A64-A3CA-91E0FBA7AFFA}.Release|Any CPU.Build.0 = Release|Any CPU
		{B683C7FA-EE13-4A64-A3CA-91E0FBA7AFFA}.Release|ARM.ActiveCfg = Release|Any CPU
		{B683C7FA-EE13-4A64-A3CA-91E0FBA7AFFA}.Release|ARM.Build.0 = Release|Any CPU
		{B683C7FA-EE13-4A64-A3CA-91E0FBA7AFFA}.Release|ARM64.ActiveCfg = Release|Any CPU
		{B683C7FA-EE13-4A64-A3CA-91E0FBA7AFFA}.Release|ARM64.Build.0 = Release|Any CPU
		{B683C7FA-EE13-4A64-A3CA-91E0FBA7AFFA}.Release|x64.ActiveCfg = Release|Any CPU
		{B683C7FA-EE13-4A64-A3CA-91E0FBA7AFFA}.Release|x64.Build.0 = Release|Any CPU
		{B683C7FA-EE13-4A64-A3CA-91E0FBA7AFFA}.Release|x86.ActiveCfg = Release|Any CPU
		{B683C7FA-EE13-4A64-A3CA-91E0FBA7AFFA}.Release|x86.Build.0 = Release|Any CPU
		{416FC91C-A8D2-4F3F-8F88-F55C8150E608}.Debug|Any CPU.ActiveCfg = Debug|Any CPU
		{416FC91C-A8D2-4F3F-8F88-F55C8150E608}.Debug|Any CPU.Build.0 = Debug|Any CPU
		{416FC91C-A8D2-4F3F-8F88-F55C8150E608}.Debug|ARM.ActiveCfg = Debug|Any CPU
		{416FC91C-A8D2-4F3F-8F88-F55C8150E608}.Debug|ARM.Build.0 = Debug|Any CPU
		{416FC91C-A8D2-4F3F-8F88-F55C8150E608}.Debug|ARM64.ActiveCfg = Debug|Any CPU
		{416FC91C-A8D2-4F3F-8F88-F55C8150E608}.Debug|ARM64.Build.0 = Debug|Any CPU
		{416FC91C-A8D2-4F3F-8F88-F55C8150E608}.Debug|x64.ActiveCfg = Debug|Any CPU
		{416FC91C-A8D2-4F3F-8F88-F55C8150E608}.Debug|x64.Build.0 = Debug|Any CPU
		{416FC91C-A8D2-4F3F-8F88-F55C8150E608}.Debug|x86.ActiveCfg = Debug|Any CPU
		{416FC91C-A8D2-4F3F-8F88-F55C8150E608}.Debug|x86.Build.0 = Debug|Any CPU
		{416FC91C-A8D2-4F3F-8F88-F55C8150E608}.Release|Any CPU.ActiveCfg = Release|Any CPU
		{416FC91C-A8D2-4F3F-8F88-F55C8150E608}.Release|Any CPU.Build.0 = Release|Any CPU
		{416FC91C-A8D2-4F3F-8F88-F55C8150E608}.Release|ARM.ActiveCfg = Release|Any CPU
		{416FC91C-A8D2-4F3F-8F88-F55C8150E608}.Release|ARM.Build.0 = Release|Any CPU
		{416FC91C-A8D2-4F3F-8F88-F55C8150E608}.Release|ARM64.ActiveCfg = Release|Any CPU
		{416FC91C-A8D2-4F3F-8F88-F55C8150E608}.Release|ARM64.Build.0 = Release|Any CPU
		{416FC91C-A8D2-4F3F-8F88-F55C8150E608}.Release|x64.ActiveCfg = Release|Any CPU
		{416FC91C-A8D2-4F3F-8F88-F55C8150E608}.Release|x64.Build.0 = Release|Any CPU
		{416FC91C-A8D2-4F3F-8F88-F55C8150E608}.Release|x86.ActiveCfg = Release|Any CPU
		{416FC91C-A8D2-4F3F-8F88-F55C8150E608}.Release|x86.Build.0 = Release|Any CPU
		{99BDD7BB-C264-4F66-A7D7-CF36A2D240EF}.Debug|Any CPU.ActiveCfg = Debug|Any CPU
		{99BDD7BB-C264-4F66-A7D7-CF36A2D240EF}.Debug|Any CPU.Build.0 = Debug|Any CPU
		{99BDD7BB-C264-4F66-A7D7-CF36A2D240EF}.Debug|ARM.ActiveCfg = Debug|Any CPU
		{99BDD7BB-C264-4F66-A7D7-CF36A2D240EF}.Debug|ARM.Build.0 = Debug|Any CPU
		{99BDD7BB-C264-4F66-A7D7-CF36A2D240EF}.Debug|ARM64.ActiveCfg = Debug|Any CPU
		{99BDD7BB-C264-4F66-A7D7-CF36A2D240EF}.Debug|ARM64.Build.0 = Debug|Any CPU
		{99BDD7BB-C264-4F66-A7D7-CF36A2D240EF}.Debug|x64.ActiveCfg = Debug|Any CPU
		{99BDD7BB-C264-4F66-A7D7-CF36A2D240EF}.Debug|x64.Build.0 = Debug|Any CPU
		{99BDD7BB-C264-4F66-A7D7-CF36A2D240EF}.Debug|x86.ActiveCfg = Debug|Any CPU
		{99BDD7BB-C264-4F66-A7D7-CF36A2D240EF}.Debug|x86.Build.0 = Debug|Any CPU
		{99BDD7BB-C264-4F66-A7D7-CF36A2D240EF}.Release|Any CPU.ActiveCfg = Release|Any CPU
		{99BDD7BB-C264-4F66-A7D7-CF36A2D240EF}.Release|Any CPU.Build.0 = Release|Any CPU
		{99BDD7BB-C264-4F66-A7D7-CF36A2D240EF}.Release|ARM.ActiveCfg = Release|Any CPU
		{99BDD7BB-C264-4F66-A7D7-CF36A2D240EF}.Release|ARM.Build.0 = Release|Any CPU
		{99BDD7BB-C264-4F66-A7D7-CF36A2D240EF}.Release|ARM64.ActiveCfg = Release|Any CPU
		{99BDD7BB-C264-4F66-A7D7-CF36A2D240EF}.Release|ARM64.Build.0 = Release|Any CPU
		{99BDD7BB-C264-4F66-A7D7-CF36A2D240EF}.Release|x64.ActiveCfg = Release|Any CPU
		{99BDD7BB-C264-4F66-A7D7-CF36A2D240EF}.Release|x64.Build.0 = Release|Any CPU
		{99BDD7BB-C264-4F66-A7D7-CF36A2D240EF}.Release|x86.ActiveCfg = Release|Any CPU
		{99BDD7BB-C264-4F66-A7D7-CF36A2D240EF}.Release|x86.Build.0 = Release|Any CPU
		{B6813769-E781-4C2F-AC5A-82CA4F45BB38}.Debug|Any CPU.ActiveCfg = Debug|Any CPU
		{B6813769-E781-4C2F-AC5A-82CA4F45BB38}.Debug|Any CPU.Build.0 = Debug|Any CPU
		{B6813769-E781-4C2F-AC5A-82CA4F45BB38}.Debug|ARM.ActiveCfg = Debug|Any CPU
		{B6813769-E781-4C2F-AC5A-82CA4F45BB38}.Debug|ARM.Build.0 = Debug|Any CPU
		{B6813769-E781-4C2F-AC5A-82CA4F45BB38}.Debug|ARM64.ActiveCfg = Debug|Any CPU
		{B6813769-E781-4C2F-AC5A-82CA4F45BB38}.Debug|ARM64.Build.0 = Debug|Any CPU
		{B6813769-E781-4C2F-AC5A-82CA4F45BB38}.Debug|x64.ActiveCfg = Debug|Any CPU
		{B6813769-E781-4C2F-AC5A-82CA4F45BB38}.Debug|x64.Build.0 = Debug|Any CPU
		{B6813769-E781-4C2F-AC5A-82CA4F45BB38}.Debug|x86.ActiveCfg = Debug|Any CPU
		{B6813769-E781-4C2F-AC5A-82CA4F45BB38}.Debug|x86.Build.0 = Debug|Any CPU
		{B6813769-E781-4C2F-AC5A-82CA4F45BB38}.Release|Any CPU.ActiveCfg = Release|Any CPU
		{B6813769-E781-4C2F-AC5A-82CA4F45BB38}.Release|Any CPU.Build.0 = Release|Any CPU
		{B6813769-E781-4C2F-AC5A-82CA4F45BB38}.Release|ARM.ActiveCfg = Release|Any CPU
		{B6813769-E781-4C2F-AC5A-82CA4F45BB38}.Release|ARM.Build.0 = Release|Any CPU
		{B6813769-E781-4C2F-AC5A-82CA4F45BB38}.Release|ARM64.ActiveCfg = Release|Any CPU
		{B6813769-E781-4C2F-AC5A-82CA4F45BB38}.Release|ARM64.Build.0 = Release|Any CPU
		{B6813769-E781-4C2F-AC5A-82CA4F45BB38}.Release|x64.ActiveCfg = Release|Any CPU
		{B6813769-E781-4C2F-AC5A-82CA4F45BB38}.Release|x64.Build.0 = Release|Any CPU
		{B6813769-E781-4C2F-AC5A-82CA4F45BB38}.Release|x86.ActiveCfg = Release|Any CPU
		{B6813769-E781-4C2F-AC5A-82CA4F45BB38}.Release|x86.Build.0 = Release|Any CPU
		{952849D6-DF09-408F-8B14-8D4E420E133E}.Debug|Any CPU.ActiveCfg = Debug|Any CPU
		{952849D6-DF09-408F-8B14-8D4E420E133E}.Debug|Any CPU.Build.0 = Debug|Any CPU
		{952849D6-DF09-408F-8B14-8D4E420E133E}.Debug|ARM.ActiveCfg = Debug|Any CPU
		{952849D6-DF09-408F-8B14-8D4E420E133E}.Debug|ARM.Build.0 = Debug|Any CPU
		{952849D6-DF09-408F-8B14-8D4E420E133E}.Debug|ARM64.ActiveCfg = Debug|Any CPU
		{952849D6-DF09-408F-8B14-8D4E420E133E}.Debug|ARM64.Build.0 = Debug|Any CPU
		{952849D6-DF09-408F-8B14-8D4E420E133E}.Debug|x64.ActiveCfg = Debug|Any CPU
		{952849D6-DF09-408F-8B14-8D4E420E133E}.Debug|x64.Build.0 = Debug|Any CPU
		{952849D6-DF09-408F-8B14-8D4E420E133E}.Debug|x86.ActiveCfg = Debug|Any CPU
		{952849D6-DF09-408F-8B14-8D4E420E133E}.Debug|x86.Build.0 = Debug|Any CPU
		{952849D6-DF09-408F-8B14-8D4E420E133E}.Release|Any CPU.ActiveCfg = Release|Any CPU
		{952849D6-DF09-408F-8B14-8D4E420E133E}.Release|Any CPU.Build.0 = Release|Any CPU
		{952849D6-DF09-408F-8B14-8D4E420E133E}.Release|ARM.ActiveCfg = Release|Any CPU
		{952849D6-DF09-408F-8B14-8D4E420E133E}.Release|ARM.Build.0 = Release|Any CPU
		{952849D6-DF09-408F-8B14-8D4E420E133E}.Release|ARM64.ActiveCfg = Release|Any CPU
		{952849D6-DF09-408F-8B14-8D4E420E133E}.Release|ARM64.Build.0 = Release|Any CPU
		{952849D6-DF09-408F-8B14-8D4E420E133E}.Release|x64.ActiveCfg = Release|Any CPU
		{952849D6-DF09-408F-8B14-8D4E420E133E}.Release|x64.Build.0 = Release|Any CPU
		{952849D6-DF09-408F-8B14-8D4E420E133E}.Release|x86.ActiveCfg = Release|Any CPU
		{952849D6-DF09-408F-8B14-8D4E420E133E}.Release|x86.Build.0 = Release|Any CPU
		{F1859C67-D91A-4CC7-8C3C-E5A98ECE9AD3}.Debug|Any CPU.ActiveCfg = Debug|Any CPU
		{F1859C67-D91A-4CC7-8C3C-E5A98ECE9AD3}.Debug|Any CPU.Build.0 = Debug|Any CPU
		{F1859C67-D91A-4CC7-8C3C-E5A98ECE9AD3}.Debug|ARM.ActiveCfg = Debug|Any CPU
		{F1859C67-D91A-4CC7-8C3C-E5A98ECE9AD3}.Debug|ARM.Build.0 = Debug|Any CPU
		{F1859C67-D91A-4CC7-8C3C-E5A98ECE9AD3}.Debug|ARM64.ActiveCfg = Debug|Any CPU
		{F1859C67-D91A-4CC7-8C3C-E5A98ECE9AD3}.Debug|ARM64.Build.0 = Debug|Any CPU
		{F1859C67-D91A-4CC7-8C3C-E5A98ECE9AD3}.Debug|x64.ActiveCfg = Debug|Any CPU
		{F1859C67-D91A-4CC7-8C3C-E5A98ECE9AD3}.Debug|x64.Build.0 = Debug|Any CPU
		{F1859C67-D91A-4CC7-8C3C-E5A98ECE9AD3}.Debug|x86.ActiveCfg = Debug|Any CPU
		{F1859C67-D91A-4CC7-8C3C-E5A98ECE9AD3}.Debug|x86.Build.0 = Debug|Any CPU
		{F1859C67-D91A-4CC7-8C3C-E5A98ECE9AD3}.Release|Any CPU.ActiveCfg = Release|Any CPU
		{F1859C67-D91A-4CC7-8C3C-E5A98ECE9AD3}.Release|Any CPU.Build.0 = Release|Any CPU
		{F1859C67-D91A-4CC7-8C3C-E5A98ECE9AD3}.Release|ARM.ActiveCfg = Release|Any CPU
		{F1859C67-D91A-4CC7-8C3C-E5A98ECE9AD3}.Release|ARM.Build.0 = Release|Any CPU
		{F1859C67-D91A-4CC7-8C3C-E5A98ECE9AD3}.Release|ARM64.ActiveCfg = Release|Any CPU
		{F1859C67-D91A-4CC7-8C3C-E5A98ECE9AD3}.Release|ARM64.Build.0 = Release|Any CPU
		{F1859C67-D91A-4CC7-8C3C-E5A98ECE9AD3}.Release|x64.ActiveCfg = Release|Any CPU
		{F1859C67-D91A-4CC7-8C3C-E5A98ECE9AD3}.Release|x64.Build.0 = Release|Any CPU
		{F1859C67-D91A-4CC7-8C3C-E5A98ECE9AD3}.Release|x86.ActiveCfg = Release|Any CPU
		{F1859C67-D91A-4CC7-8C3C-E5A98ECE9AD3}.Release|x86.Build.0 = Release|Any CPU
		{5440572C-08C8-4D6E-A4EF-DCE93060ED66}.Debug|Any CPU.ActiveCfg = Debug|Any CPU
		{5440572C-08C8-4D6E-A4EF-DCE93060ED66}.Debug|Any CPU.Build.0 = Debug|Any CPU
		{5440572C-08C8-4D6E-A4EF-DCE93060ED66}.Debug|ARM.ActiveCfg = Debug|Any CPU
		{5440572C-08C8-4D6E-A4EF-DCE93060ED66}.Debug|ARM.Build.0 = Debug|Any CPU
		{5440572C-08C8-4D6E-A4EF-DCE93060ED66}.Debug|ARM64.ActiveCfg = Debug|Any CPU
		{5440572C-08C8-4D6E-A4EF-DCE93060ED66}.Debug|ARM64.Build.0 = Debug|Any CPU
		{5440572C-08C8-4D6E-A4EF-DCE93060ED66}.Debug|x64.ActiveCfg = Debug|Any CPU
		{5440572C-08C8-4D6E-A4EF-DCE93060ED66}.Debug|x64.Build.0 = Debug|Any CPU
		{5440572C-08C8-4D6E-A4EF-DCE93060ED66}.Debug|x86.ActiveCfg = Debug|Any CPU
		{5440572C-08C8-4D6E-A4EF-DCE93060ED66}.Debug|x86.Build.0 = Debug|Any CPU
		{5440572C-08C8-4D6E-A4EF-DCE93060ED66}.Release|Any CPU.ActiveCfg = Release|Any CPU
		{5440572C-08C8-4D6E-A4EF-DCE93060ED66}.Release|Any CPU.Build.0 = Release|Any CPU
		{5440572C-08C8-4D6E-A4EF-DCE93060ED66}.Release|ARM.ActiveCfg = Release|Any CPU
		{5440572C-08C8-4D6E-A4EF-DCE93060ED66}.Release|ARM.Build.0 = Release|Any CPU
		{5440572C-08C8-4D6E-A4EF-DCE93060ED66}.Release|ARM64.ActiveCfg = Release|Any CPU
		{5440572C-08C8-4D6E-A4EF-DCE93060ED66}.Release|ARM64.Build.0 = Release|Any CPU
		{5440572C-08C8-4D6E-A4EF-DCE93060ED66}.Release|x64.ActiveCfg = Release|Any CPU
		{5440572C-08C8-4D6E-A4EF-DCE93060ED66}.Release|x64.Build.0 = Release|Any CPU
		{5440572C-08C8-4D6E-A4EF-DCE93060ED66}.Release|x86.ActiveCfg = Release|Any CPU
		{5440572C-08C8-4D6E-A4EF-DCE93060ED66}.Release|x86.Build.0 = Release|Any CPU
		{A6ABFE78-566C-4534-947E-BEFB86BDA347}.Debug|Any CPU.ActiveCfg = Debug|Any CPU
		{A6ABFE78-566C-4534-947E-BEFB86BDA347}.Debug|Any CPU.Build.0 = Debug|Any CPU
		{A6ABFE78-566C-4534-947E-BEFB86BDA347}.Debug|ARM.ActiveCfg = Debug|Any CPU
		{A6ABFE78-566C-4534-947E-BEFB86BDA347}.Debug|ARM.Build.0 = Debug|Any CPU
		{A6ABFE78-566C-4534-947E-BEFB86BDA347}.Debug|ARM64.ActiveCfg = Debug|Any CPU
		{A6ABFE78-566C-4534-947E-BEFB86BDA347}.Debug|ARM64.Build.0 = Debug|Any CPU
		{A6ABFE78-566C-4534-947E-BEFB86BDA347}.Debug|x64.ActiveCfg = Debug|Any CPU
		{A6ABFE78-566C-4534-947E-BEFB86BDA347}.Debug|x64.Build.0 = Debug|Any CPU
		{A6ABFE78-566C-4534-947E-BEFB86BDA347}.Debug|x86.ActiveCfg = Debug|Any CPU
		{A6ABFE78-566C-4534-947E-BEFB86BDA347}.Debug|x86.Build.0 = Debug|Any CPU
		{A6ABFE78-566C-4534-947E-BEFB86BDA347}.Release|Any CPU.ActiveCfg = Release|Any CPU
		{A6ABFE78-566C-4534-947E-BEFB86BDA347}.Release|Any CPU.Build.0 = Release|Any CPU
		{A6ABFE78-566C-4534-947E-BEFB86BDA347}.Release|ARM.ActiveCfg = Release|Any CPU
		{A6ABFE78-566C-4534-947E-BEFB86BDA347}.Release|ARM.Build.0 = Release|Any CPU
		{A6ABFE78-566C-4534-947E-BEFB86BDA347}.Release|ARM64.ActiveCfg = Release|Any CPU
		{A6ABFE78-566C-4534-947E-BEFB86BDA347}.Release|ARM64.Build.0 = Release|Any CPU
		{A6ABFE78-566C-4534-947E-BEFB86BDA347}.Release|x64.ActiveCfg = Release|Any CPU
		{A6ABFE78-566C-4534-947E-BEFB86BDA347}.Release|x64.Build.0 = Release|Any CPU
		{A6ABFE78-566C-4534-947E-BEFB86BDA347}.Release|x86.ActiveCfg = Release|Any CPU
		{A6ABFE78-566C-4534-947E-BEFB86BDA347}.Release|x86.Build.0 = Release|Any CPU
		{1A15660A-4E45-4D71-8053-144E2BD4CD1D}.Debug|Any CPU.ActiveCfg = Debug|Any CPU
		{1A15660A-4E45-4D71-8053-144E2BD4CD1D}.Debug|Any CPU.Build.0 = Debug|Any CPU
		{1A15660A-4E45-4D71-8053-144E2BD4CD1D}.Debug|ARM.ActiveCfg = Debug|Any CPU
		{1A15660A-4E45-4D71-8053-144E2BD4CD1D}.Debug|ARM.Build.0 = Debug|Any CPU
		{1A15660A-4E45-4D71-8053-144E2BD4CD1D}.Debug|ARM64.ActiveCfg = Debug|Any CPU
		{1A15660A-4E45-4D71-8053-144E2BD4CD1D}.Debug|ARM64.Build.0 = Debug|Any CPU
		{1A15660A-4E45-4D71-8053-144E2BD4CD1D}.Debug|x64.ActiveCfg = Debug|Any CPU
		{1A15660A-4E45-4D71-8053-144E2BD4CD1D}.Debug|x64.Build.0 = Debug|Any CPU
		{1A15660A-4E45-4D71-8053-144E2BD4CD1D}.Debug|x86.ActiveCfg = Debug|Any CPU
		{1A15660A-4E45-4D71-8053-144E2BD4CD1D}.Debug|x86.Build.0 = Debug|Any CPU
		{1A15660A-4E45-4D71-8053-144E2BD4CD1D}.Release|Any CPU.ActiveCfg = Release|Any CPU
		{1A15660A-4E45-4D71-8053-144E2BD4CD1D}.Release|Any CPU.Build.0 = Release|Any CPU
		{1A15660A-4E45-4D71-8053-144E2BD4CD1D}.Release|ARM.ActiveCfg = Release|Any CPU
		{1A15660A-4E45-4D71-8053-144E2BD4CD1D}.Release|ARM.Build.0 = Release|Any CPU
		{1A15660A-4E45-4D71-8053-144E2BD4CD1D}.Release|ARM64.ActiveCfg = Release|Any CPU
		{1A15660A-4E45-4D71-8053-144E2BD4CD1D}.Release|ARM64.Build.0 = Release|Any CPU
		{1A15660A-4E45-4D71-8053-144E2BD4CD1D}.Release|x64.ActiveCfg = Release|Any CPU
		{1A15660A-4E45-4D71-8053-144E2BD4CD1D}.Release|x64.Build.0 = Release|Any CPU
		{1A15660A-4E45-4D71-8053-144E2BD4CD1D}.Release|x86.ActiveCfg = Release|Any CPU
		{1A15660A-4E45-4D71-8053-144E2BD4CD1D}.Release|x86.Build.0 = Release|Any CPU
		{AD1F57E0-055A-4838-91AD-B824BF17E481}.Debug|Any CPU.ActiveCfg = Debug|Any CPU
		{AD1F57E0-055A-4838-91AD-B824BF17E481}.Debug|Any CPU.Build.0 = Debug|Any CPU
		{AD1F57E0-055A-4838-91AD-B824BF17E481}.Debug|ARM.ActiveCfg = Debug|Any CPU
		{AD1F57E0-055A-4838-91AD-B824BF17E481}.Debug|ARM.Build.0 = Debug|Any CPU
		{AD1F57E0-055A-4838-91AD-B824BF17E481}.Debug|ARM64.ActiveCfg = Debug|Any CPU
		{AD1F57E0-055A-4838-91AD-B824BF17E481}.Debug|ARM64.Build.0 = Debug|Any CPU
		{AD1F57E0-055A-4838-91AD-B824BF17E481}.Debug|x64.ActiveCfg = Debug|Any CPU
		{AD1F57E0-055A-4838-91AD-B824BF17E481}.Debug|x64.Build.0 = Debug|Any CPU
		{AD1F57E0-055A-4838-91AD-B824BF17E481}.Debug|x86.ActiveCfg = Debug|Any CPU
		{AD1F57E0-055A-4838-91AD-B824BF17E481}.Debug|x86.Build.0 = Debug|Any CPU
		{AD1F57E0-055A-4838-91AD-B824BF17E481}.Release|Any CPU.ActiveCfg = Release|Any CPU
		{AD1F57E0-055A-4838-91AD-B824BF17E481}.Release|Any CPU.Build.0 = Release|Any CPU
		{AD1F57E0-055A-4838-91AD-B824BF17E481}.Release|ARM.ActiveCfg = Release|Any CPU
		{AD1F57E0-055A-4838-91AD-B824BF17E481}.Release|ARM.Build.0 = Release|Any CPU
		{AD1F57E0-055A-4838-91AD-B824BF17E481}.Release|ARM64.ActiveCfg = Release|Any CPU
		{AD1F57E0-055A-4838-91AD-B824BF17E481}.Release|ARM64.Build.0 = Release|Any CPU
		{AD1F57E0-055A-4838-91AD-B824BF17E481}.Release|x64.ActiveCfg = Release|Any CPU
		{AD1F57E0-055A-4838-91AD-B824BF17E481}.Release|x64.Build.0 = Release|Any CPU
		{AD1F57E0-055A-4838-91AD-B824BF17E481}.Release|x86.ActiveCfg = Release|Any CPU
		{AD1F57E0-055A-4838-91AD-B824BF17E481}.Release|x86.Build.0 = Release|Any CPU
		{1F395162-8BB8-4ABE-A4D2-704E61D3519B}.Debug|Any CPU.ActiveCfg = Debug|Any CPU
		{1F395162-8BB8-4ABE-A4D2-704E61D3519B}.Debug|Any CPU.Build.0 = Debug|Any CPU
		{1F395162-8BB8-4ABE-A4D2-704E61D3519B}.Debug|ARM.ActiveCfg = Debug|Any CPU
		{1F395162-8BB8-4ABE-A4D2-704E61D3519B}.Debug|ARM.Build.0 = Debug|Any CPU
		{1F395162-8BB8-4ABE-A4D2-704E61D3519B}.Debug|ARM64.ActiveCfg = Debug|Any CPU
		{1F395162-8BB8-4ABE-A4D2-704E61D3519B}.Debug|ARM64.Build.0 = Debug|Any CPU
		{1F395162-8BB8-4ABE-A4D2-704E61D3519B}.Debug|x64.ActiveCfg = Debug|Any CPU
		{1F395162-8BB8-4ABE-A4D2-704E61D3519B}.Debug|x64.Build.0 = Debug|Any CPU
		{1F395162-8BB8-4ABE-A4D2-704E61D3519B}.Debug|x86.ActiveCfg = Debug|Any CPU
		{1F395162-8BB8-4ABE-A4D2-704E61D3519B}.Debug|x86.Build.0 = Debug|Any CPU
		{1F395162-8BB8-4ABE-A4D2-704E61D3519B}.Release|Any CPU.ActiveCfg = Release|Any CPU
		{1F395162-8BB8-4ABE-A4D2-704E61D3519B}.Release|Any CPU.Build.0 = Release|Any CPU
		{1F395162-8BB8-4ABE-A4D2-704E61D3519B}.Release|ARM.ActiveCfg = Release|Any CPU
		{1F395162-8BB8-4ABE-A4D2-704E61D3519B}.Release|ARM.Build.0 = Release|Any CPU
		{1F395162-8BB8-4ABE-A4D2-704E61D3519B}.Release|ARM64.ActiveCfg = Release|Any CPU
		{1F395162-8BB8-4ABE-A4D2-704E61D3519B}.Release|ARM64.Build.0 = Release|Any CPU
		{1F395162-8BB8-4ABE-A4D2-704E61D3519B}.Release|x64.ActiveCfg = Release|Any CPU
		{1F395162-8BB8-4ABE-A4D2-704E61D3519B}.Release|x64.Build.0 = Release|Any CPU
		{1F395162-8BB8-4ABE-A4D2-704E61D3519B}.Release|x86.ActiveCfg = Release|Any CPU
		{1F395162-8BB8-4ABE-A4D2-704E61D3519B}.Release|x86.Build.0 = Release|Any CPU
		{F2CAA958-5A0E-4BB3-B624-B8360C5F2978}.Debug|Any CPU.ActiveCfg = Debug|Any CPU
		{F2CAA958-5A0E-4BB3-B624-B8360C5F2978}.Debug|Any CPU.Build.0 = Debug|Any CPU
		{F2CAA958-5A0E-4BB3-B624-B8360C5F2978}.Debug|ARM.ActiveCfg = Debug|Any CPU
		{F2CAA958-5A0E-4BB3-B624-B8360C5F2978}.Debug|ARM.Build.0 = Debug|Any CPU
		{F2CAA958-5A0E-4BB3-B624-B8360C5F2978}.Debug|ARM64.ActiveCfg = Debug|Any CPU
		{F2CAA958-5A0E-4BB3-B624-B8360C5F2978}.Debug|ARM64.Build.0 = Debug|Any CPU
		{F2CAA958-5A0E-4BB3-B624-B8360C5F2978}.Debug|x64.ActiveCfg = Debug|Any CPU
		{F2CAA958-5A0E-4BB3-B624-B8360C5F2978}.Debug|x64.Build.0 = Debug|Any CPU
		{F2CAA958-5A0E-4BB3-B624-B8360C5F2978}.Debug|x86.ActiveCfg = Debug|Any CPU
		{F2CAA958-5A0E-4BB3-B624-B8360C5F2978}.Debug|x86.Build.0 = Debug|Any CPU
		{F2CAA958-5A0E-4BB3-B624-B8360C5F2978}.Release|Any CPU.ActiveCfg = Release|Any CPU
		{F2CAA958-5A0E-4BB3-B624-B8360C5F2978}.Release|Any CPU.Build.0 = Release|Any CPU
		{F2CAA958-5A0E-4BB3-B624-B8360C5F2978}.Release|ARM.ActiveCfg = Release|Any CPU
		{F2CAA958-5A0E-4BB3-B624-B8360C5F2978}.Release|ARM.Build.0 = Release|Any CPU
		{F2CAA958-5A0E-4BB3-B624-B8360C5F2978}.Release|ARM64.ActiveCfg = Release|Any CPU
		{F2CAA958-5A0E-4BB3-B624-B8360C5F2978}.Release|ARM64.Build.0 = Release|Any CPU
		{F2CAA958-5A0E-4BB3-B624-B8360C5F2978}.Release|x64.ActiveCfg = Release|Any CPU
		{F2CAA958-5A0E-4BB3-B624-B8360C5F2978}.Release|x64.Build.0 = Release|Any CPU
		{F2CAA958-5A0E-4BB3-B624-B8360C5F2978}.Release|x86.ActiveCfg = Release|Any CPU
		{F2CAA958-5A0E-4BB3-B624-B8360C5F2978}.Release|x86.Build.0 = Release|Any CPU
		{4D180350-1F21-4051-A5A0-B90457B4FA2D}.Debug|Any CPU.ActiveCfg = Debug|Any CPU
		{4D180350-1F21-4051-A5A0-B90457B4FA2D}.Debug|Any CPU.Build.0 = Debug|Any CPU
		{4D180350-1F21-4051-A5A0-B90457B4FA2D}.Debug|ARM.ActiveCfg = Debug|Any CPU
		{4D180350-1F21-4051-A5A0-B90457B4FA2D}.Debug|ARM.Build.0 = Debug|Any CPU
		{4D180350-1F21-4051-A5A0-B90457B4FA2D}.Debug|ARM64.ActiveCfg = Debug|Any CPU
		{4D180350-1F21-4051-A5A0-B90457B4FA2D}.Debug|ARM64.Build.0 = Debug|Any CPU
		{4D180350-1F21-4051-A5A0-B90457B4FA2D}.Debug|x64.ActiveCfg = Debug|Any CPU
		{4D180350-1F21-4051-A5A0-B90457B4FA2D}.Debug|x64.Build.0 = Debug|Any CPU
		{4D180350-1F21-4051-A5A0-B90457B4FA2D}.Debug|x86.ActiveCfg = Debug|Any CPU
		{4D180350-1F21-4051-A5A0-B90457B4FA2D}.Debug|x86.Build.0 = Debug|Any CPU
		{4D180350-1F21-4051-A5A0-B90457B4FA2D}.Release|Any CPU.ActiveCfg = Release|Any CPU
		{4D180350-1F21-4051-A5A0-B90457B4FA2D}.Release|Any CPU.Build.0 = Release|Any CPU
		{4D180350-1F21-4051-A5A0-B90457B4FA2D}.Release|ARM.ActiveCfg = Release|Any CPU
		{4D180350-1F21-4051-A5A0-B90457B4FA2D}.Release|ARM.Build.0 = Release|Any CPU
		{4D180350-1F21-4051-A5A0-B90457B4FA2D}.Release|ARM64.ActiveCfg = Release|Any CPU
		{4D180350-1F21-4051-A5A0-B90457B4FA2D}.Release|ARM64.Build.0 = Release|Any CPU
		{4D180350-1F21-4051-A5A0-B90457B4FA2D}.Release|x64.ActiveCfg = Release|Any CPU
		{4D180350-1F21-4051-A5A0-B90457B4FA2D}.Release|x64.Build.0 = Release|Any CPU
		{4D180350-1F21-4051-A5A0-B90457B4FA2D}.Release|x86.ActiveCfg = Release|Any CPU
		{4D180350-1F21-4051-A5A0-B90457B4FA2D}.Release|x86.Build.0 = Release|Any CPU
		{DD760082-E0FA-433F-A1D0-D05F5D91FFA9}.Debug|Any CPU.ActiveCfg = Debug|Any CPU
		{DD760082-E0FA-433F-A1D0-D05F5D91FFA9}.Debug|Any CPU.Build.0 = Debug|Any CPU
		{DD760082-E0FA-433F-A1D0-D05F5D91FFA9}.Debug|ARM.ActiveCfg = Debug|Any CPU
		{DD760082-E0FA-433F-A1D0-D05F5D91FFA9}.Debug|ARM.Build.0 = Debug|Any CPU
		{DD760082-E0FA-433F-A1D0-D05F5D91FFA9}.Debug|ARM64.ActiveCfg = Debug|Any CPU
		{DD760082-E0FA-433F-A1D0-D05F5D91FFA9}.Debug|ARM64.Build.0 = Debug|Any CPU
		{DD760082-E0FA-433F-A1D0-D05F5D91FFA9}.Debug|x64.ActiveCfg = Debug|Any CPU
		{DD760082-E0FA-433F-A1D0-D05F5D91FFA9}.Debug|x64.Build.0 = Debug|Any CPU
		{DD760082-E0FA-433F-A1D0-D05F5D91FFA9}.Debug|x86.ActiveCfg = Debug|Any CPU
		{DD760082-E0FA-433F-A1D0-D05F5D91FFA9}.Debug|x86.Build.0 = Debug|Any CPU
		{DD760082-E0FA-433F-A1D0-D05F5D91FFA9}.Release|Any CPU.ActiveCfg = Release|Any CPU
		{DD760082-E0FA-433F-A1D0-D05F5D91FFA9}.Release|Any CPU.Build.0 = Release|Any CPU
		{DD760082-E0FA-433F-A1D0-D05F5D91FFA9}.Release|ARM.ActiveCfg = Release|Any CPU
		{DD760082-E0FA-433F-A1D0-D05F5D91FFA9}.Release|ARM.Build.0 = Release|Any CPU
		{DD760082-E0FA-433F-A1D0-D05F5D91FFA9}.Release|ARM64.ActiveCfg = Release|Any CPU
		{DD760082-E0FA-433F-A1D0-D05F5D91FFA9}.Release|ARM64.Build.0 = Release|Any CPU
		{DD760082-E0FA-433F-A1D0-D05F5D91FFA9}.Release|x64.ActiveCfg = Release|Any CPU
		{DD760082-E0FA-433F-A1D0-D05F5D91FFA9}.Release|x64.Build.0 = Release|Any CPU
		{DD760082-E0FA-433F-A1D0-D05F5D91FFA9}.Release|x86.ActiveCfg = Release|Any CPU
		{DD760082-E0FA-433F-A1D0-D05F5D91FFA9}.Release|x86.Build.0 = Release|Any CPU
		{24095A3B-096E-4D19-B29E-755FE08C81FD}.Debug|Any CPU.ActiveCfg = Debug|Any CPU
		{24095A3B-096E-4D19-B29E-755FE08C81FD}.Debug|Any CPU.Build.0 = Debug|Any CPU
		{24095A3B-096E-4D19-B29E-755FE08C81FD}.Debug|ARM.ActiveCfg = Debug|Any CPU
		{24095A3B-096E-4D19-B29E-755FE08C81FD}.Debug|ARM.Build.0 = Debug|Any CPU
		{24095A3B-096E-4D19-B29E-755FE08C81FD}.Debug|ARM64.ActiveCfg = Debug|Any CPU
		{24095A3B-096E-4D19-B29E-755FE08C81FD}.Debug|ARM64.Build.0 = Debug|Any CPU
		{24095A3B-096E-4D19-B29E-755FE08C81FD}.Debug|x64.ActiveCfg = Debug|Any CPU
		{24095A3B-096E-4D19-B29E-755FE08C81FD}.Debug|x64.Build.0 = Debug|Any CPU
		{24095A3B-096E-4D19-B29E-755FE08C81FD}.Debug|x86.ActiveCfg = Debug|Any CPU
		{24095A3B-096E-4D19-B29E-755FE08C81FD}.Debug|x86.Build.0 = Debug|Any CPU
		{24095A3B-096E-4D19-B29E-755FE08C81FD}.Release|Any CPU.ActiveCfg = Release|Any CPU
		{24095A3B-096E-4D19-B29E-755FE08C81FD}.Release|Any CPU.Build.0 = Release|Any CPU
		{24095A3B-096E-4D19-B29E-755FE08C81FD}.Release|ARM.ActiveCfg = Release|Any CPU
		{24095A3B-096E-4D19-B29E-755FE08C81FD}.Release|ARM.Build.0 = Release|Any CPU
		{24095A3B-096E-4D19-B29E-755FE08C81FD}.Release|ARM64.ActiveCfg = Release|Any CPU
		{24095A3B-096E-4D19-B29E-755FE08C81FD}.Release|ARM64.Build.0 = Release|Any CPU
		{24095A3B-096E-4D19-B29E-755FE08C81FD}.Release|x64.ActiveCfg = Release|Any CPU
		{24095A3B-096E-4D19-B29E-755FE08C81FD}.Release|x64.Build.0 = Release|Any CPU
		{24095A3B-096E-4D19-B29E-755FE08C81FD}.Release|x86.ActiveCfg = Release|Any CPU
		{24095A3B-096E-4D19-B29E-755FE08C81FD}.Release|x86.Build.0 = Release|Any CPU
		{74041466-C4C6-4396-8B57-D176CF5C0FD9}.Debug|Any CPU.ActiveCfg = Debug|Any CPU
		{74041466-C4C6-4396-8B57-D176CF5C0FD9}.Debug|Any CPU.Build.0 = Debug|Any CPU
		{74041466-C4C6-4396-8B57-D176CF5C0FD9}.Debug|ARM.ActiveCfg = Debug|Any CPU
		{74041466-C4C6-4396-8B57-D176CF5C0FD9}.Debug|ARM.Build.0 = Debug|Any CPU
		{74041466-C4C6-4396-8B57-D176CF5C0FD9}.Debug|ARM64.ActiveCfg = Debug|Any CPU
		{74041466-C4C6-4396-8B57-D176CF5C0FD9}.Debug|ARM64.Build.0 = Debug|Any CPU
		{74041466-C4C6-4396-8B57-D176CF5C0FD9}.Debug|x64.ActiveCfg = Debug|Any CPU
		{74041466-C4C6-4396-8B57-D176CF5C0FD9}.Debug|x64.Build.0 = Debug|Any CPU
		{74041466-C4C6-4396-8B57-D176CF5C0FD9}.Debug|x86.ActiveCfg = Debug|Any CPU
		{74041466-C4C6-4396-8B57-D176CF5C0FD9}.Debug|x86.Build.0 = Debug|Any CPU
		{74041466-C4C6-4396-8B57-D176CF5C0FD9}.Release|Any CPU.ActiveCfg = Release|Any CPU
		{74041466-C4C6-4396-8B57-D176CF5C0FD9}.Release|Any CPU.Build.0 = Release|Any CPU
		{74041466-C4C6-4396-8B57-D176CF5C0FD9}.Release|ARM.ActiveCfg = Release|Any CPU
		{74041466-C4C6-4396-8B57-D176CF5C0FD9}.Release|ARM.Build.0 = Release|Any CPU
		{74041466-C4C6-4396-8B57-D176CF5C0FD9}.Release|ARM64.ActiveCfg = Release|Any CPU
		{74041466-C4C6-4396-8B57-D176CF5C0FD9}.Release|ARM64.Build.0 = Release|Any CPU
		{74041466-C4C6-4396-8B57-D176CF5C0FD9}.Release|x64.ActiveCfg = Release|Any CPU
		{74041466-C4C6-4396-8B57-D176CF5C0FD9}.Release|x64.Build.0 = Release|Any CPU
		{74041466-C4C6-4396-8B57-D176CF5C0FD9}.Release|x86.ActiveCfg = Release|Any CPU
		{74041466-C4C6-4396-8B57-D176CF5C0FD9}.Release|x86.Build.0 = Release|Any CPU
		{E61092FC-FCD8-4EEF-8626-185EF80C1D7F}.Debug|Any CPU.ActiveCfg = Debug|Any CPU
		{E61092FC-FCD8-4EEF-8626-185EF80C1D7F}.Debug|Any CPU.Build.0 = Debug|Any CPU
		{E61092FC-FCD8-4EEF-8626-185EF80C1D7F}.Debug|ARM.ActiveCfg = Debug|Any CPU
		{E61092FC-FCD8-4EEF-8626-185EF80C1D7F}.Debug|ARM.Build.0 = Debug|Any CPU
		{E61092FC-FCD8-4EEF-8626-185EF80C1D7F}.Debug|ARM64.ActiveCfg = Debug|Any CPU
		{E61092FC-FCD8-4EEF-8626-185EF80C1D7F}.Debug|ARM64.Build.0 = Debug|Any CPU
		{E61092FC-FCD8-4EEF-8626-185EF80C1D7F}.Debug|x64.ActiveCfg = Debug|Any CPU
		{E61092FC-FCD8-4EEF-8626-185EF80C1D7F}.Debug|x64.Build.0 = Debug|Any CPU
		{E61092FC-FCD8-4EEF-8626-185EF80C1D7F}.Debug|x86.ActiveCfg = Debug|Any CPU
		{E61092FC-FCD8-4EEF-8626-185EF80C1D7F}.Debug|x86.Build.0 = Debug|Any CPU
		{E61092FC-FCD8-4EEF-8626-185EF80C1D7F}.Release|Any CPU.ActiveCfg = Release|Any CPU
		{E61092FC-FCD8-4EEF-8626-185EF80C1D7F}.Release|Any CPU.Build.0 = Release|Any CPU
		{E61092FC-FCD8-4EEF-8626-185EF80C1D7F}.Release|ARM.ActiveCfg = Release|Any CPU
		{E61092FC-FCD8-4EEF-8626-185EF80C1D7F}.Release|ARM.Build.0 = Release|Any CPU
		{E61092FC-FCD8-4EEF-8626-185EF80C1D7F}.Release|ARM64.ActiveCfg = Release|Any CPU
		{E61092FC-FCD8-4EEF-8626-185EF80C1D7F}.Release|ARM64.Build.0 = Release|Any CPU
		{E61092FC-FCD8-4EEF-8626-185EF80C1D7F}.Release|x64.ActiveCfg = Release|Any CPU
		{E61092FC-FCD8-4EEF-8626-185EF80C1D7F}.Release|x64.Build.0 = Release|Any CPU
		{E61092FC-FCD8-4EEF-8626-185EF80C1D7F}.Release|x86.ActiveCfg = Release|Any CPU
		{E61092FC-FCD8-4EEF-8626-185EF80C1D7F}.Release|x86.Build.0 = Release|Any CPU
		{33BC9402-331E-47B5-8EE8-4F15AF463D12}.Debug|Any CPU.ActiveCfg = Debug|Any CPU
		{33BC9402-331E-47B5-8EE8-4F15AF463D12}.Debug|Any CPU.Build.0 = Debug|Any CPU
		{33BC9402-331E-47B5-8EE8-4F15AF463D12}.Debug|ARM.ActiveCfg = Debug|Any CPU
		{33BC9402-331E-47B5-8EE8-4F15AF463D12}.Debug|ARM.Build.0 = Debug|Any CPU
		{33BC9402-331E-47B5-8EE8-4F15AF463D12}.Debug|ARM64.ActiveCfg = Debug|Any CPU
		{33BC9402-331E-47B5-8EE8-4F15AF463D12}.Debug|ARM64.Build.0 = Debug|Any CPU
		{33BC9402-331E-47B5-8EE8-4F15AF463D12}.Debug|x64.ActiveCfg = Debug|Any CPU
		{33BC9402-331E-47B5-8EE8-4F15AF463D12}.Debug|x64.Build.0 = Debug|Any CPU
		{33BC9402-331E-47B5-8EE8-4F15AF463D12}.Debug|x86.ActiveCfg = Debug|Any CPU
		{33BC9402-331E-47B5-8EE8-4F15AF463D12}.Debug|x86.Build.0 = Debug|Any CPU
		{33BC9402-331E-47B5-8EE8-4F15AF463D12}.Release|Any CPU.ActiveCfg = Release|Any CPU
		{33BC9402-331E-47B5-8EE8-4F15AF463D12}.Release|Any CPU.Build.0 = Release|Any CPU
		{33BC9402-331E-47B5-8EE8-4F15AF463D12}.Release|ARM.ActiveCfg = Release|Any CPU
		{33BC9402-331E-47B5-8EE8-4F15AF463D12}.Release|ARM.Build.0 = Release|Any CPU
		{33BC9402-331E-47B5-8EE8-4F15AF463D12}.Release|ARM64.ActiveCfg = Release|Any CPU
		{33BC9402-331E-47B5-8EE8-4F15AF463D12}.Release|ARM64.Build.0 = Release|Any CPU
		{33BC9402-331E-47B5-8EE8-4F15AF463D12}.Release|x64.ActiveCfg = Release|Any CPU
		{33BC9402-331E-47B5-8EE8-4F15AF463D12}.Release|x64.Build.0 = Release|Any CPU
		{33BC9402-331E-47B5-8EE8-4F15AF463D12}.Release|x86.ActiveCfg = Release|Any CPU
		{33BC9402-331E-47B5-8EE8-4F15AF463D12}.Release|x86.Build.0 = Release|Any CPU
		{102298EF-0FF2-4D7E-A140-8A2EA6EBDA60}.Debug|Any CPU.ActiveCfg = Debug|Any CPU
		{102298EF-0FF2-4D7E-A140-8A2EA6EBDA60}.Debug|Any CPU.Build.0 = Debug|Any CPU
		{102298EF-0FF2-4D7E-A140-8A2EA6EBDA60}.Debug|ARM.ActiveCfg = Debug|Any CPU
		{102298EF-0FF2-4D7E-A140-8A2EA6EBDA60}.Debug|ARM.Build.0 = Debug|Any CPU
		{102298EF-0FF2-4D7E-A140-8A2EA6EBDA60}.Debug|ARM64.ActiveCfg = Debug|Any CPU
		{102298EF-0FF2-4D7E-A140-8A2EA6EBDA60}.Debug|ARM64.Build.0 = Debug|Any CPU
		{102298EF-0FF2-4D7E-A140-8A2EA6EBDA60}.Debug|x64.ActiveCfg = Debug|Any CPU
		{102298EF-0FF2-4D7E-A140-8A2EA6EBDA60}.Debug|x64.Build.0 = Debug|Any CPU
		{102298EF-0FF2-4D7E-A140-8A2EA6EBDA60}.Debug|x86.ActiveCfg = Debug|Any CPU
		{102298EF-0FF2-4D7E-A140-8A2EA6EBDA60}.Debug|x86.Build.0 = Debug|Any CPU
		{102298EF-0FF2-4D7E-A140-8A2EA6EBDA60}.Release|Any CPU.ActiveCfg = Release|Any CPU
		{102298EF-0FF2-4D7E-A140-8A2EA6EBDA60}.Release|Any CPU.Build.0 = Release|Any CPU
		{102298EF-0FF2-4D7E-A140-8A2EA6EBDA60}.Release|ARM.ActiveCfg = Release|Any CPU
		{102298EF-0FF2-4D7E-A140-8A2EA6EBDA60}.Release|ARM.Build.0 = Release|Any CPU
		{102298EF-0FF2-4D7E-A140-8A2EA6EBDA60}.Release|ARM64.ActiveCfg = Release|Any CPU
		{102298EF-0FF2-4D7E-A140-8A2EA6EBDA60}.Release|ARM64.Build.0 = Release|Any CPU
		{102298EF-0FF2-4D7E-A140-8A2EA6EBDA60}.Release|x64.ActiveCfg = Release|Any CPU
		{102298EF-0FF2-4D7E-A140-8A2EA6EBDA60}.Release|x64.Build.0 = Release|Any CPU
		{102298EF-0FF2-4D7E-A140-8A2EA6EBDA60}.Release|x86.ActiveCfg = Release|Any CPU
		{102298EF-0FF2-4D7E-A140-8A2EA6EBDA60}.Release|x86.Build.0 = Release|Any CPU
		{62E90DFE-FF71-4558-A33E-361BFE60BF9D}.Debug|Any CPU.ActiveCfg = Debug|Any CPU
		{62E90DFE-FF71-4558-A33E-361BFE60BF9D}.Debug|Any CPU.Build.0 = Debug|Any CPU
		{62E90DFE-FF71-4558-A33E-361BFE60BF9D}.Debug|ARM.ActiveCfg = Debug|Any CPU
		{62E90DFE-FF71-4558-A33E-361BFE60BF9D}.Debug|ARM.Build.0 = Debug|Any CPU
		{62E90DFE-FF71-4558-A33E-361BFE60BF9D}.Debug|ARM64.ActiveCfg = Debug|Any CPU
		{62E90DFE-FF71-4558-A33E-361BFE60BF9D}.Debug|ARM64.Build.0 = Debug|Any CPU
		{62E90DFE-FF71-4558-A33E-361BFE60BF9D}.Debug|x64.ActiveCfg = Debug|Any CPU
		{62E90DFE-FF71-4558-A33E-361BFE60BF9D}.Debug|x64.Build.0 = Debug|Any CPU
		{62E90DFE-FF71-4558-A33E-361BFE60BF9D}.Debug|x86.ActiveCfg = Debug|Any CPU
		{62E90DFE-FF71-4558-A33E-361BFE60BF9D}.Debug|x86.Build.0 = Debug|Any CPU
		{62E90DFE-FF71-4558-A33E-361BFE60BF9D}.Release|Any CPU.ActiveCfg = Release|Any CPU
		{62E90DFE-FF71-4558-A33E-361BFE60BF9D}.Release|Any CPU.Build.0 = Release|Any CPU
		{62E90DFE-FF71-4558-A33E-361BFE60BF9D}.Release|ARM.ActiveCfg = Release|Any CPU
		{62E90DFE-FF71-4558-A33E-361BFE60BF9D}.Release|ARM.Build.0 = Release|Any CPU
		{62E90DFE-FF71-4558-A33E-361BFE60BF9D}.Release|ARM64.ActiveCfg = Release|Any CPU
		{62E90DFE-FF71-4558-A33E-361BFE60BF9D}.Release|ARM64.Build.0 = Release|Any CPU
		{62E90DFE-FF71-4558-A33E-361BFE60BF9D}.Release|x64.ActiveCfg = Release|Any CPU
		{62E90DFE-FF71-4558-A33E-361BFE60BF9D}.Release|x64.Build.0 = Release|Any CPU
		{62E90DFE-FF71-4558-A33E-361BFE60BF9D}.Release|x86.ActiveCfg = Release|Any CPU
		{62E90DFE-FF71-4558-A33E-361BFE60BF9D}.Release|x86.Build.0 = Release|Any CPU
		{B6AD17E0-892C-460E-97F3-58A0EFFC3C33}.Debug|Any CPU.ActiveCfg = Debug|Any CPU
		{B6AD17E0-892C-460E-97F3-58A0EFFC3C33}.Debug|Any CPU.Build.0 = Debug|Any CPU
		{B6AD17E0-892C-460E-97F3-58A0EFFC3C33}.Debug|ARM.ActiveCfg = Debug|Any CPU
		{B6AD17E0-892C-460E-97F3-58A0EFFC3C33}.Debug|ARM.Build.0 = Debug|Any CPU
		{B6AD17E0-892C-460E-97F3-58A0EFFC3C33}.Debug|ARM64.ActiveCfg = Debug|Any CPU
		{B6AD17E0-892C-460E-97F3-58A0EFFC3C33}.Debug|ARM64.Build.0 = Debug|Any CPU
		{B6AD17E0-892C-460E-97F3-58A0EFFC3C33}.Debug|x64.ActiveCfg = Debug|Any CPU
		{B6AD17E0-892C-460E-97F3-58A0EFFC3C33}.Debug|x64.Build.0 = Debug|Any CPU
		{B6AD17E0-892C-460E-97F3-58A0EFFC3C33}.Debug|x86.ActiveCfg = Debug|Any CPU
		{B6AD17E0-892C-460E-97F3-58A0EFFC3C33}.Debug|x86.Build.0 = Debug|Any CPU
		{B6AD17E0-892C-460E-97F3-58A0EFFC3C33}.Release|Any CPU.ActiveCfg = Release|Any CPU
		{B6AD17E0-892C-460E-97F3-58A0EFFC3C33}.Release|Any CPU.Build.0 = Release|Any CPU
		{B6AD17E0-892C-460E-97F3-58A0EFFC3C33}.Release|ARM.ActiveCfg = Release|Any CPU
		{B6AD17E0-892C-460E-97F3-58A0EFFC3C33}.Release|ARM.Build.0 = Release|Any CPU
		{B6AD17E0-892C-460E-97F3-58A0EFFC3C33}.Release|ARM64.ActiveCfg = Release|Any CPU
		{B6AD17E0-892C-460E-97F3-58A0EFFC3C33}.Release|ARM64.Build.0 = Release|Any CPU
		{B6AD17E0-892C-460E-97F3-58A0EFFC3C33}.Release|x64.ActiveCfg = Release|Any CPU
		{B6AD17E0-892C-460E-97F3-58A0EFFC3C33}.Release|x64.Build.0 = Release|Any CPU
		{B6AD17E0-892C-460E-97F3-58A0EFFC3C33}.Release|x86.ActiveCfg = Release|Any CPU
		{B6AD17E0-892C-460E-97F3-58A0EFFC3C33}.Release|x86.Build.0 = Release|Any CPU
		{C47A9F47-9FCB-4F8D-98C4-C3BAAA6AE200}.Debug|Any CPU.ActiveCfg = Debug|Any CPU
		{C47A9F47-9FCB-4F8D-98C4-C3BAAA6AE200}.Debug|Any CPU.Build.0 = Debug|Any CPU
		{C47A9F47-9FCB-4F8D-98C4-C3BAAA6AE200}.Debug|ARM.ActiveCfg = Debug|Any CPU
		{C47A9F47-9FCB-4F8D-98C4-C3BAAA6AE200}.Debug|ARM.Build.0 = Debug|Any CPU
		{C47A9F47-9FCB-4F8D-98C4-C3BAAA6AE200}.Debug|ARM64.ActiveCfg = Debug|Any CPU
		{C47A9F47-9FCB-4F8D-98C4-C3BAAA6AE200}.Debug|ARM64.Build.0 = Debug|Any CPU
		{C47A9F47-9FCB-4F8D-98C4-C3BAAA6AE200}.Debug|x64.ActiveCfg = Debug|Any CPU
		{C47A9F47-9FCB-4F8D-98C4-C3BAAA6AE200}.Debug|x64.Build.0 = Debug|Any CPU
		{C47A9F47-9FCB-4F8D-98C4-C3BAAA6AE200}.Debug|x86.ActiveCfg = Debug|Any CPU
		{C47A9F47-9FCB-4F8D-98C4-C3BAAA6AE200}.Debug|x86.Build.0 = Debug|Any CPU
		{C47A9F47-9FCB-4F8D-98C4-C3BAAA6AE200}.Release|Any CPU.ActiveCfg = Release|Any CPU
		{C47A9F47-9FCB-4F8D-98C4-C3BAAA6AE200}.Release|Any CPU.Build.0 = Release|Any CPU
		{C47A9F47-9FCB-4F8D-98C4-C3BAAA6AE200}.Release|ARM.ActiveCfg = Release|Any CPU
		{C47A9F47-9FCB-4F8D-98C4-C3BAAA6AE200}.Release|ARM.Build.0 = Release|Any CPU
		{C47A9F47-9FCB-4F8D-98C4-C3BAAA6AE200}.Release|ARM64.ActiveCfg = Release|Any CPU
		{C47A9F47-9FCB-4F8D-98C4-C3BAAA6AE200}.Release|ARM64.Build.0 = Release|Any CPU
		{C47A9F47-9FCB-4F8D-98C4-C3BAAA6AE200}.Release|x64.ActiveCfg = Release|Any CPU
		{C47A9F47-9FCB-4F8D-98C4-C3BAAA6AE200}.Release|x64.Build.0 = Release|Any CPU
		{C47A9F47-9FCB-4F8D-98C4-C3BAAA6AE200}.Release|x86.ActiveCfg = Release|Any CPU
		{C47A9F47-9FCB-4F8D-98C4-C3BAAA6AE200}.Release|x86.Build.0 = Release|Any CPU
		{CBFD4CAA-D4B6-4E9E-A043-3A1FC6AD30D7}.Debug|Any CPU.ActiveCfg = Debug|Any CPU
		{CBFD4CAA-D4B6-4E9E-A043-3A1FC6AD30D7}.Debug|Any CPU.Build.0 = Debug|Any CPU
		{CBFD4CAA-D4B6-4E9E-A043-3A1FC6AD30D7}.Debug|ARM.ActiveCfg = Debug|Any CPU
		{CBFD4CAA-D4B6-4E9E-A043-3A1FC6AD30D7}.Debug|ARM.Build.0 = Debug|Any CPU
		{CBFD4CAA-D4B6-4E9E-A043-3A1FC6AD30D7}.Debug|ARM64.ActiveCfg = Debug|Any CPU
		{CBFD4CAA-D4B6-4E9E-A043-3A1FC6AD30D7}.Debug|ARM64.Build.0 = Debug|Any CPU
		{CBFD4CAA-D4B6-4E9E-A043-3A1FC6AD30D7}.Debug|x64.ActiveCfg = Debug|Any CPU
		{CBFD4CAA-D4B6-4E9E-A043-3A1FC6AD30D7}.Debug|x64.Build.0 = Debug|Any CPU
		{CBFD4CAA-D4B6-4E9E-A043-3A1FC6AD30D7}.Debug|x86.ActiveCfg = Debug|Any CPU
		{CBFD4CAA-D4B6-4E9E-A043-3A1FC6AD30D7}.Debug|x86.Build.0 = Debug|Any CPU
		{CBFD4CAA-D4B6-4E9E-A043-3A1FC6AD30D7}.Release|Any CPU.ActiveCfg = Release|Any CPU
		{CBFD4CAA-D4B6-4E9E-A043-3A1FC6AD30D7}.Release|Any CPU.Build.0 = Release|Any CPU
		{CBFD4CAA-D4B6-4E9E-A043-3A1FC6AD30D7}.Release|ARM.ActiveCfg = Release|Any CPU
		{CBFD4CAA-D4B6-4E9E-A043-3A1FC6AD30D7}.Release|ARM.Build.0 = Release|Any CPU
		{CBFD4CAA-D4B6-4E9E-A043-3A1FC6AD30D7}.Release|ARM64.ActiveCfg = Release|Any CPU
		{CBFD4CAA-D4B6-4E9E-A043-3A1FC6AD30D7}.Release|ARM64.Build.0 = Release|Any CPU
		{CBFD4CAA-D4B6-4E9E-A043-3A1FC6AD30D7}.Release|x64.ActiveCfg = Release|Any CPU
		{CBFD4CAA-D4B6-4E9E-A043-3A1FC6AD30D7}.Release|x64.Build.0 = Release|Any CPU
		{CBFD4CAA-D4B6-4E9E-A043-3A1FC6AD30D7}.Release|x86.ActiveCfg = Release|Any CPU
		{CBFD4CAA-D4B6-4E9E-A043-3A1FC6AD30D7}.Release|x86.Build.0 = Release|Any CPU
		{7602E95D-6E12-42CD-B511-5AC0345F821A}.Debug|Any CPU.ActiveCfg = Debug|Any CPU
		{7602E95D-6E12-42CD-B511-5AC0345F821A}.Debug|Any CPU.Build.0 = Debug|Any CPU
		{7602E95D-6E12-42CD-B511-5AC0345F821A}.Debug|ARM.ActiveCfg = Debug|Any CPU
		{7602E95D-6E12-42CD-B511-5AC0345F821A}.Debug|ARM.Build.0 = Debug|Any CPU
		{7602E95D-6E12-42CD-B511-5AC0345F821A}.Debug|ARM64.ActiveCfg = Debug|Any CPU
		{7602E95D-6E12-42CD-B511-5AC0345F821A}.Debug|ARM64.Build.0 = Debug|Any CPU
		{7602E95D-6E12-42CD-B511-5AC0345F821A}.Debug|x64.ActiveCfg = Debug|Any CPU
		{7602E95D-6E12-42CD-B511-5AC0345F821A}.Debug|x64.Build.0 = Debug|Any CPU
		{7602E95D-6E12-42CD-B511-5AC0345F821A}.Debug|x86.ActiveCfg = Debug|Any CPU
		{7602E95D-6E12-42CD-B511-5AC0345F821A}.Debug|x86.Build.0 = Debug|Any CPU
		{7602E95D-6E12-42CD-B511-5AC0345F821A}.Release|Any CPU.ActiveCfg = Release|Any CPU
		{7602E95D-6E12-42CD-B511-5AC0345F821A}.Release|Any CPU.Build.0 = Release|Any CPU
		{7602E95D-6E12-42CD-B511-5AC0345F821A}.Release|ARM.ActiveCfg = Release|Any CPU
		{7602E95D-6E12-42CD-B511-5AC0345F821A}.Release|ARM.Build.0 = Release|Any CPU
		{7602E95D-6E12-42CD-B511-5AC0345F821A}.Release|ARM64.ActiveCfg = Release|Any CPU
		{7602E95D-6E12-42CD-B511-5AC0345F821A}.Release|ARM64.Build.0 = Release|Any CPU
		{7602E95D-6E12-42CD-B511-5AC0345F821A}.Release|x64.ActiveCfg = Release|Any CPU
		{7602E95D-6E12-42CD-B511-5AC0345F821A}.Release|x64.Build.0 = Release|Any CPU
		{7602E95D-6E12-42CD-B511-5AC0345F821A}.Release|x86.ActiveCfg = Release|Any CPU
		{7602E95D-6E12-42CD-B511-5AC0345F821A}.Release|x86.Build.0 = Release|Any CPU
		{6377A578-880C-4B47-9A5C-C4DB0850E6B4}.Debug|Any CPU.ActiveCfg = Debug|Any CPU
		{6377A578-880C-4B47-9A5C-C4DB0850E6B4}.Debug|Any CPU.Build.0 = Debug|Any CPU
		{6377A578-880C-4B47-9A5C-C4DB0850E6B4}.Debug|ARM.ActiveCfg = Debug|Any CPU
		{6377A578-880C-4B47-9A5C-C4DB0850E6B4}.Debug|ARM.Build.0 = Debug|Any CPU
		{6377A578-880C-4B47-9A5C-C4DB0850E6B4}.Debug|ARM64.ActiveCfg = Debug|Any CPU
		{6377A578-880C-4B47-9A5C-C4DB0850E6B4}.Debug|ARM64.Build.0 = Debug|Any CPU
		{6377A578-880C-4B47-9A5C-C4DB0850E6B4}.Debug|x64.ActiveCfg = Debug|Any CPU
		{6377A578-880C-4B47-9A5C-C4DB0850E6B4}.Debug|x64.Build.0 = Debug|Any CPU
		{6377A578-880C-4B47-9A5C-C4DB0850E6B4}.Debug|x86.ActiveCfg = Debug|Any CPU
		{6377A578-880C-4B47-9A5C-C4DB0850E6B4}.Debug|x86.Build.0 = Debug|Any CPU
		{6377A578-880C-4B47-9A5C-C4DB0850E6B4}.Release|Any CPU.ActiveCfg = Release|Any CPU
		{6377A578-880C-4B47-9A5C-C4DB0850E6B4}.Release|Any CPU.Build.0 = Release|Any CPU
		{6377A578-880C-4B47-9A5C-C4DB0850E6B4}.Release|ARM.ActiveCfg = Release|Any CPU
		{6377A578-880C-4B47-9A5C-C4DB0850E6B4}.Release|ARM.Build.0 = Release|Any CPU
		{6377A578-880C-4B47-9A5C-C4DB0850E6B4}.Release|ARM64.ActiveCfg = Release|Any CPU
		{6377A578-880C-4B47-9A5C-C4DB0850E6B4}.Release|ARM64.Build.0 = Release|Any CPU
		{6377A578-880C-4B47-9A5C-C4DB0850E6B4}.Release|x64.ActiveCfg = Release|Any CPU
		{6377A578-880C-4B47-9A5C-C4DB0850E6B4}.Release|x64.Build.0 = Release|Any CPU
		{6377A578-880C-4B47-9A5C-C4DB0850E6B4}.Release|x86.ActiveCfg = Release|Any CPU
		{6377A578-880C-4B47-9A5C-C4DB0850E6B4}.Release|x86.Build.0 = Release|Any CPU
		{0A28D44B-5DC4-4086-AC7A-936095C7BE5E}.Debug|Any CPU.ActiveCfg = Debug|Any CPU
		{0A28D44B-5DC4-4086-AC7A-936095C7BE5E}.Debug|Any CPU.Build.0 = Debug|Any CPU
		{0A28D44B-5DC4-4086-AC7A-936095C7BE5E}.Debug|ARM.ActiveCfg = Debug|Any CPU
		{0A28D44B-5DC4-4086-AC7A-936095C7BE5E}.Debug|ARM.Build.0 = Debug|Any CPU
		{0A28D44B-5DC4-4086-AC7A-936095C7BE5E}.Debug|ARM64.ActiveCfg = Debug|Any CPU
		{0A28D44B-5DC4-4086-AC7A-936095C7BE5E}.Debug|ARM64.Build.0 = Debug|Any CPU
		{0A28D44B-5DC4-4086-AC7A-936095C7BE5E}.Debug|x64.ActiveCfg = Debug|Any CPU
		{0A28D44B-5DC4-4086-AC7A-936095C7BE5E}.Debug|x64.Build.0 = Debug|Any CPU
		{0A28D44B-5DC4-4086-AC7A-936095C7BE5E}.Debug|x86.ActiveCfg = Debug|Any CPU
		{0A28D44B-5DC4-4086-AC7A-936095C7BE5E}.Debug|x86.Build.0 = Debug|Any CPU
		{0A28D44B-5DC4-4086-AC7A-936095C7BE5E}.Release|Any CPU.ActiveCfg = Release|Any CPU
		{0A28D44B-5DC4-4086-AC7A-936095C7BE5E}.Release|Any CPU.Build.0 = Release|Any CPU
		{0A28D44B-5DC4-4086-AC7A-936095C7BE5E}.Release|ARM.ActiveCfg = Release|Any CPU
		{0A28D44B-5DC4-4086-AC7A-936095C7BE5E}.Release|ARM.Build.0 = Release|Any CPU
		{0A28D44B-5DC4-4086-AC7A-936095C7BE5E}.Release|ARM64.ActiveCfg = Release|Any CPU
		{0A28D44B-5DC4-4086-AC7A-936095C7BE5E}.Release|ARM64.Build.0 = Release|Any CPU
		{0A28D44B-5DC4-4086-AC7A-936095C7BE5E}.Release|x64.ActiveCfg = Release|Any CPU
		{0A28D44B-5DC4-4086-AC7A-936095C7BE5E}.Release|x64.Build.0 = Release|Any CPU
		{0A28D44B-5DC4-4086-AC7A-936095C7BE5E}.Release|x86.ActiveCfg = Release|Any CPU
		{0A28D44B-5DC4-4086-AC7A-936095C7BE5E}.Release|x86.Build.0 = Release|Any CPU
		{CF1E3D0B-15F1-4F3F-B72C-45E352CBECE4}.Debug|Any CPU.ActiveCfg = Debug|Any CPU
		{CF1E3D0B-15F1-4F3F-B72C-45E352CBECE4}.Debug|Any CPU.Build.0 = Debug|Any CPU
		{CF1E3D0B-15F1-4F3F-B72C-45E352CBECE4}.Debug|ARM.ActiveCfg = Debug|Any CPU
		{CF1E3D0B-15F1-4F3F-B72C-45E352CBECE4}.Debug|ARM.Build.0 = Debug|Any CPU
		{CF1E3D0B-15F1-4F3F-B72C-45E352CBECE4}.Debug|ARM64.ActiveCfg = Debug|Any CPU
		{CF1E3D0B-15F1-4F3F-B72C-45E352CBECE4}.Debug|ARM64.Build.0 = Debug|Any CPU
		{CF1E3D0B-15F1-4F3F-B72C-45E352CBECE4}.Debug|x64.ActiveCfg = Debug|Any CPU
		{CF1E3D0B-15F1-4F3F-B72C-45E352CBECE4}.Debug|x64.Build.0 = Debug|Any CPU
		{CF1E3D0B-15F1-4F3F-B72C-45E352CBECE4}.Debug|x86.ActiveCfg = Debug|Any CPU
		{CF1E3D0B-15F1-4F3F-B72C-45E352CBECE4}.Debug|x86.Build.0 = Debug|Any CPU
		{CF1E3D0B-15F1-4F3F-B72C-45E352CBECE4}.Release|Any CPU.ActiveCfg = Release|Any CPU
		{CF1E3D0B-15F1-4F3F-B72C-45E352CBECE4}.Release|Any CPU.Build.0 = Release|Any CPU
		{CF1E3D0B-15F1-4F3F-B72C-45E352CBECE4}.Release|ARM.ActiveCfg = Release|Any CPU
		{CF1E3D0B-15F1-4F3F-B72C-45E352CBECE4}.Release|ARM.Build.0 = Release|Any CPU
		{CF1E3D0B-15F1-4F3F-B72C-45E352CBECE4}.Release|ARM64.ActiveCfg = Release|Any CPU
		{CF1E3D0B-15F1-4F3F-B72C-45E352CBECE4}.Release|ARM64.Build.0 = Release|Any CPU
		{CF1E3D0B-15F1-4F3F-B72C-45E352CBECE4}.Release|x64.ActiveCfg = Release|Any CPU
		{CF1E3D0B-15F1-4F3F-B72C-45E352CBECE4}.Release|x64.Build.0 = Release|Any CPU
		{CF1E3D0B-15F1-4F3F-B72C-45E352CBECE4}.Release|x86.ActiveCfg = Release|Any CPU
		{CF1E3D0B-15F1-4F3F-B72C-45E352CBECE4}.Release|x86.Build.0 = Release|Any CPU
		{89E2692D-B242-4BBB-B825-DFFDB4E75076}.Debug|Any CPU.ActiveCfg = Debug|Any CPU
		{89E2692D-B242-4BBB-B825-DFFDB4E75076}.Debug|Any CPU.Build.0 = Debug|Any CPU
		{89E2692D-B242-4BBB-B825-DFFDB4E75076}.Debug|ARM.ActiveCfg = Debug|Any CPU
		{89E2692D-B242-4BBB-B825-DFFDB4E75076}.Debug|ARM.Build.0 = Debug|Any CPU
		{89E2692D-B242-4BBB-B825-DFFDB4E75076}.Debug|ARM64.ActiveCfg = Debug|Any CPU
		{89E2692D-B242-4BBB-B825-DFFDB4E75076}.Debug|ARM64.Build.0 = Debug|Any CPU
		{89E2692D-B242-4BBB-B825-DFFDB4E75076}.Debug|x64.ActiveCfg = Debug|Any CPU
		{89E2692D-B242-4BBB-B825-DFFDB4E75076}.Debug|x64.Build.0 = Debug|Any CPU
		{89E2692D-B242-4BBB-B825-DFFDB4E75076}.Debug|x86.ActiveCfg = Debug|Any CPU
		{89E2692D-B242-4BBB-B825-DFFDB4E75076}.Debug|x86.Build.0 = Debug|Any CPU
		{89E2692D-B242-4BBB-B825-DFFDB4E75076}.Release|Any CPU.ActiveCfg = Release|Any CPU
		{89E2692D-B242-4BBB-B825-DFFDB4E75076}.Release|Any CPU.Build.0 = Release|Any CPU
		{89E2692D-B242-4BBB-B825-DFFDB4E75076}.Release|ARM.ActiveCfg = Release|Any CPU
		{89E2692D-B242-4BBB-B825-DFFDB4E75076}.Release|ARM.Build.0 = Release|Any CPU
		{89E2692D-B242-4BBB-B825-DFFDB4E75076}.Release|ARM64.ActiveCfg = Release|Any CPU
		{89E2692D-B242-4BBB-B825-DFFDB4E75076}.Release|ARM64.Build.0 = Release|Any CPU
		{89E2692D-B242-4BBB-B825-DFFDB4E75076}.Release|x64.ActiveCfg = Release|Any CPU
		{89E2692D-B242-4BBB-B825-DFFDB4E75076}.Release|x64.Build.0 = Release|Any CPU
		{89E2692D-B242-4BBB-B825-DFFDB4E75076}.Release|x86.ActiveCfg = Release|Any CPU
		{89E2692D-B242-4BBB-B825-DFFDB4E75076}.Release|x86.Build.0 = Release|Any CPU
		{6760EB09-F75D-44DE-BEB3-5C3DF1D57DCE}.Debug|Any CPU.ActiveCfg = Debug|Any CPU
		{6760EB09-F75D-44DE-BEB3-5C3DF1D57DCE}.Debug|Any CPU.Build.0 = Debug|Any CPU
		{6760EB09-F75D-44DE-BEB3-5C3DF1D57DCE}.Debug|ARM.ActiveCfg = Debug|Any CPU
		{6760EB09-F75D-44DE-BEB3-5C3DF1D57DCE}.Debug|ARM.Build.0 = Debug|Any CPU
		{6760EB09-F75D-44DE-BEB3-5C3DF1D57DCE}.Debug|ARM64.ActiveCfg = Debug|Any CPU
		{6760EB09-F75D-44DE-BEB3-5C3DF1D57DCE}.Debug|ARM64.Build.0 = Debug|Any CPU
		{6760EB09-F75D-44DE-BEB3-5C3DF1D57DCE}.Debug|x64.ActiveCfg = Debug|Any CPU
		{6760EB09-F75D-44DE-BEB3-5C3DF1D57DCE}.Debug|x64.Build.0 = Debug|Any CPU
		{6760EB09-F75D-44DE-BEB3-5C3DF1D57DCE}.Debug|x86.ActiveCfg = Debug|Any CPU
		{6760EB09-F75D-44DE-BEB3-5C3DF1D57DCE}.Debug|x86.Build.0 = Debug|Any CPU
		{6760EB09-F75D-44DE-BEB3-5C3DF1D57DCE}.Release|Any CPU.ActiveCfg = Release|Any CPU
		{6760EB09-F75D-44DE-BEB3-5C3DF1D57DCE}.Release|Any CPU.Build.0 = Release|Any CPU
		{6760EB09-F75D-44DE-BEB3-5C3DF1D57DCE}.Release|ARM.ActiveCfg = Release|Any CPU
		{6760EB09-F75D-44DE-BEB3-5C3DF1D57DCE}.Release|ARM.Build.0 = Release|Any CPU
		{6760EB09-F75D-44DE-BEB3-5C3DF1D57DCE}.Release|ARM64.ActiveCfg = Release|Any CPU
		{6760EB09-F75D-44DE-BEB3-5C3DF1D57DCE}.Release|ARM64.Build.0 = Release|Any CPU
		{6760EB09-F75D-44DE-BEB3-5C3DF1D57DCE}.Release|x64.ActiveCfg = Release|Any CPU
		{6760EB09-F75D-44DE-BEB3-5C3DF1D57DCE}.Release|x64.Build.0 = Release|Any CPU
		{6760EB09-F75D-44DE-BEB3-5C3DF1D57DCE}.Release|x86.ActiveCfg = Release|Any CPU
		{6760EB09-F75D-44DE-BEB3-5C3DF1D57DCE}.Release|x86.Build.0 = Release|Any CPU
		{CB11B8A4-7ADB-4EB3-A729-27E3C9A09696}.Debug|Any CPU.ActiveCfg = Debug|Any CPU
		{CB11B8A4-7ADB-4EB3-A729-27E3C9A09696}.Debug|Any CPU.Build.0 = Debug|Any CPU
		{CB11B8A4-7ADB-4EB3-A729-27E3C9A09696}.Debug|ARM.ActiveCfg = Debug|Any CPU
		{CB11B8A4-7ADB-4EB3-A729-27E3C9A09696}.Debug|ARM.Build.0 = Debug|Any CPU
		{CB11B8A4-7ADB-4EB3-A729-27E3C9A09696}.Debug|ARM64.ActiveCfg = Debug|Any CPU
		{CB11B8A4-7ADB-4EB3-A729-27E3C9A09696}.Debug|ARM64.Build.0 = Debug|Any CPU
		{CB11B8A4-7ADB-4EB3-A729-27E3C9A09696}.Debug|x64.ActiveCfg = Debug|Any CPU
		{CB11B8A4-7ADB-4EB3-A729-27E3C9A09696}.Debug|x64.Build.0 = Debug|Any CPU
		{CB11B8A4-7ADB-4EB3-A729-27E3C9A09696}.Debug|x86.ActiveCfg = Debug|Any CPU
		{CB11B8A4-7ADB-4EB3-A729-27E3C9A09696}.Debug|x86.Build.0 = Debug|Any CPU
		{CB11B8A4-7ADB-4EB3-A729-27E3C9A09696}.Release|Any CPU.ActiveCfg = Release|Any CPU
		{CB11B8A4-7ADB-4EB3-A729-27E3C9A09696}.Release|Any CPU.Build.0 = Release|Any CPU
		{CB11B8A4-7ADB-4EB3-A729-27E3C9A09696}.Release|ARM.ActiveCfg = Release|Any CPU
		{CB11B8A4-7ADB-4EB3-A729-27E3C9A09696}.Release|ARM.Build.0 = Release|Any CPU
		{CB11B8A4-7ADB-4EB3-A729-27E3C9A09696}.Release|ARM64.ActiveCfg = Release|Any CPU
		{CB11B8A4-7ADB-4EB3-A729-27E3C9A09696}.Release|ARM64.Build.0 = Release|Any CPU
		{CB11B8A4-7ADB-4EB3-A729-27E3C9A09696}.Release|x64.ActiveCfg = Release|Any CPU
		{CB11B8A4-7ADB-4EB3-A729-27E3C9A09696}.Release|x64.Build.0 = Release|Any CPU
		{CB11B8A4-7ADB-4EB3-A729-27E3C9A09696}.Release|x86.ActiveCfg = Release|Any CPU
		{CB11B8A4-7ADB-4EB3-A729-27E3C9A09696}.Release|x86.Build.0 = Release|Any CPU
		{3C734CBA-6111-4852-A529-CEC19B97C57D}.Debug|Any CPU.ActiveCfg = Debug|Any CPU
		{3C734CBA-6111-4852-A529-CEC19B97C57D}.Debug|Any CPU.Build.0 = Debug|Any CPU
		{3C734CBA-6111-4852-A529-CEC19B97C57D}.Debug|ARM.ActiveCfg = Debug|Any CPU
		{3C734CBA-6111-4852-A529-CEC19B97C57D}.Debug|ARM.Build.0 = Debug|Any CPU
		{3C734CBA-6111-4852-A529-CEC19B97C57D}.Debug|ARM64.ActiveCfg = Debug|Any CPU
		{3C734CBA-6111-4852-A529-CEC19B97C57D}.Debug|ARM64.Build.0 = Debug|Any CPU
		{3C734CBA-6111-4852-A529-CEC19B97C57D}.Debug|x64.ActiveCfg = Debug|Any CPU
		{3C734CBA-6111-4852-A529-CEC19B97C57D}.Debug|x64.Build.0 = Debug|Any CPU
		{3C734CBA-6111-4852-A529-CEC19B97C57D}.Debug|x86.ActiveCfg = Debug|Any CPU
		{3C734CBA-6111-4852-A529-CEC19B97C57D}.Debug|x86.Build.0 = Debug|Any CPU
		{3C734CBA-6111-4852-A529-CEC19B97C57D}.Release|Any CPU.ActiveCfg = Release|Any CPU
		{3C734CBA-6111-4852-A529-CEC19B97C57D}.Release|Any CPU.Build.0 = Release|Any CPU
		{3C734CBA-6111-4852-A529-CEC19B97C57D}.Release|ARM.ActiveCfg = Release|Any CPU
		{3C734CBA-6111-4852-A529-CEC19B97C57D}.Release|ARM.Build.0 = Release|Any CPU
		{3C734CBA-6111-4852-A529-CEC19B97C57D}.Release|ARM64.ActiveCfg = Release|Any CPU
		{3C734CBA-6111-4852-A529-CEC19B97C57D}.Release|ARM64.Build.0 = Release|Any CPU
		{3C734CBA-6111-4852-A529-CEC19B97C57D}.Release|x64.ActiveCfg = Release|Any CPU
		{3C734CBA-6111-4852-A529-CEC19B97C57D}.Release|x64.Build.0 = Release|Any CPU
		{3C734CBA-6111-4852-A529-CEC19B97C57D}.Release|x86.ActiveCfg = Release|Any CPU
		{3C734CBA-6111-4852-A529-CEC19B97C57D}.Release|x86.Build.0 = Release|Any CPU
		{DDC4747A-54AD-4DF9-BD98-D4377C693247}.Debug|Any CPU.ActiveCfg = Debug|Any CPU
		{DDC4747A-54AD-4DF9-BD98-D4377C693247}.Debug|Any CPU.Build.0 = Debug|Any CPU
		{DDC4747A-54AD-4DF9-BD98-D4377C693247}.Debug|ARM.ActiveCfg = Debug|Any CPU
		{DDC4747A-54AD-4DF9-BD98-D4377C693247}.Debug|ARM.Build.0 = Debug|Any CPU
		{DDC4747A-54AD-4DF9-BD98-D4377C693247}.Debug|ARM64.ActiveCfg = Debug|Any CPU
		{DDC4747A-54AD-4DF9-BD98-D4377C693247}.Debug|ARM64.Build.0 = Debug|Any CPU
		{DDC4747A-54AD-4DF9-BD98-D4377C693247}.Debug|x64.ActiveCfg = Debug|Any CPU
		{DDC4747A-54AD-4DF9-BD98-D4377C693247}.Debug|x64.Build.0 = Debug|Any CPU
		{DDC4747A-54AD-4DF9-BD98-D4377C693247}.Debug|x86.ActiveCfg = Debug|Any CPU
		{DDC4747A-54AD-4DF9-BD98-D4377C693247}.Debug|x86.Build.0 = Debug|Any CPU
		{DDC4747A-54AD-4DF9-BD98-D4377C693247}.Release|Any CPU.ActiveCfg = Release|Any CPU
		{DDC4747A-54AD-4DF9-BD98-D4377C693247}.Release|Any CPU.Build.0 = Release|Any CPU
		{DDC4747A-54AD-4DF9-BD98-D4377C693247}.Release|ARM.ActiveCfg = Release|Any CPU
		{DDC4747A-54AD-4DF9-BD98-D4377C693247}.Release|ARM.Build.0 = Release|Any CPU
		{DDC4747A-54AD-4DF9-BD98-D4377C693247}.Release|ARM64.ActiveCfg = Release|Any CPU
		{DDC4747A-54AD-4DF9-BD98-D4377C693247}.Release|ARM64.Build.0 = Release|Any CPU
		{DDC4747A-54AD-4DF9-BD98-D4377C693247}.Release|x64.ActiveCfg = Release|Any CPU
		{DDC4747A-54AD-4DF9-BD98-D4377C693247}.Release|x64.Build.0 = Release|Any CPU
		{DDC4747A-54AD-4DF9-BD98-D4377C693247}.Release|x86.ActiveCfg = Release|Any CPU
		{DDC4747A-54AD-4DF9-BD98-D4377C693247}.Release|x86.Build.0 = Release|Any CPU
		{A1B53145-EAAC-464B-BFD1-D55835981962}.Debug|Any CPU.ActiveCfg = Debug|Any CPU
		{A1B53145-EAAC-464B-BFD1-D55835981962}.Debug|Any CPU.Build.0 = Debug|Any CPU
		{A1B53145-EAAC-464B-BFD1-D55835981962}.Debug|ARM.ActiveCfg = Debug|Any CPU
		{A1B53145-EAAC-464B-BFD1-D55835981962}.Debug|ARM.Build.0 = Debug|Any CPU
		{A1B53145-EAAC-464B-BFD1-D55835981962}.Debug|ARM64.ActiveCfg = Debug|Any CPU
		{A1B53145-EAAC-464B-BFD1-D55835981962}.Debug|ARM64.Build.0 = Debug|Any CPU
		{A1B53145-EAAC-464B-BFD1-D55835981962}.Debug|x64.ActiveCfg = Debug|Any CPU
		{A1B53145-EAAC-464B-BFD1-D55835981962}.Debug|x64.Build.0 = Debug|Any CPU
		{A1B53145-EAAC-464B-BFD1-D55835981962}.Debug|x86.ActiveCfg = Debug|Any CPU
		{A1B53145-EAAC-464B-BFD1-D55835981962}.Debug|x86.Build.0 = Debug|Any CPU
		{A1B53145-EAAC-464B-BFD1-D55835981962}.Release|Any CPU.ActiveCfg = Release|Any CPU
		{A1B53145-EAAC-464B-BFD1-D55835981962}.Release|Any CPU.Build.0 = Release|Any CPU
		{A1B53145-EAAC-464B-BFD1-D55835981962}.Release|ARM.ActiveCfg = Release|Any CPU
		{A1B53145-EAAC-464B-BFD1-D55835981962}.Release|ARM.Build.0 = Release|Any CPU
		{A1B53145-EAAC-464B-BFD1-D55835981962}.Release|ARM64.ActiveCfg = Release|Any CPU
		{A1B53145-EAAC-464B-BFD1-D55835981962}.Release|ARM64.Build.0 = Release|Any CPU
		{A1B53145-EAAC-464B-BFD1-D55835981962}.Release|x64.ActiveCfg = Release|Any CPU
		{A1B53145-EAAC-464B-BFD1-D55835981962}.Release|x64.Build.0 = Release|Any CPU
		{A1B53145-EAAC-464B-BFD1-D55835981962}.Release|x86.ActiveCfg = Release|Any CPU
		{A1B53145-EAAC-464B-BFD1-D55835981962}.Release|x86.Build.0 = Release|Any CPU
		{109FEE60-1C5E-422E-B420-A4B97151A16D}.Debug|Any CPU.ActiveCfg = Debug|Any CPU
		{109FEE60-1C5E-422E-B420-A4B97151A16D}.Debug|Any CPU.Build.0 = Debug|Any CPU
		{109FEE60-1C5E-422E-B420-A4B97151A16D}.Debug|ARM.ActiveCfg = Debug|Any CPU
		{109FEE60-1C5E-422E-B420-A4B97151A16D}.Debug|ARM.Build.0 = Debug|Any CPU
		{109FEE60-1C5E-422E-B420-A4B97151A16D}.Debug|ARM64.ActiveCfg = Debug|Any CPU
		{109FEE60-1C5E-422E-B420-A4B97151A16D}.Debug|ARM64.Build.0 = Debug|Any CPU
		{109FEE60-1C5E-422E-B420-A4B97151A16D}.Debug|x64.ActiveCfg = Debug|Any CPU
		{109FEE60-1C5E-422E-B420-A4B97151A16D}.Debug|x64.Build.0 = Debug|Any CPU
		{109FEE60-1C5E-422E-B420-A4B97151A16D}.Debug|x86.ActiveCfg = Debug|Any CPU
		{109FEE60-1C5E-422E-B420-A4B97151A16D}.Debug|x86.Build.0 = Debug|Any CPU
		{109FEE60-1C5E-422E-B420-A4B97151A16D}.Release|Any CPU.ActiveCfg = Release|Any CPU
		{109FEE60-1C5E-422E-B420-A4B97151A16D}.Release|Any CPU.Build.0 = Release|Any CPU
		{109FEE60-1C5E-422E-B420-A4B97151A16D}.Release|ARM.ActiveCfg = Release|Any CPU
		{109FEE60-1C5E-422E-B420-A4B97151A16D}.Release|ARM.Build.0 = Release|Any CPU
		{109FEE60-1C5E-422E-B420-A4B97151A16D}.Release|ARM64.ActiveCfg = Release|Any CPU
		{109FEE60-1C5E-422E-B420-A4B97151A16D}.Release|ARM64.Build.0 = Release|Any CPU
		{109FEE60-1C5E-422E-B420-A4B97151A16D}.Release|x64.ActiveCfg = Release|Any CPU
		{109FEE60-1C5E-422E-B420-A4B97151A16D}.Release|x64.Build.0 = Release|Any CPU
		{109FEE60-1C5E-422E-B420-A4B97151A16D}.Release|x86.ActiveCfg = Release|Any CPU
		{109FEE60-1C5E-422E-B420-A4B97151A16D}.Release|x86.Build.0 = Release|Any CPU
	EndGlobalSection
	GlobalSection(SolutionProperties) = preSolution
		HideSolutionNode = FALSE
	EndGlobalSection
	GlobalSection(NestedProjects) = preSolution
		{BC306EC6-B992-4E54-B251-4CA06A67073F} = {578C9885-5712-41D2-AF42-C994C2720066}
		{578C9885-5712-41D2-AF42-C994C2720066} = {958591BB-32C1-48C4-B5FA-11A2C5686814}
		{E3BD9706-427D-49CA-A308-92783D37759A} = {958591BB-32C1-48C4-B5FA-11A2C5686814}
		{18462094-A6ED-461B-8FCA-1E38A95EBB09} = {E3BD9706-427D-49CA-A308-92783D37759A}
		{91C7B2D6-878B-45C8-B74C-E4170E88466F} = {B5460912-B309-4623-8FB6-B7175D66F20F}
		{7ECC186E-0E28-4A74-B7AC-F3C56C2457C9} = {91C7B2D6-878B-45C8-B74C-E4170E88466F}
		{67928986-73D6-45E6-A6DC-87113DE6CEF9} = {62592C78-61AA-44B4-A7C3-EAC678A568A2}
		{4478C3AB-BB9F-4032-AB21-016E3C5F4898} = {67928986-73D6-45E6-A6DC-87113DE6CEF9}
		{91FA378B-3862-42C8-A37A-BB0B2B7BF166} = {67928986-73D6-45E6-A6DC-87113DE6CEF9}
		{3EC85E81-5F1D-47D3-B757-7032DE54C212} = {67928986-73D6-45E6-A6DC-87113DE6CEF9}
		{F07B4EF4-55A5-45B0-8A3D-BF8C9C632607} = {67928986-73D6-45E6-A6DC-87113DE6CEF9}
		{1EC970DF-3DFC-4A4E-91CA-816E1B28F06B} = {67928986-73D6-45E6-A6DC-87113DE6CEF9}
		{54BFD38C-46BE-49D5-9F50-DA774F198F14} = {67928986-73D6-45E6-A6DC-87113DE6CEF9}
		{0A8EF671-0277-4F7A-B03D-C6E227020E86} = {62592C78-61AA-44B4-A7C3-EAC678A568A2}
		{ED5001B1-A78B-4881-9BD8-CB56DD930585} = {0A8EF671-0277-4F7A-B03D-C6E227020E86}
		{FA937DD6-E3A8-4A9A-9C64-F4091B8F363B} = {62592C78-61AA-44B4-A7C3-EAC678A568A2}
		{F282FCD2-2D6C-4CBD-82AC-E726639CBA9F} = {FA937DD6-E3A8-4A9A-9C64-F4091B8F363B}
		{F0DF7BB1-370A-4AF2-84F9-CC9AED2F9BB7} = {FA937DD6-E3A8-4A9A-9C64-F4091B8F363B}
		{8E64E10B-E04F-4B0E-B0C2-437F850BF6D1} = {0A8EF671-0277-4F7A-B03D-C6E227020E86}
		{6DC636AA-A078-4F30-BBD6-9244CB748F34} = {FA937DD6-E3A8-4A9A-9C64-F4091B8F363B}
		{86AE806C-A181-48DC-8ED0-E0DC757F9616} = {0A8EF671-0277-4F7A-B03D-C6E227020E86}
		{B683C7FA-EE13-4A64-A3CA-91E0FBA7AFFA} = {FA937DD6-E3A8-4A9A-9C64-F4091B8F363B}
		{416FC91C-A8D2-4F3F-8F88-F55C8150E608} = {0A8EF671-0277-4F7A-B03D-C6E227020E86}
		{99BDD7BB-C264-4F66-A7D7-CF36A2D240EF} = {FA937DD6-E3A8-4A9A-9C64-F4091B8F363B}
		{B6813769-E781-4C2F-AC5A-82CA4F45BB38} = {0A8EF671-0277-4F7A-B03D-C6E227020E86}
		{952849D6-DF09-408F-8B14-8D4E420E133E} = {FA937DD6-E3A8-4A9A-9C64-F4091B8F363B}
		{F1859C67-D91A-4CC7-8C3C-E5A98ECE9AD3} = {0A8EF671-0277-4F7A-B03D-C6E227020E86}
		{5440572C-08C8-4D6E-A4EF-DCE93060ED66} = {FA937DD6-E3A8-4A9A-9C64-F4091B8F363B}
		{A6ABFE78-566C-4534-947E-BEFB86BDA347} = {0A8EF671-0277-4F7A-B03D-C6E227020E86}
		{1A15660A-4E45-4D71-8053-144E2BD4CD1D} = {FA937DD6-E3A8-4A9A-9C64-F4091B8F363B}
		{AD1F57E0-055A-4838-91AD-B824BF17E481} = {0A8EF671-0277-4F7A-B03D-C6E227020E86}
		{1F395162-8BB8-4ABE-A4D2-704E61D3519B} = {FA937DD6-E3A8-4A9A-9C64-F4091B8F363B}
		{F2CAA958-5A0E-4BB3-B624-B8360C5F2978} = {0A8EF671-0277-4F7A-B03D-C6E227020E86}
		{4D180350-1F21-4051-A5A0-B90457B4FA2D} = {FA937DD6-E3A8-4A9A-9C64-F4091B8F363B}
		{DD760082-E0FA-433F-A1D0-D05F5D91FFA9} = {0A8EF671-0277-4F7A-B03D-C6E227020E86}
		{24095A3B-096E-4D19-B29E-755FE08C81FD} = {FA937DD6-E3A8-4A9A-9C64-F4091B8F363B}
		{74041466-C4C6-4396-8B57-D176CF5C0FD9} = {0A8EF671-0277-4F7A-B03D-C6E227020E86}
		{E61092FC-FCD8-4EEF-8626-185EF80C1D7F} = {FA937DD6-E3A8-4A9A-9C64-F4091B8F363B}
		{33BC9402-331E-47B5-8EE8-4F15AF463D12} = {0A8EF671-0277-4F7A-B03D-C6E227020E86}
		{102298EF-0FF2-4D7E-A140-8A2EA6EBDA60} = {FA937DD6-E3A8-4A9A-9C64-F4091B8F363B}
		{62E90DFE-FF71-4558-A33E-361BFE60BF9D} = {0A8EF671-0277-4F7A-B03D-C6E227020E86}
		{B6AD17E0-892C-460E-97F3-58A0EFFC3C33} = {FA937DD6-E3A8-4A9A-9C64-F4091B8F363B}
		{C47A9F47-9FCB-4F8D-98C4-C3BAAA6AE200} = {FA937DD6-E3A8-4A9A-9C64-F4091B8F363B}
		{CBFD4CAA-D4B6-4E9E-A043-3A1FC6AD30D7} = {FA937DD6-E3A8-4A9A-9C64-F4091B8F363B}
		{7602E95D-6E12-42CD-B511-5AC0345F821A} = {FA937DD6-E3A8-4A9A-9C64-F4091B8F363B}
		{6377A578-880C-4B47-9A5C-C4DB0850E6B4} = {FA937DD6-E3A8-4A9A-9C64-F4091B8F363B}
		{0A28D44B-5DC4-4086-AC7A-936095C7BE5E} = {FA937DD6-E3A8-4A9A-9C64-F4091B8F363B}
		{CF1E3D0B-15F1-4F3F-B72C-45E352CBECE4} = {FA937DD6-E3A8-4A9A-9C64-F4091B8F363B}
		{89E2692D-B242-4BBB-B825-DFFDB4E75076} = {FA937DD6-E3A8-4A9A-9C64-F4091B8F363B}
		{6760EB09-F75D-44DE-BEB3-5C3DF1D57DCE} = {FA937DD6-E3A8-4A9A-9C64-F4091B8F363B}
		{CB11B8A4-7ADB-4EB3-A729-27E3C9A09696} = {FA937DD6-E3A8-4A9A-9C64-F4091B8F363B}
		{3C734CBA-6111-4852-A529-CEC19B97C57D} = {FA937DD6-E3A8-4A9A-9C64-F4091B8F363B}
		{DDC4747A-54AD-4DF9-BD98-D4377C693247} = {FA937DD6-E3A8-4A9A-9C64-F4091B8F363B}
		{A1B53145-EAAC-464B-BFD1-D55835981962} = {FA937DD6-E3A8-4A9A-9C64-F4091B8F363B}
		{109FEE60-1C5E-422E-B420-A4B97151A16D} = {FA937DD6-E3A8-4A9A-9C64-F4091B8F363B}
	EndGlobalSection
	GlobalSection(ExtensibilityGlobals) = postSolution
		SolutionGuid = {983A22B3-AE5B-4B67-A798-F6A6697B82A8}
	EndGlobalSection
EndGlobal
