
Microsoft Visual Studio Solution File, Format Version 12.00
# Visual Studio Version 17
VisualStudioVersion = 17.1.31911.260
MinimumVisualStudioVersion = 10.0.40219.1
Project("{2150E333-8FDC-42A3-9474-1A3956D46DE8}") = "src", "src", "{958591BB-32C1-48C4-B5FA-11A2C5686814}"
EndProject
Project("{9A19103F-16F7-4668-BE54-9A1E7A4F7556}") = "MvvmDialogs", "src\net\MvvmDialogs.csproj", "{BC306EC6-B992-4E54-B251-4CA06A67073F}"
EndProject
Project("{2150E333-8FDC-42A3-9474-1A3956D46DE8}") = "net", "net", "{578C9885-5712-41D2-AF42-C994C2720066}"
EndProject
Project("{2150E333-8FDC-42A3-9474-1A3956D46DE8}") = "universal", "universal", "{E3BD9706-427D-49CA-A308-92783D37759A}"
EndProject
Project("{FAE04EC0-301F-11D3-BF4B-00C04F79EFBC}") = "MvvmDialogs", "src\universal\MvvmDialogs.csproj", "{18462094-A6ED-461B-8FCA-1E38A95EBB09}"
EndProject
Project("{2150E333-8FDC-42A3-9474-1A3956D46DE8}") = "test", "test", "{B5460912-B309-4623-8FB6-B7175D66F20F}"
EndProject
Project("{2150E333-8FDC-42A3-9474-1A3956D46DE8}") = "net", "net", "{91C7B2D6-878B-45C8-B74C-E4170E88466F}"
EndProject
Project("{9A19103F-16F7-4668-BE54-9A1E7A4F7556}") = "MvvmDialogs.Test", "test\net\MvvmDialogs.Test.csproj", "{7ECC186E-0E28-4A74-B7AC-F3C56C2457C9}"
EndProject
Project("{2150E333-8FDC-42A3-9474-1A3956D46DE8}") = "samples", "samples", "{62592C78-61AA-44B4-A7C3-EAC678A568A2}"
EndProject
Project("{2150E333-8FDC-42A3-9474-1A3956D46DE8}") = "universal", "universal", "{67928986-73D6-45E6-A6DC-87113DE6CEF9}"
EndProject
Project("{FAE04EC0-301F-11D3-BF4B-00C04F79EFBC}") = "Demo.ContentDialog", "samples\universal\Demo.ContentDialog\Demo.ContentDialog.csproj", "{4478C3AB-BB9F-4032-AB21-016E3C5F4898}"
EndProject
Project("{FAE04EC0-301F-11D3-BF4B-00C04F79EFBC}") = "Demo.CustomContentDialog", "samples\universal\Demo.CustomContentDialog\Demo.CustomContentDialog.csproj", "{91FA378B-3862-42C8-A37A-BB0B2B7BF166}"
EndProject
Project("{FAE04EC0-301F-11D3-BF4B-00C04F79EFBC}") = "Demo.MessageDialog", "samples\universal\Demo.MessageDialog\Demo.MessageDialog.csproj", "{3EC85E81-5F1D-47D3-B757-7032DE54C212}"
EndProject
Project("{FAE04EC0-301F-11D3-BF4B-00C04F79EFBC}") = "Demo.PickFiles", "samples\universal\Demo.PickFiles\Demo.PickFiles.csproj", "{F07B4EF4-55A5-45B0-8A3D-BF8C9C632607}"
EndProject
Project("{FAE04EC0-301F-11D3-BF4B-00C04F79EFBC}") = "Demo.PickSaveFile", "samples\universal\Demo.PickSaveFile\Demo.PickSaveFile.csproj", "{1EC970DF-3DFC-4A4E-91CA-816E1B28F06B}"
EndProject
Project("{FAE04EC0-301F-11D3-BF4B-00C04F79EFBC}") = "Demo.PickSingleFolder", "samples\universal\Demo.PickSingleFolder\Demo.PickSingleFolder.csproj", "{54BFD38C-46BE-49D5-9F50-DA774F198F14}"
EndProject
Project("{2150E333-8FDC-42A3-9474-1A3956D46DE8}") = "wpf", "wpf", "{0A8EF671-0277-4F7A-B03D-C6E227020E86}"
EndProject
Project("{9A19103F-16F7-4668-BE54-9A1E7A4F7556}") = "Demo.ActivateNonModalDialog", "samples\wpf\Demo.ActivateNonModalDialog\Demo.ActivateNonModalDialog.csproj", "{ED5001B1-A78B-4881-9BD8-CB56DD930585}"
EndProject
Project("{9A19103F-16F7-4668-BE54-9A1E7A4F7556}") = "Demo.CustomFolderBrowserDialog", "samples\wpf\Demo.CustomFolderBrowserDialog\Demo.CustomFolderBrowserDialog.csproj", "{8E64E10B-E04F-4B0E-B0C2-437F850BF6D1}"
EndProject
Project("{9A19103F-16F7-4668-BE54-9A1E7A4F7556}") = "Demo.CustomMessageBox", "samples\wpf\Demo.CustomMessageBox\Demo.CustomMessageBox.csproj", "{86AE806C-A181-48DC-8ED0-E0DC757F9616}"
EndProject
Project("{9A19103F-16F7-4668-BE54-9A1E7A4F7556}") = "Demo.CustomOpenFileDialog", "samples\wpf\Demo.CustomOpenFileDialog\Demo.CustomOpenFileDialog.csproj", "{416FC91C-A8D2-4F3F-8F88-F55C8150E608}"
EndProject
Project("{9A19103F-16F7-4668-BE54-9A1E7A4F7556}") = "Demo.CustomSaveFileDialog", "samples\wpf\Demo.CustomSaveFileDialog\Demo.CustomSaveFileDialog.csproj", "{B6813769-E781-4C2F-AC5A-82CA4F45BB38}"
EndProject
Project("{9A19103F-16F7-4668-BE54-9A1E7A4F7556}") = "Demo.FolderBrowserDialog", "samples\wpf\Demo.FolderBrowserDialog\Demo.FolderBrowserDialog.csproj", "{F1859C67-D91A-4CC7-8C3C-E5A98ECE9AD3}"
EndProject
Project("{9A19103F-16F7-4668-BE54-9A1E7A4F7556}") = "Demo.MessageBox", "samples\wpf\Demo.MessageBox\Demo.MessageBox.csproj", "{A6ABFE78-566C-4534-947E-BEFB86BDA347}"
EndProject
Project("{9A19103F-16F7-4668-BE54-9A1E7A4F7556}") = "Demo.ModalCustomDialog", "samples\wpf\Demo.ModalCustomDialog\Demo.ModalCustomDialog.csproj", "{AD1F57E0-055A-4838-91AD-B824BF17E481}"
EndProject
Project("{9A19103F-16F7-4668-BE54-9A1E7A4F7556}") = "Demo.ModalDialog", "samples\wpf\Demo.ModalDialog\Demo.ModalDialog.csproj", "{F2CAA958-5A0E-4BB3-B624-B8360C5F2978}"
EndProject
Project("{9A19103F-16F7-4668-BE54-9A1E7A4F7556}") = "Demo.NonModalCustomDialog", "samples\wpf\Demo.NonModalCustomDialog\Demo.NonModalCustomDialog.csproj", "{DD760082-E0FA-433F-A1D0-D05F5D91FFA9}"
EndProject
Project("{9A19103F-16F7-4668-BE54-9A1E7A4F7556}") = "Demo.NonModalDialog", "samples\wpf\Demo.NonModalDialog\Demo.NonModalDialog.csproj", "{74041466-C4C6-4396-8B57-D176CF5C0FD9}"
EndProject
Project("{9A19103F-16F7-4668-BE54-9A1E7A4F7556}") = "Demo.OpenFileDialog", "samples\wpf\Demo.OpenFileDialog\Demo.OpenFileDialog.csproj", "{33BC9402-331E-47B5-8EE8-4F15AF463D12}"
EndProject
Project("{9A19103F-16F7-4668-BE54-9A1E7A4F7556}") = "Demo.SaveFileDialog", "samples\wpf\Demo.SaveFileDialog\Demo.SaveFileDialog.csproj", "{62E90DFE-FF71-4558-A33E-361BFE60BF9D}"
EndProject
Project("{9A19103F-16F7-4668-BE54-9A1E7A4F7556}") = "Demo.CloseNonModalDialog", "samples\wpf\Demo.CloseNonModalDialog\Demo.CloseNonModalDialog.csproj", "{CABB5675-02EF-42A7-A2C9-E4F37D66D12B}"
EndProject
Project("{9A19103F-16F7-4668-BE54-9A1E7A4F7556}") = "Demo.CustomDialogTypeLocator", "samples\wpf\Demo.CustomDialogTypeLocator\Demo.CustomDialogTypeLocator.csproj", "{87DE982D-A97E-4D4A-84A4-0971A3710E41}"
EndProject
Global
	GlobalSection(SolutionConfigurationPlatforms) = preSolution
		Debug|Any CPU = Debug|Any CPU
		Debug|ARM = Debug|ARM
		Debug|ARM64 = Debug|ARM64
		Debug|x64 = Debug|x64
		Debug|x86 = Debug|x86
		Release|Any CPU = Release|Any CPU
		Release|ARM = Release|ARM
		Release|ARM64 = Release|ARM64
		Release|x64 = Release|x64
		Release|x86 = Release|x86
	EndGlobalSection
	GlobalSection(ProjectConfigurationPlatforms) = postSolution
		{BC306EC6-B992-4E54-B251-4CA06A67073F}.Debug|Any CPU.ActiveCfg = Debug|Any CPU
		{BC306EC6-B992-4E54-B251-4CA06A67073F}.Debug|Any CPU.Build.0 = Debug|Any CPU
		{BC306EC6-B992-4E54-B251-4CA06A67073F}.Debug|ARM.ActiveCfg = Debug|Any CPU
		{BC306EC6-B992-4E54-B251-4CA06A67073F}.Debug|ARM.Build.0 = Debug|Any CPU
		{BC306EC6-B992-4E54-B251-4CA06A67073F}.Debug|ARM64.ActiveCfg = Debug|Any CPU
		{BC306EC6-B992-4E54-B251-4CA06A67073F}.Debug|ARM64.Build.0 = Debug|Any CPU
		{BC306EC6-B992-4E54-B251-4CA06A67073F}.Debug|x64.ActiveCfg = Debug|Any CPU
		{BC306EC6-B992-4E54-B251-4CA06A67073F}.Debug|x64.Build.0 = Debug|Any CPU
		{BC306EC6-B992-4E54-B251-4CA06A67073F}.Debug|x86.ActiveCfg = Debug|Any CPU
		{BC306EC6-B992-4E54-B251-4CA06A67073F}.Debug|x86.Build.0 = Debug|Any CPU
		{BC306EC6-B992-4E54-B251-4CA06A67073F}.Release|Any CPU.ActiveCfg = Release|Any CPU
		{BC306EC6-B992-4E54-B251-4CA06A67073F}.Release|Any CPU.Build.0 = Release|Any CPU
		{BC306EC6-B992-4E54-B251-4CA06A67073F}.Release|ARM.ActiveCfg = Release|Any CPU
		{BC306EC6-B992-4E54-B251-4CA06A67073F}.Release|ARM.Build.0 = Release|Any CPU
		{BC306EC6-B992-4E54-B251-4CA06A67073F}.Release|ARM64.ActiveCfg = Release|Any CPU
		{BC306EC6-B992-4E54-B251-4CA06A67073F}.Release|ARM64.Build.0 = Release|Any CPU
		{BC306EC6-B992-4E54-B251-4CA06A67073F}.Release|x64.ActiveCfg = Release|Any CPU
		{BC306EC6-B992-4E54-B251-4CA06A67073F}.Release|x64.Build.0 = Release|Any CPU
		{BC306EC6-B992-4E54-B251-4CA06A67073F}.Release|x86.ActiveCfg = Release|Any CPU
		{BC306EC6-B992-4E54-B251-4CA06A67073F}.Release|x86.Build.0 = Release|Any CPU
		{18462094-A6ED-461B-8FCA-1E38A95EBB09}.Debug|Any CPU.ActiveCfg = Debug|Any CPU
		{18462094-A6ED-461B-8FCA-1E38A95EBB09}.Debug|Any CPU.Build.0 = Debug|Any CPU
		{18462094-A6ED-461B-8FCA-1E38A95EBB09}.Debug|ARM.ActiveCfg = Debug|ARM
		{18462094-A6ED-461B-8FCA-1E38A95EBB09}.Debug|ARM.Build.0 = Debug|ARM
		{18462094-A6ED-461B-8FCA-1E38A95EBB09}.Debug|ARM64.ActiveCfg = Debug|Any CPU
		{18462094-A6ED-461B-8FCA-1E38A95EBB09}.Debug|ARM64.Build.0 = Debug|Any CPU
		{18462094-A6ED-461B-8FCA-1E38A95EBB09}.Debug|x64.ActiveCfg = Debug|x64
		{18462094-A6ED-461B-8FCA-1E38A95EBB09}.Debug|x64.Build.0 = Debug|x64
		{18462094-A6ED-461B-8FCA-1E38A95EBB09}.Debug|x86.ActiveCfg = Debug|x86
		{18462094-A6ED-461B-8FCA-1E38A95EBB09}.Debug|x86.Build.0 = Debug|x86
		{18462094-A6ED-461B-8FCA-1E38A95EBB09}.Release|Any CPU.ActiveCfg = Release|Any CPU
		{18462094-A6ED-461B-8FCA-1E38A95EBB09}.Release|Any CPU.Build.0 = Release|Any CPU
		{18462094-A6ED-461B-8FCA-1E38A95EBB09}.Release|ARM.ActiveCfg = Release|ARM
		{18462094-A6ED-461B-8FCA-1E38A95EBB09}.Release|ARM.Build.0 = Release|ARM
		{18462094-A6ED-461B-8FCA-1E38A95EBB09}.Release|ARM64.ActiveCfg = Release|Any CPU
		{18462094-A6ED-461B-8FCA-1E38A95EBB09}.Release|ARM64.Build.0 = Release|Any CPU
		{18462094-A6ED-461B-8FCA-1E38A95EBB09}.Release|x64.ActiveCfg = Release|x64
		{18462094-A6ED-461B-8FCA-1E38A95EBB09}.Release|x64.Build.0 = Release|x64
		{18462094-A6ED-461B-8FCA-1E38A95EBB09}.Release|x86.ActiveCfg = Release|x86
		{18462094-A6ED-461B-8FCA-1E38A95EBB09}.Release|x86.Build.0 = Release|x86
		{7ECC186E-0E28-4A74-B7AC-F3C56C2457C9}.Debug|Any CPU.ActiveCfg = Debug|Any CPU
		{7ECC186E-0E28-4A74-B7AC-F3C56C2457C9}.Debug|Any CPU.Build.0 = Debug|Any CPU
		{7ECC186E-0E28-4A74-B7AC-F3C56C2457C9}.Debug|ARM.ActiveCfg = Debug|Any CPU
		{7ECC186E-0E28-4A74-B7AC-F3C56C2457C9}.Debug|ARM.Build.0 = Debug|Any CPU
		{7ECC186E-0E28-4A74-B7AC-F3C56C2457C9}.Debug|ARM64.ActiveCfg = Debug|Any CPU
		{7ECC186E-0E28-4A74-B7AC-F3C56C2457C9}.Debug|ARM64.Build.0 = Debug|Any CPU
		{7ECC186E-0E28-4A74-B7AC-F3C56C2457C9}.Debug|x64.ActiveCfg = Debug|Any CPU
		{7ECC186E-0E28-4A74-B7AC-F3C56C2457C9}.Debug|x64.Build.0 = Debug|Any CPU
		{7ECC186E-0E28-4A74-B7AC-F3C56C2457C9}.Debug|x86.ActiveCfg = Debug|Any CPU
		{7ECC186E-0E28-4A74-B7AC-F3C56C2457C9}.Debug|x86.Build.0 = Debug|Any CPU
		{7ECC186E-0E28-4A74-B7AC-F3C56C2457C9}.Release|Any CPU.ActiveCfg = Release|Any CPU
		{7ECC186E-0E28-4A74-B7AC-F3C56C2457C9}.Release|Any CPU.Build.0 = Release|Any CPU
		{7ECC186E-0E28-4A74-B7AC-F3C56C2457C9}.Release|ARM.ActiveCfg = Release|Any CPU
		{7ECC186E-0E28-4A74-B7AC-F3C56C2457C9}.Release|ARM.Build.0 = Release|Any CPU
		{7ECC186E-0E28-4A74-B7AC-F3C56C2457C9}.Release|ARM64.ActiveCfg = Release|Any CPU
		{7ECC186E-0E28-4A74-B7AC-F3C56C2457C9}.Release|ARM64.Build.0 = Release|Any CPU
		{7ECC186E-0E28-4A74-B7AC-F3C56C2457C9}.Release|x64.ActiveCfg = Release|Any CPU
		{7ECC186E-0E28-4A74-B7AC-F3C56C2457C9}.Release|x64.Build.0 = Release|Any CPU
		{7ECC186E-0E28-4A74-B7AC-F3C56C2457C9}.Release|x86.ActiveCfg = Release|Any CPU
		{7ECC186E-0E28-4A74-B7AC-F3C56C2457C9}.Release|x86.Build.0 = Release|Any CPU
		{4478C3AB-BB9F-4032-AB21-016E3C5F4898}.Debug|Any CPU.ActiveCfg = Debug|x86
		{4478C3AB-BB9F-4032-AB21-016E3C5F4898}.Debug|ARM.ActiveCfg = Debug|ARM
		{4478C3AB-BB9F-4032-AB21-016E3C5F4898}.Debug|ARM.Build.0 = Debug|ARM
		{4478C3AB-BB9F-4032-AB21-016E3C5F4898}.Debug|ARM.Deploy.0 = Debug|ARM
		{4478C3AB-BB9F-4032-AB21-016E3C5F4898}.Debug|ARM64.ActiveCfg = Debug|x86
		{4478C3AB-BB9F-4032-AB21-016E3C5F4898}.Debug|x64.ActiveCfg = Debug|x64
		{4478C3AB-BB9F-4032-AB21-016E3C5F4898}.Debug|x64.Build.0 = Debug|x64
		{4478C3AB-BB9F-4032-AB21-016E3C5F4898}.Debug|x64.Deploy.0 = Debug|x64
		{4478C3AB-BB9F-4032-AB21-016E3C5F4898}.Debug|x86.ActiveCfg = Debug|x86
		{4478C3AB-BB9F-4032-AB21-016E3C5F4898}.Debug|x86.Build.0 = Debug|x86
		{4478C3AB-BB9F-4032-AB21-016E3C5F4898}.Debug|x86.Deploy.0 = Debug|x86
		{4478C3AB-BB9F-4032-AB21-016E3C5F4898}.Release|Any CPU.ActiveCfg = Release|x86
		{4478C3AB-BB9F-4032-AB21-016E3C5F4898}.Release|ARM.ActiveCfg = Release|ARM
		{4478C3AB-BB9F-4032-AB21-016E3C5F4898}.Release|ARM.Build.0 = Release|ARM
		{4478C3AB-BB9F-4032-AB21-016E3C5F4898}.Release|ARM.Deploy.0 = Release|ARM
		{4478C3AB-BB9F-4032-AB21-016E3C5F4898}.Release|ARM64.ActiveCfg = Release|x86
		{4478C3AB-BB9F-4032-AB21-016E3C5F4898}.Release|x64.ActiveCfg = Release|x64
		{4478C3AB-BB9F-4032-AB21-016E3C5F4898}.Release|x64.Build.0 = Release|x64
		{4478C3AB-BB9F-4032-AB21-016E3C5F4898}.Release|x64.Deploy.0 = Release|x64
		{4478C3AB-BB9F-4032-AB21-016E3C5F4898}.Release|x86.ActiveCfg = Release|x86
		{4478C3AB-BB9F-4032-AB21-016E3C5F4898}.Release|x86.Build.0 = Release|x86
		{4478C3AB-BB9F-4032-AB21-016E3C5F4898}.Release|x86.Deploy.0 = Release|x86
		{91FA378B-3862-42C8-A37A-BB0B2B7BF166}.Debug|Any CPU.ActiveCfg = Debug|x86
		{91FA378B-3862-42C8-A37A-BB0B2B7BF166}.Debug|ARM.ActiveCfg = Debug|ARM
		{91FA378B-3862-42C8-A37A-BB0B2B7BF166}.Debug|ARM.Build.0 = Debug|ARM
		{91FA378B-3862-42C8-A37A-BB0B2B7BF166}.Debug|ARM.Deploy.0 = Debug|ARM
		{91FA378B-3862-42C8-A37A-BB0B2B7BF166}.Debug|ARM64.ActiveCfg = Debug|x86
		{91FA378B-3862-42C8-A37A-BB0B2B7BF166}.Debug|x64.ActiveCfg = Debug|x64
		{91FA378B-3862-42C8-A37A-BB0B2B7BF166}.Debug|x64.Build.0 = Debug|x64
		{91FA378B-3862-42C8-A37A-BB0B2B7BF166}.Debug|x64.Deploy.0 = Debug|x64
		{91FA378B-3862-42C8-A37A-BB0B2B7BF166}.Debug|x86.ActiveCfg = Debug|x86
		{91FA378B-3862-42C8-A37A-BB0B2B7BF166}.Debug|x86.Build.0 = Debug|x86
		{91FA378B-3862-42C8-A37A-BB0B2B7BF166}.Debug|x86.Deploy.0 = Debug|x86
		{91FA378B-3862-42C8-A37A-BB0B2B7BF166}.Release|Any CPU.ActiveCfg = Release|x86
		{91FA378B-3862-42C8-A37A-BB0B2B7BF166}.Release|ARM.ActiveCfg = Release|ARM
		{91FA378B-3862-42C8-A37A-BB0B2B7BF166}.Release|ARM.Build.0 = Release|ARM
		{91FA378B-3862-42C8-A37A-BB0B2B7BF166}.Release|ARM.Deploy.0 = Release|ARM
		{91FA378B-3862-42C8-A37A-BB0B2B7BF166}.Release|ARM64.ActiveCfg = Release|x86
		{91FA378B-3862-42C8-A37A-BB0B2B7BF166}.Release|x64.ActiveCfg = Release|x64
		{91FA378B-3862-42C8-A37A-BB0B2B7BF166}.Release|x64.Build.0 = Release|x64
		{91FA378B-3862-42C8-A37A-BB0B2B7BF166}.Release|x64.Deploy.0 = Release|x64
		{91FA378B-3862-42C8-A37A-BB0B2B7BF166}.Release|x86.ActiveCfg = Release|x86
		{91FA378B-3862-42C8-A37A-BB0B2B7BF166}.Release|x86.Build.0 = Release|x86
		{91FA378B-3862-42C8-A37A-BB0B2B7BF166}.Release|x86.Deploy.0 = Release|x86
		{3EC85E81-5F1D-47D3-B757-7032DE54C212}.Debug|Any CPU.ActiveCfg = Debug|x86
		{3EC85E81-5F1D-47D3-B757-7032DE54C212}.Debug|ARM.ActiveCfg = Debug|ARM
		{3EC85E81-5F1D-47D3-B757-7032DE54C212}.Debug|ARM.Build.0 = Debug|ARM
		{3EC85E81-5F1D-47D3-B757-7032DE54C212}.Debug|ARM.Deploy.0 = Debug|ARM
		{3EC85E81-5F1D-47D3-B757-7032DE54C212}.Debug|ARM64.ActiveCfg = Debug|x86
		{3EC85E81-5F1D-47D3-B757-7032DE54C212}.Debug|x64.ActiveCfg = Debug|x64
		{3EC85E81-5F1D-47D3-B757-7032DE54C212}.Debug|x64.Build.0 = Debug|x64
		{3EC85E81-5F1D-47D3-B757-7032DE54C212}.Debug|x64.Deploy.0 = Debug|x64
		{3EC85E81-5F1D-47D3-B757-7032DE54C212}.Debug|x86.ActiveCfg = Debug|x86
		{3EC85E81-5F1D-47D3-B757-7032DE54C212}.Debug|x86.Build.0 = Debug|x86
		{3EC85E81-5F1D-47D3-B757-7032DE54C212}.Debug|x86.Deploy.0 = Debug|x86
		{3EC85E81-5F1D-47D3-B757-7032DE54C212}.Release|Any CPU.ActiveCfg = Release|x86
		{3EC85E81-5F1D-47D3-B757-7032DE54C212}.Release|ARM.ActiveCfg = Release|ARM
		{3EC85E81-5F1D-47D3-B757-7032DE54C212}.Release|ARM.Build.0 = Release|ARM
		{3EC85E81-5F1D-47D3-B757-7032DE54C212}.Release|ARM.Deploy.0 = Release|ARM
		{3EC85E81-5F1D-47D3-B757-7032DE54C212}.Release|ARM64.ActiveCfg = Release|x86
		{3EC85E81-5F1D-47D3-B757-7032DE54C212}.Release|x64.ActiveCfg = Release|x64
		{3EC85E81-5F1D-47D3-B757-7032DE54C212}.Release|x64.Build.0 = Release|x64
		{3EC85E81-5F1D-47D3-B757-7032DE54C212}.Release|x64.Deploy.0 = Release|x64
		{3EC85E81-5F1D-47D3-B757-7032DE54C212}.Release|x86.ActiveCfg = Release|x86
		{3EC85E81-5F1D-47D3-B757-7032DE54C212}.Release|x86.Build.0 = Release|x86
		{3EC85E81-5F1D-47D3-B757-7032DE54C212}.Release|x86.Deploy.0 = Release|x86
		{F07B4EF4-55A5-45B0-8A3D-BF8C9C632607}.Debug|Any CPU.ActiveCfg = Debug|x86
		{F07B4EF4-55A5-45B0-8A3D-BF8C9C632607}.Debug|ARM.ActiveCfg = Debug|ARM
		{F07B4EF4-55A5-45B0-8A3D-BF8C9C632607}.Debug|ARM.Build.0 = Debug|ARM
		{F07B4EF4-55A5-45B0-8A3D-BF8C9C632607}.Debug|ARM.Deploy.0 = Debug|ARM
		{F07B4EF4-55A5-45B0-8A3D-BF8C9C632607}.Debug|ARM64.ActiveCfg = Debug|x86
		{F07B4EF4-55A5-45B0-8A3D-BF8C9C632607}.Debug|x64.ActiveCfg = Debug|x64
		{F07B4EF4-55A5-45B0-8A3D-BF8C9C632607}.Debug|x64.Build.0 = Debug|x64
		{F07B4EF4-55A5-45B0-8A3D-BF8C9C632607}.Debug|x64.Deploy.0 = Debug|x64
		{F07B4EF4-55A5-45B0-8A3D-BF8C9C632607}.Debug|x86.ActiveCfg = Debug|x86
		{F07B4EF4-55A5-45B0-8A3D-BF8C9C632607}.Debug|x86.Build.0 = Debug|x86
		{F07B4EF4-55A5-45B0-8A3D-BF8C9C632607}.Debug|x86.Deploy.0 = Debug|x86
		{F07B4EF4-55A5-45B0-8A3D-BF8C9C632607}.Release|Any CPU.ActiveCfg = Release|x86
		{F07B4EF4-55A5-45B0-8A3D-BF8C9C632607}.Release|ARM.ActiveCfg = Release|ARM
		{F07B4EF4-55A5-45B0-8A3D-BF8C9C632607}.Release|ARM.Build.0 = Release|ARM
		{F07B4EF4-55A5-45B0-8A3D-BF8C9C632607}.Release|ARM.Deploy.0 = Release|ARM
		{F07B4EF4-55A5-45B0-8A3D-BF8C9C632607}.Release|ARM64.ActiveCfg = Release|x86
		{F07B4EF4-55A5-45B0-8A3D-BF8C9C632607}.Release|x64.ActiveCfg = Release|x64
		{F07B4EF4-55A5-45B0-8A3D-BF8C9C632607}.Release|x64.Build.0 = Release|x64
		{F07B4EF4-55A5-45B0-8A3D-BF8C9C632607}.Release|x64.Deploy.0 = Release|x64
		{F07B4EF4-55A5-45B0-8A3D-BF8C9C632607}.Release|x86.ActiveCfg = Release|x86
		{F07B4EF4-55A5-45B0-8A3D-BF8C9C632607}.Release|x86.Build.0 = Release|x86
		{F07B4EF4-55A5-45B0-8A3D-BF8C9C632607}.Release|x86.Deploy.0 = Release|x86
		{1EC970DF-3DFC-4A4E-91CA-816E1B28F06B}.Debug|Any CPU.ActiveCfg = Debug|x86
		{1EC970DF-3DFC-4A4E-91CA-816E1B28F06B}.Debug|ARM.ActiveCfg = Debug|ARM
		{1EC970DF-3DFC-4A4E-91CA-816E1B28F06B}.Debug|ARM.Build.0 = Debug|ARM
		{1EC970DF-3DFC-4A4E-91CA-816E1B28F06B}.Debug|ARM.Deploy.0 = Debug|ARM
		{1EC970DF-3DFC-4A4E-91CA-816E1B28F06B}.Debug|ARM64.ActiveCfg = Debug|x86
		{1EC970DF-3DFC-4A4E-91CA-816E1B28F06B}.Debug|x64.ActiveCfg = Debug|x64
		{1EC970DF-3DFC-4A4E-91CA-816E1B28F06B}.Debug|x64.Build.0 = Debug|x64
		{1EC970DF-3DFC-4A4E-91CA-816E1B28F06B}.Debug|x64.Deploy.0 = Debug|x64
		{1EC970DF-3DFC-4A4E-91CA-816E1B28F06B}.Debug|x86.ActiveCfg = Debug|x86
		{1EC970DF-3DFC-4A4E-91CA-816E1B28F06B}.Debug|x86.Build.0 = Debug|x86
		{1EC970DF-3DFC-4A4E-91CA-816E1B28F06B}.Debug|x86.Deploy.0 = Debug|x86
		{1EC970DF-3DFC-4A4E-91CA-816E1B28F06B}.Release|Any CPU.ActiveCfg = Release|x86
		{1EC970DF-3DFC-4A4E-91CA-816E1B28F06B}.Release|ARM.ActiveCfg = Release|ARM
		{1EC970DF-3DFC-4A4E-91CA-816E1B28F06B}.Release|ARM.Build.0 = Release|ARM
		{1EC970DF-3DFC-4A4E-91CA-816E1B28F06B}.Release|ARM.Deploy.0 = Release|ARM
		{1EC970DF-3DFC-4A4E-91CA-816E1B28F06B}.Release|ARM64.ActiveCfg = Release|x86
		{1EC970DF-3DFC-4A4E-91CA-816E1B28F06B}.Release|x64.ActiveCfg = Release|x64
		{1EC970DF-3DFC-4A4E-91CA-816E1B28F06B}.Release|x64.Build.0 = Release|x64
		{1EC970DF-3DFC-4A4E-91CA-816E1B28F06B}.Release|x64.Deploy.0 = Release|x64
		{1EC970DF-3DFC-4A4E-91CA-816E1B28F06B}.Release|x86.ActiveCfg = Release|x86
		{1EC970DF-3DFC-4A4E-91CA-816E1B28F06B}.Release|x86.Build.0 = Release|x86
		{1EC970DF-3DFC-4A4E-91CA-816E1B28F06B}.Release|x86.Deploy.0 = Release|x86
		{54BFD38C-46BE-49D5-9F50-DA774F198F14}.Debug|Any CPU.ActiveCfg = Debug|x86
		{54BFD38C-46BE-49D5-9F50-DA774F198F14}.Debug|ARM.ActiveCfg = Debug|ARM
		{54BFD38C-46BE-49D5-9F50-DA774F198F14}.Debug|ARM.Build.0 = Debug|ARM
		{54BFD38C-46BE-49D5-9F50-DA774F198F14}.Debug|ARM.Deploy.0 = Debug|ARM
		{54BFD38C-46BE-49D5-9F50-DA774F198F14}.Debug|ARM64.ActiveCfg = Debug|x86
		{54BFD38C-46BE-49D5-9F50-DA774F198F14}.Debug|x64.ActiveCfg = Debug|x64
		{54BFD38C-46BE-49D5-9F50-DA774F198F14}.Debug|x64.Build.0 = Debug|x64
		{54BFD38C-46BE-49D5-9F50-DA774F198F14}.Debug|x64.Deploy.0 = Debug|x64
		{54BFD38C-46BE-49D5-9F50-DA774F198F14}.Debug|x86.ActiveCfg = Debug|x86
		{54BFD38C-46BE-49D5-9F50-DA774F198F14}.Debug|x86.Build.0 = Debug|x86
		{54BFD38C-46BE-49D5-9F50-DA774F198F14}.Debug|x86.Deploy.0 = Debug|x86
		{54BFD38C-46BE-49D5-9F50-DA774F198F14}.Release|Any CPU.ActiveCfg = Release|x86
		{54BFD38C-46BE-49D5-9F50-DA774F198F14}.Release|ARM.ActiveCfg = Release|ARM
		{54BFD38C-46BE-49D5-9F50-DA774F198F14}.Release|ARM.Build.0 = Release|ARM
		{54BFD38C-46BE-49D5-9F50-DA774F198F14}.Release|ARM.Deploy.0 = Release|ARM
		{54BFD38C-46BE-49D5-9F50-DA774F198F14}.Release|ARM64.ActiveCfg = Release|x86
		{54BFD38C-46BE-49D5-9F50-DA774F198F14}.Release|x64.ActiveCfg = Release|x64
		{54BFD38C-46BE-49D5-9F50-DA774F198F14}.Release|x64.Build.0 = Release|x64
		{54BFD38C-46BE-49D5-9F50-DA774F198F14}.Release|x64.Deploy.0 = Release|x64
		{54BFD38C-46BE-49D5-9F50-DA774F198F14}.Release|x86.ActiveCfg = Release|x86
		{54BFD38C-46BE-49D5-9F50-DA774F198F14}.Release|x86.Build.0 = Release|x86
		{54BFD38C-46BE-49D5-9F50-DA774F198F14}.Release|x86.Deploy.0 = Release|x86
		{ED5001B1-A78B-4881-9BD8-CB56DD930585}.Debug|Any CPU.ActiveCfg = Debug|Any CPU
		{ED5001B1-A78B-4881-9BD8-CB56DD930585}.Debug|Any CPU.Build.0 = Debug|Any CPU
		{ED5001B1-A78B-4881-9BD8-CB56DD930585}.Debug|ARM.ActiveCfg = Debug|Any CPU
		{ED5001B1-A78B-4881-9BD8-CB56DD930585}.Debug|ARM.Build.0 = Debug|Any CPU
		{ED5001B1-A78B-4881-9BD8-CB56DD930585}.Debug|ARM64.ActiveCfg = Debug|Any CPU
		{ED5001B1-A78B-4881-9BD8-CB56DD930585}.Debug|ARM64.Build.0 = Debug|Any CPU
		{ED5001B1-A78B-4881-9BD8-CB56DD930585}.Debug|x64.ActiveCfg = Debug|Any CPU
		{ED5001B1-A78B-4881-9BD8-CB56DD930585}.Debug|x64.Build.0 = Debug|Any CPU
		{ED5001B1-A78B-4881-9BD8-CB56DD930585}.Debug|x86.ActiveCfg = Debug|Any CPU
		{ED5001B1-A78B-4881-9BD8-CB56DD930585}.Debug|x86.Build.0 = Debug|Any CPU
		{ED5001B1-A78B-4881-9BD8-CB56DD930585}.Release|Any CPU.ActiveCfg = Release|Any CPU
		{ED5001B1-A78B-4881-9BD8-CB56DD930585}.Release|Any CPU.Build.0 = Release|Any CPU
		{ED5001B1-A78B-4881-9BD8-CB56DD930585}.Release|ARM.ActiveCfg = Release|Any CPU
		{ED5001B1-A78B-4881-9BD8-CB56DD930585}.Release|ARM.Build.0 = Release|Any CPU
		{ED5001B1-A78B-4881-9BD8-CB56DD930585}.Release|ARM64.ActiveCfg = Release|Any CPU
		{ED5001B1-A78B-4881-9BD8-CB56DD930585}.Release|ARM64.Build.0 = Release|Any CPU
		{ED5001B1-A78B-4881-9BD8-CB56DD930585}.Release|x64.ActiveCfg = Release|Any CPU
		{ED5001B1-A78B-4881-9BD8-CB56DD930585}.Release|x64.Build.0 = Release|Any CPU
		{ED5001B1-A78B-4881-9BD8-CB56DD930585}.Release|x86.ActiveCfg = Release|Any CPU
		{ED5001B1-A78B-4881-9BD8-CB56DD930585}.Release|x86.Build.0 = Release|Any CPU
		{8E64E10B-E04F-4B0E-B0C2-437F850BF6D1}.Debug|Any CPU.ActiveCfg = Debug|Any CPU
		{8E64E10B-E04F-4B0E-B0C2-437F850BF6D1}.Debug|Any CPU.Build.0 = Debug|Any CPU
		{8E64E10B-E04F-4B0E-B0C2-437F850BF6D1}.Debug|ARM.ActiveCfg = Debug|Any CPU
		{8E64E10B-E04F-4B0E-B0C2-437F850BF6D1}.Debug|ARM.Build.0 = Debug|Any CPU
		{8E64E10B-E04F-4B0E-B0C2-437F850BF6D1}.Debug|ARM64.ActiveCfg = Debug|Any CPU
		{8E64E10B-E04F-4B0E-B0C2-437F850BF6D1}.Debug|ARM64.Build.0 = Debug|Any CPU
		{8E64E10B-E04F-4B0E-B0C2-437F850BF6D1}.Debug|x64.ActiveCfg = Debug|Any CPU
		{8E64E10B-E04F-4B0E-B0C2-437F850BF6D1}.Debug|x64.Build.0 = Debug|Any CPU
		{8E64E10B-E04F-4B0E-B0C2-437F850BF6D1}.Debug|x86.ActiveCfg = Debug|Any CPU
		{8E64E10B-E04F-4B0E-B0C2-437F850BF6D1}.Debug|x86.Build.0 = Debug|Any CPU
		{8E64E10B-E04F-4B0E-B0C2-437F850BF6D1}.Release|Any CPU.ActiveCfg = Release|Any CPU
		{8E64E10B-E04F-4B0E-B0C2-437F850BF6D1}.Release|Any CPU.Build.0 = Release|Any CPU
		{8E64E10B-E04F-4B0E-B0C2-437F850BF6D1}.Release|ARM.ActiveCfg = Release|Any CPU
		{8E64E10B-E04F-4B0E-B0C2-437F850BF6D1}.Release|ARM.Build.0 = Release|Any CPU
		{8E64E10B-E04F-4B0E-B0C2-437F850BF6D1}.Release|ARM64.ActiveCfg = Release|Any CPU
		{8E64E10B-E04F-4B0E-B0C2-437F850BF6D1}.Release|ARM64.Build.0 = Release|Any CPU
		{8E64E10B-E04F-4B0E-B0C2-437F850BF6D1}.Release|x64.ActiveCfg = Release|Any CPU
		{8E64E10B-E04F-4B0E-B0C2-437F850BF6D1}.Release|x64.Build.0 = Release|Any CPU
		{8E64E10B-E04F-4B0E-B0C2-437F850BF6D1}.Release|x86.ActiveCfg = Release|Any CPU
		{8E64E10B-E04F-4B0E-B0C2-437F850BF6D1}.Release|x86.Build.0 = Release|Any CPU
		{86AE806C-A181-48DC-8ED0-E0DC757F9616}.Debug|Any CPU.ActiveCfg = Debug|Any CPU
		{86AE806C-A181-48DC-8ED0-E0DC757F9616}.Debug|Any CPU.Build.0 = Debug|Any CPU
		{86AE806C-A181-48DC-8ED0-E0DC757F9616}.Debug|ARM.ActiveCfg = Debug|Any CPU
		{86AE806C-A181-48DC-8ED0-E0DC757F9616}.Debug|ARM.Build.0 = Debug|Any CPU
		{86AE806C-A181-48DC-8ED0-E0DC757F9616}.Debug|ARM64.ActiveCfg = Debug|Any CPU
		{86AE806C-A181-48DC-8ED0-E0DC757F9616}.Debug|ARM64.Build.0 = Debug|Any CPU
		{86AE806C-A181-48DC-8ED0-E0DC757F9616}.Debug|x64.ActiveCfg = Debug|Any CPU
		{86AE806C-A181-48DC-8ED0-E0DC757F9616}.Debug|x64.Build.0 = Debug|Any CPU
		{86AE806C-A181-48DC-8ED0-E0DC757F9616}.Debug|x86.ActiveCfg = Debug|Any CPU
		{86AE806C-A181-48DC-8ED0-E0DC757F9616}.Debug|x86.Build.0 = Debug|Any CPU
		{86AE806C-A181-48DC-8ED0-E0DC757F9616}.Release|Any CPU.ActiveCfg = Release|Any CPU
		{86AE806C-A181-48DC-8ED0-E0DC757F9616}.Release|Any CPU.Build.0 = Release|Any CPU
		{86AE806C-A181-48DC-8ED0-E0DC757F9616}.Release|ARM.ActiveCfg = Release|Any CPU
		{86AE806C-A181-48DC-8ED0-E0DC757F9616}.Release|ARM.Build.0 = Release|Any CPU
		{86AE806C-A181-48DC-8ED0-E0DC757F9616}.Release|ARM64.ActiveCfg = Release|Any CPU
		{86AE806C-A181-48DC-8ED0-E0DC757F9616}.Release|ARM64.Build.0 = Release|Any CPU
		{86AE806C-A181-48DC-8ED0-E0DC757F9616}.Release|x64.ActiveCfg = Release|Any CPU
		{86AE806C-A181-48DC-8ED0-E0DC757F9616}.Release|x64.Build.0 = Release|Any CPU
		{86AE806C-A181-48DC-8ED0-E0DC757F9616}.Release|x86.ActiveCfg = Release|Any CPU
		{86AE806C-A181-48DC-8ED0-E0DC757F9616}.Release|x86.Build.0 = Release|Any CPU
		{416FC91C-A8D2-4F3F-8F88-F55C8150E608}.Debug|Any CPU.ActiveCfg = Debug|Any CPU
		{416FC91C-A8D2-4F3F-8F88-F55C8150E608}.Debug|Any CPU.Build.0 = Debug|Any CPU
		{416FC91C-A8D2-4F3F-8F88-F55C8150E608}.Debug|ARM.ActiveCfg = Debug|Any CPU
		{416FC91C-A8D2-4F3F-8F88-F55C8150E608}.Debug|ARM.Build.0 = Debug|Any CPU
		{416FC91C-A8D2-4F3F-8F88-F55C8150E608}.Debug|ARM64.ActiveCfg = Debug|Any CPU
		{416FC91C-A8D2-4F3F-8F88-F55C8150E608}.Debug|ARM64.Build.0 = Debug|Any CPU
		{416FC91C-A8D2-4F3F-8F88-F55C8150E608}.Debug|x64.ActiveCfg = Debug|Any CPU
		{416FC91C-A8D2-4F3F-8F88-F55C8150E608}.Debug|x64.Build.0 = Debug|Any CPU
		{416FC91C-A8D2-4F3F-8F88-F55C8150E608}.Debug|x86.ActiveCfg = Debug|Any CPU
		{416FC91C-A8D2-4F3F-8F88-F55C8150E608}.Debug|x86.Build.0 = Debug|Any CPU
		{416FC91C-A8D2-4F3F-8F88-F55C8150E608}.Release|Any CPU.ActiveCfg = Release|Any CPU
		{416FC91C-A8D2-4F3F-8F88-F55C8150E608}.Release|Any CPU.Build.0 = Release|Any CPU
		{416FC91C-A8D2-4F3F-8F88-F55C8150E608}.Release|ARM.ActiveCfg = Release|Any CPU
		{416FC91C-A8D2-4F3F-8F88-F55C8150E608}.Release|ARM.Build.0 = Release|Any CPU
		{416FC91C-A8D2-4F3F-8F88-F55C8150E608}.Release|ARM64.ActiveCfg = Release|Any CPU
		{416FC91C-A8D2-4F3F-8F88-F55C8150E608}.Release|ARM64.Build.0 = Release|Any CPU
		{416FC91C-A8D2-4F3F-8F88-F55C8150E608}.Release|x64.ActiveCfg = Release|Any CPU
		{416FC91C-A8D2-4F3F-8F88-F55C8150E608}.Release|x64.Build.0 = Release|Any CPU
		{416FC91C-A8D2-4F3F-8F88-F55C8150E608}.Release|x86.ActiveCfg = Release|Any CPU
		{416FC91C-A8D2-4F3F-8F88-F55C8150E608}.Release|x86.Build.0 = Release|Any CPU
		{B6813769-E781-4C2F-AC5A-82CA4F45BB38}.Debug|Any CPU.ActiveCfg = Debug|Any CPU
		{B6813769-E781-4C2F-AC5A-82CA4F45BB38}.Debug|Any CPU.Build.0 = Debug|Any CPU
		{B6813769-E781-4C2F-AC5A-82CA4F45BB38}.Debug|ARM.ActiveCfg = Debug|Any CPU
		{B6813769-E781-4C2F-AC5A-82CA4F45BB38}.Debug|ARM.Build.0 = Debug|Any CPU
		{B6813769-E781-4C2F-AC5A-82CA4F45BB38}.Debug|ARM64.ActiveCfg = Debug|Any CPU
		{B6813769-E781-4C2F-AC5A-82CA4F45BB38}.Debug|ARM64.Build.0 = Debug|Any CPU
		{B6813769-E781-4C2F-AC5A-82CA4F45BB38}.Debug|x64.ActiveCfg = Debug|Any CPU
		{B6813769-E781-4C2F-AC5A-82CA4F45BB38}.Debug|x64.Build.0 = Debug|Any CPU
		{B6813769-E781-4C2F-AC5A-82CA4F45BB38}.Debug|x86.ActiveCfg = Debug|Any CPU
		{B6813769-E781-4C2F-AC5A-82CA4F45BB38}.Debug|x86.Build.0 = Debug|Any CPU
		{B6813769-E781-4C2F-AC5A-82CA4F45BB38}.Release|Any CPU.ActiveCfg = Release|Any CPU
		{B6813769-E781-4C2F-AC5A-82CA4F45BB38}.Release|Any CPU.Build.0 = Release|Any CPU
		{B6813769-E781-4C2F-AC5A-82CA4F45BB38}.Release|ARM.ActiveCfg = Release|Any CPU
		{B6813769-E781-4C2F-AC5A-82CA4F45BB38}.Release|ARM.Build.0 = Release|Any CPU
		{B6813769-E781-4C2F-AC5A-82CA4F45BB38}.Release|ARM64.ActiveCfg = Release|Any CPU
		{B6813769-E781-4C2F-AC5A-82CA4F45BB38}.Release|ARM64.Build.0 = Release|Any CPU
		{B6813769-E781-4C2F-AC5A-82CA4F45BB38}.Release|x64.ActiveCfg = Release|Any CPU
		{B6813769-E781-4C2F-AC5A-82CA4F45BB38}.Release|x64.Build.0 = Release|Any CPU
		{B6813769-E781-4C2F-AC5A-82CA4F45BB38}.Release|x86.ActiveCfg = Release|Any CPU
		{B6813769-E781-4C2F-AC5A-82CA4F45BB38}.Release|x86.Build.0 = Release|Any CPU
		{F1859C67-D91A-4CC7-8C3C-E5A98ECE9AD3}.Debug|Any CPU.ActiveCfg = Debug|Any CPU
		{F1859C67-D91A-4CC7-8C3C-E5A98ECE9AD3}.Debug|Any CPU.Build.0 = Debug|Any CPU
		{F1859C67-D91A-4CC7-8C3C-E5A98ECE9AD3}.Debug|ARM.ActiveCfg = Debug|Any CPU
		{F1859C67-D91A-4CC7-8C3C-E5A98ECE9AD3}.Debug|ARM.Build.0 = Debug|Any CPU
		{F1859C67-D91A-4CC7-8C3C-E5A98ECE9AD3}.Debug|ARM64.ActiveCfg = Debug|Any CPU
		{F1859C67-D91A-4CC7-8C3C-E5A98ECE9AD3}.Debug|ARM64.Build.0 = Debug|Any CPU
		{F1859C67-D91A-4CC7-8C3C-E5A98ECE9AD3}.Debug|x64.ActiveCfg = Debug|Any CPU
		{F1859C67-D91A-4CC7-8C3C-E5A98ECE9AD3}.Debug|x64.Build.0 = Debug|Any CPU
		{F1859C67-D91A-4CC7-8C3C-E5A98ECE9AD3}.Debug|x86.ActiveCfg = Debug|Any CPU
		{F1859C67-D91A-4CC7-8C3C-E5A98ECE9AD3}.Debug|x86.Build.0 = Debug|Any CPU
		{F1859C67-D91A-4CC7-8C3C-E5A98ECE9AD3}.Release|Any CPU.ActiveCfg = Release|Any CPU
		{F1859C67-D91A-4CC7-8C3C-E5A98ECE9AD3}.Release|Any CPU.Build.0 = Release|Any CPU
		{F1859C67-D91A-4CC7-8C3C-E5A98ECE9AD3}.Release|ARM.ActiveCfg = Release|Any CPU
		{F1859C67-D91A-4CC7-8C3C-E5A98ECE9AD3}.Release|ARM.Build.0 = Release|Any CPU
		{F1859C67-D91A-4CC7-8C3C-E5A98ECE9AD3}.Release|ARM64.ActiveCfg = Release|Any CPU
		{F1859C67-D91A-4CC7-8C3C-E5A98ECE9AD3}.Release|ARM64.Build.0 = Release|Any CPU
		{F1859C67-D91A-4CC7-8C3C-E5A98ECE9AD3}.Release|x64.ActiveCfg = Release|Any CPU
		{F1859C67-D91A-4CC7-8C3C-E5A98ECE9AD3}.Release|x64.Build.0 = Release|Any CPU
		{F1859C67-D91A-4CC7-8C3C-E5A98ECE9AD3}.Release|x86.ActiveCfg = Release|Any CPU
		{F1859C67-D91A-4CC7-8C3C-E5A98ECE9AD3}.Release|x86.Build.0 = Release|Any CPU
		{A6ABFE78-566C-4534-947E-BEFB86BDA347}.Debug|Any CPU.ActiveCfg = Debug|Any CPU
		{A6ABFE78-566C-4534-947E-BEFB86BDA347}.Debug|Any CPU.Build.0 = Debug|Any CPU
		{A6ABFE78-566C-4534-947E-BEFB86BDA347}.Debug|ARM.ActiveCfg = Debug|Any CPU
		{A6ABFE78-566C-4534-947E-BEFB86BDA347}.Debug|ARM.Build.0 = Debug|Any CPU
		{A6ABFE78-566C-4534-947E-BEFB86BDA347}.Debug|ARM64.ActiveCfg = Debug|Any CPU
		{A6ABFE78-566C-4534-947E-BEFB86BDA347}.Debug|ARM64.Build.0 = Debug|Any CPU
		{A6ABFE78-566C-4534-947E-BEFB86BDA347}.Debug|x64.ActiveCfg = Debug|Any CPU
		{A6ABFE78-566C-4534-947E-BEFB86BDA347}.Debug|x64.Build.0 = Debug|Any CPU
		{A6ABFE78-566C-4534-947E-BEFB86BDA347}.Debug|x86.ActiveCfg = Debug|Any CPU
		{A6ABFE78-566C-4534-947E-BEFB86BDA347}.Debug|x86.Build.0 = Debug|Any CPU
		{A6ABFE78-566C-4534-947E-BEFB86BDA347}.Release|Any CPU.ActiveCfg = Release|Any CPU
		{A6ABFE78-566C-4534-947E-BEFB86BDA347}.Release|Any CPU.Build.0 = Release|Any CPU
		{A6ABFE78-566C-4534-947E-BEFB86BDA347}.Release|ARM.ActiveCfg = Release|Any CPU
		{A6ABFE78-566C-4534-947E-BEFB86BDA347}.Release|ARM.Build.0 = Release|Any CPU
		{A6ABFE78-566C-4534-947E-BEFB86BDA347}.Release|ARM64.ActiveCfg = Release|Any CPU
		{A6ABFE78-566C-4534-947E-BEFB86BDA347}.Release|ARM64.Build.0 = Release|Any CPU
		{A6ABFE78-566C-4534-947E-BEFB86BDA347}.Release|x64.ActiveCfg = Release|Any CPU
		{A6ABFE78-566C-4534-947E-BEFB86BDA347}.Release|x64.Build.0 = Release|Any CPU
		{A6ABFE78-566C-4534-947E-BEFB86BDA347}.Release|x86.ActiveCfg = Release|Any CPU
		{A6ABFE78-566C-4534-947E-BEFB86BDA347}.Release|x86.Build.0 = Release|Any CPU
		{AD1F57E0-055A-4838-91AD-B824BF17E481}.Debug|Any CPU.ActiveCfg = Debug|Any CPU
		{AD1F57E0-055A-4838-91AD-B824BF17E481}.Debug|Any CPU.Build.0 = Debug|Any CPU
		{AD1F57E0-055A-4838-91AD-B824BF17E481}.Debug|ARM.ActiveCfg = Debug|Any CPU
		{AD1F57E0-055A-4838-91AD-B824BF17E481}.Debug|ARM.Build.0 = Debug|Any CPU
		{AD1F57E0-055A-4838-91AD-B824BF17E481}.Debug|ARM64.ActiveCfg = Debug|Any CPU
		{AD1F57E0-055A-4838-91AD-B824BF17E481}.Debug|ARM64.Build.0 = Debug|Any CPU
		{AD1F57E0-055A-4838-91AD-B824BF17E481}.Debug|x64.ActiveCfg = Debug|Any CPU
		{AD1F57E0-055A-4838-91AD-B824BF17E481}.Debug|x64.Build.0 = Debug|Any CPU
		{AD1F57E0-055A-4838-91AD-B824BF17E481}.Debug|x86.ActiveCfg = Debug|Any CPU
		{AD1F57E0-055A-4838-91AD-B824BF17E481}.Debug|x86.Build.0 = Debug|Any CPU
		{AD1F57E0-055A-4838-91AD-B824BF17E481}.Release|Any CPU.ActiveCfg = Release|Any CPU
		{AD1F57E0-055A-4838-91AD-B824BF17E481}.Release|Any CPU.Build.0 = Release|Any CPU
		{AD1F57E0-055A-4838-91AD-B824BF17E481}.Release|ARM.ActiveCfg = Release|Any CPU
		{AD1F57E0-055A-4838-91AD-B824BF17E481}.Release|ARM.Build.0 = Release|Any CPU
		{AD1F57E0-055A-4838-91AD-B824BF17E481}.Release|ARM64.ActiveCfg = Release|Any CPU
		{AD1F57E0-055A-4838-91AD-B824BF17E481}.Release|ARM64.Build.0 = Release|Any CPU
		{AD1F57E0-055A-4838-91AD-B824BF17E481}.Release|x64.ActiveCfg = Release|Any CPU
		{AD1F57E0-055A-4838-91AD-B824BF17E481}.Release|x64.Build.0 = Release|Any CPU
		{AD1F57E0-055A-4838-91AD-B824BF17E481}.Release|x86.ActiveCfg = Release|Any CPU
		{AD1F57E0-055A-4838-91AD-B824BF17E481}.Release|x86.Build.0 = Release|Any CPU
		{F2CAA958-5A0E-4BB3-B624-B8360C5F2978}.Debug|Any CPU.ActiveCfg = Debug|Any CPU
		{F2CAA958-5A0E-4BB3-B624-B8360C5F2978}.Debug|Any CPU.Build.0 = Debug|Any CPU
		{F2CAA958-5A0E-4BB3-B624-B8360C5F2978}.Debug|ARM.ActiveCfg = Debug|Any CPU
		{F2CAA958-5A0E-4BB3-B624-B8360C5F2978}.Debug|ARM.Build.0 = Debug|Any CPU
		{F2CAA958-5A0E-4BB3-B624-B8360C5F2978}.Debug|ARM64.ActiveCfg = Debug|Any CPU
		{F2CAA958-5A0E-4BB3-B624-B8360C5F2978}.Debug|ARM64.Build.0 = Debug|Any CPU
		{F2CAA958-5A0E-4BB3-B624-B8360C5F2978}.Debug|x64.ActiveCfg = Debug|Any CPU
		{F2CAA958-5A0E-4BB3-B624-B8360C5F2978}.Debug|x64.Build.0 = Debug|Any CPU
		{F2CAA958-5A0E-4BB3-B624-B8360C5F2978}.Debug|x86.ActiveCfg = Debug|Any CPU
		{F2CAA958-5A0E-4BB3-B624-B8360C5F2978}.Debug|x86.Build.0 = Debug|Any CPU
		{F2CAA958-5A0E-4BB3-B624-B8360C5F2978}.Release|Any CPU.ActiveCfg = Release|Any CPU
		{F2CAA958-5A0E-4BB3-B624-B8360C5F2978}.Release|Any CPU.Build.0 = Release|Any CPU
		{F2CAA958-5A0E-4BB3-B624-B8360C5F2978}.Release|ARM.ActiveCfg = Release|Any CPU
		{F2CAA958-5A0E-4BB3-B624-B8360C5F2978}.Release|ARM.Build.0 = Release|Any CPU
		{F2CAA958-5A0E-4BB3-B624-B8360C5F2978}.Release|ARM64.ActiveCfg = Release|Any CPU
		{F2CAA958-5A0E-4BB3-B624-B8360C5F2978}.Release|ARM64.Build.0 = Release|Any CPU
		{F2CAA958-5A0E-4BB3-B624-B8360C5F2978}.Release|x64.ActiveCfg = Release|Any CPU
		{F2CAA958-5A0E-4BB3-B624-B8360C5F2978}.Release|x64.Build.0 = Release|Any CPU
		{F2CAA958-5A0E-4BB3-B624-B8360C5F2978}.Release|x86.ActiveCfg = Release|Any CPU
		{F2CAA958-5A0E-4BB3-B624-B8360C5F2978}.Release|x86.Build.0 = Release|Any CPU
		{DD760082-E0FA-433F-A1D0-D05F5D91FFA9}.Debug|Any CPU.ActiveCfg = Debug|Any CPU
		{DD760082-E0FA-433F-A1D0-D05F5D91FFA9}.Debug|Any CPU.Build.0 = Debug|Any CPU
		{DD760082-E0FA-433F-A1D0-D05F5D91FFA9}.Debug|ARM.ActiveCfg = Debug|Any CPU
		{DD760082-E0FA-433F-A1D0-D05F5D91FFA9}.Debug|ARM.Build.0 = Debug|Any CPU
		{DD760082-E0FA-433F-A1D0-D05F5D91FFA9}.Debug|ARM64.ActiveCfg = Debug|Any CPU
		{DD760082-E0FA-433F-A1D0-D05F5D91FFA9}.Debug|ARM64.Build.0 = Debug|Any CPU
		{DD760082-E0FA-433F-A1D0-D05F5D91FFA9}.Debug|x64.ActiveCfg = Debug|Any CPU
		{DD760082-E0FA-433F-A1D0-D05F5D91FFA9}.Debug|x64.Build.0 = Debug|Any CPU
		{DD760082-E0FA-433F-A1D0-D05F5D91FFA9}.Debug|x86.ActiveCfg = Debug|Any CPU
		{DD760082-E0FA-433F-A1D0-D05F5D91FFA9}.Debug|x86.Build.0 = Debug|Any CPU
		{DD760082-E0FA-433F-A1D0-D05F5D91FFA9}.Release|Any CPU.ActiveCfg = Release|Any CPU
		{DD760082-E0FA-433F-A1D0-D05F5D91FFA9}.Release|Any CPU.Build.0 = Release|Any CPU
		{DD760082-E0FA-433F-A1D0-D05F5D91FFA9}.Release|ARM.ActiveCfg = Release|Any CPU
		{DD760082-E0FA-433F-A1D0-D05F5D91FFA9}.Release|ARM.Build.0 = Release|Any CPU
		{DD760082-E0FA-433F-A1D0-D05F5D91FFA9}.Release|ARM64.ActiveCfg = Release|Any CPU
		{DD760082-E0FA-433F-A1D0-D05F5D91FFA9}.Release|ARM64.Build.0 = Release|Any CPU
		{DD760082-E0FA-433F-A1D0-D05F5D91FFA9}.Release|x64.ActiveCfg = Release|Any CPU
		{DD760082-E0FA-433F-A1D0-D05F5D91FFA9}.Release|x64.Build.0 = Release|Any CPU
		{DD760082-E0FA-433F-A1D0-D05F5D91FFA9}.Release|x86.ActiveCfg = Release|Any CPU
		{DD760082-E0FA-433F-A1D0-D05F5D91FFA9}.Release|x86.Build.0 = Release|Any CPU
		{74041466-C4C6-4396-8B57-D176CF5C0FD9}.Debug|Any CPU.ActiveCfg = Debug|Any CPU
		{74041466-C4C6-4396-8B57-D176CF5C0FD9}.Debug|Any CPU.Build.0 = Debug|Any CPU
		{74041466-C4C6-4396-8B57-D176CF5C0FD9}.Debug|ARM.ActiveCfg = Debug|Any CPU
		{74041466-C4C6-4396-8B57-D176CF5C0FD9}.Debug|ARM.Build.0 = Debug|Any CPU
		{74041466-C4C6-4396-8B57-D176CF5C0FD9}.Debug|ARM64.ActiveCfg = Debug|Any CPU
		{74041466-C4C6-4396-8B57-D176CF5C0FD9}.Debug|ARM64.Build.0 = Debug|Any CPU
		{74041466-C4C6-4396-8B57-D176CF5C0FD9}.Debug|x64.ActiveCfg = Debug|Any CPU
		{74041466-C4C6-4396-8B57-D176CF5C0FD9}.Debug|x64.Build.0 = Debug|Any CPU
		{74041466-C4C6-4396-8B57-D176CF5C0FD9}.Debug|x86.ActiveCfg = Debug|Any CPU
		{74041466-C4C6-4396-8B57-D176CF5C0FD9}.Debug|x86.Build.0 = Debug|Any CPU
		{74041466-C4C6-4396-8B57-D176CF5C0FD9}.Release|Any CPU.ActiveCfg = Release|Any CPU
		{74041466-C4C6-4396-8B57-D176CF5C0FD9}.Release|Any CPU.Build.0 = Release|Any CPU
		{74041466-C4C6-4396-8B57-D176CF5C0FD9}.Release|ARM.ActiveCfg = Release|Any CPU
		{74041466-C4C6-4396-8B57-D176CF5C0FD9}.Release|ARM.Build.0 = Release|Any CPU
		{74041466-C4C6-4396-8B57-D176CF5C0FD9}.Release|ARM64.ActiveCfg = Release|Any CPU
		{74041466-C4C6-4396-8B57-D176CF5C0FD9}.Release|ARM64.Build.0 = Release|Any CPU
		{74041466-C4C6-4396-8B57-D176CF5C0FD9}.Release|x64.ActiveCfg = Release|Any CPU
		{74041466-C4C6-4396-8B57-D176CF5C0FD9}.Release|x64.Build.0 = Release|Any CPU
		{74041466-C4C6-4396-8B57-D176CF5C0FD9}.Release|x86.ActiveCfg = Release|Any CPU
		{74041466-C4C6-4396-8B57-D176CF5C0FD9}.Release|x86.Build.0 = Release|Any CPU
		{33BC9402-331E-47B5-8EE8-4F15AF463D12}.Debug|Any CPU.ActiveCfg = Debug|Any CPU
		{33BC9402-331E-47B5-8EE8-4F15AF463D12}.Debug|Any CPU.Build.0 = Debug|Any CPU
		{33BC9402-331E-47B5-8EE8-4F15AF463D12}.Debug|ARM.ActiveCfg = Debug|Any CPU
		{33BC9402-331E-47B5-8EE8-4F15AF463D12}.Debug|ARM.Build.0 = Debug|Any CPU
		{33BC9402-331E-47B5-8EE8-4F15AF463D12}.Debug|ARM64.ActiveCfg = Debug|Any CPU
		{33BC9402-331E-47B5-8EE8-4F15AF463D12}.Debug|ARM64.Build.0 = Debug|Any CPU
		{33BC9402-331E-47B5-8EE8-4F15AF463D12}.Debug|x64.ActiveCfg = Debug|Any CPU
		{33BC9402-331E-47B5-8EE8-4F15AF463D12}.Debug|x64.Build.0 = Debug|Any CPU
		{33BC9402-331E-47B5-8EE8-4F15AF463D12}.Debug|x86.ActiveCfg = Debug|Any CPU
		{33BC9402-331E-47B5-8EE8-4F15AF463D12}.Debug|x86.Build.0 = Debug|Any CPU
		{33BC9402-331E-47B5-8EE8-4F15AF463D12}.Release|Any CPU.ActiveCfg = Release|Any CPU
		{33BC9402-331E-47B5-8EE8-4F15AF463D12}.Release|Any CPU.Build.0 = Release|Any CPU
		{33BC9402-331E-47B5-8EE8-4F15AF463D12}.Release|ARM.ActiveCfg = Release|Any CPU
		{33BC9402-331E-47B5-8EE8-4F15AF463D12}.Release|ARM.Build.0 = Release|Any CPU
		{33BC9402-331E-47B5-8EE8-4F15AF463D12}.Release|ARM64.ActiveCfg = Release|Any CPU
		{33BC9402-331E-47B5-8EE8-4F15AF463D12}.Release|ARM64.Build.0 = Release|Any CPU
		{33BC9402-331E-47B5-8EE8-4F15AF463D12}.Release|x64.ActiveCfg = Release|Any CPU
		{33BC9402-331E-47B5-8EE8-4F15AF463D12}.Release|x64.Build.0 = Release|Any CPU
		{33BC9402-331E-47B5-8EE8-4F15AF463D12}.Release|x86.ActiveCfg = Release|Any CPU
		{33BC9402-331E-47B5-8EE8-4F15AF463D12}.Release|x86.Build.0 = Release|Any CPU
		{62E90DFE-FF71-4558-A33E-361BFE60BF9D}.Debug|Any CPU.ActiveCfg = Debug|Any CPU
		{62E90DFE-FF71-4558-A33E-361BFE60BF9D}.Debug|Any CPU.Build.0 = Debug|Any CPU
		{62E90DFE-FF71-4558-A33E-361BFE60BF9D}.Debug|ARM.ActiveCfg = Debug|Any CPU
		{62E90DFE-FF71-4558-A33E-361BFE60BF9D}.Debug|ARM.Build.0 = Debug|Any CPU
		{62E90DFE-FF71-4558-A33E-361BFE60BF9D}.Debug|ARM64.ActiveCfg = Debug|Any CPU
		{62E90DFE-FF71-4558-A33E-361BFE60BF9D}.Debug|ARM64.Build.0 = Debug|Any CPU
		{62E90DFE-FF71-4558-A33E-361BFE60BF9D}.Debug|x64.ActiveCfg = Debug|Any CPU
		{62E90DFE-FF71-4558-A33E-361BFE60BF9D}.Debug|x64.Build.0 = Debug|Any CPU
		{62E90DFE-FF71-4558-A33E-361BFE60BF9D}.Debug|x86.ActiveCfg = Debug|Any CPU
		{62E90DFE-FF71-4558-A33E-361BFE60BF9D}.Debug|x86.Build.0 = Debug|Any CPU
		{62E90DFE-FF71-4558-A33E-361BFE60BF9D}.Release|Any CPU.ActiveCfg = Release|Any CPU
		{62E90DFE-FF71-4558-A33E-361BFE60BF9D}.Release|Any CPU.Build.0 = Release|Any CPU
		{62E90DFE-FF71-4558-A33E-361BFE60BF9D}.Release|ARM.ActiveCfg = Release|Any CPU
		{62E90DFE-FF71-4558-A33E-361BFE60BF9D}.Release|ARM.Build.0 = Release|Any CPU
		{62E90DFE-FF71-4558-A33E-361BFE60BF9D}.Release|ARM64.ActiveCfg = Release|Any CPU
		{62E90DFE-FF71-4558-A33E-361BFE60BF9D}.Release|ARM64.Build.0 = Release|Any CPU
		{62E90DFE-FF71-4558-A33E-361BFE60BF9D}.Release|x64.ActiveCfg = Release|Any CPU
		{62E90DFE-FF71-4558-A33E-361BFE60BF9D}.Release|x64.Build.0 = Release|Any CPU
		{62E90DFE-FF71-4558-A33E-361BFE60BF9D}.Release|x86.ActiveCfg = Release|Any CPU
		{62E90DFE-FF71-4558-A33E-361BFE60BF9D}.Release|x86.Build.0 = Release|Any CPU
		{CABB5675-02EF-42A7-A2C9-E4F37D66D12B}.Debug|Any CPU.ActiveCfg = Debug|Any CPU
		{CABB5675-02EF-42A7-A2C9-E4F37D66D12B}.Debug|Any CPU.Build.0 = Debug|Any CPU
		{CABB5675-02EF-42A7-A2C9-E4F37D66D12B}.Debug|ARM.ActiveCfg = Debug|Any CPU
		{CABB5675-02EF-42A7-A2C9-E4F37D66D12B}.Debug|ARM.Build.0 = Debug|Any CPU
		{CABB5675-02EF-42A7-A2C9-E4F37D66D12B}.Debug|ARM64.ActiveCfg = Debug|Any CPU
		{CABB5675-02EF-42A7-A2C9-E4F37D66D12B}.Debug|ARM64.Build.0 = Debug|Any CPU
		{CABB5675-02EF-42A7-A2C9-E4F37D66D12B}.Debug|x64.ActiveCfg = Debug|Any CPU
		{CABB5675-02EF-42A7-A2C9-E4F37D66D12B}.Debug|x64.Build.0 = Debug|Any CPU
		{CABB5675-02EF-42A7-A2C9-E4F37D66D12B}.Debug|x86.ActiveCfg = Debug|Any CPU
		{CABB5675-02EF-42A7-A2C9-E4F37D66D12B}.Debug|x86.Build.0 = Debug|Any CPU
		{CABB5675-02EF-42A7-A2C9-E4F37D66D12B}.Release|Any CPU.ActiveCfg = Release|Any CPU
		{CABB5675-02EF-42A7-A2C9-E4F37D66D12B}.Release|Any CPU.Build.0 = Release|Any CPU
		{CABB5675-02EF-42A7-A2C9-E4F37D66D12B}.Release|ARM.ActiveCfg = Release|Any CPU
		{CABB5675-02EF-42A7-A2C9-E4F37D66D12B}.Release|ARM.Build.0 = Release|Any CPU
		{CABB5675-02EF-42A7-A2C9-E4F37D66D12B}.Release|ARM64.ActiveCfg = Release|Any CPU
		{CABB5675-02EF-42A7-A2C9-E4F37D66D12B}.Release|ARM64.Build.0 = Release|Any CPU
		{CABB5675-02EF-42A7-A2C9-E4F37D66D12B}.Release|x64.ActiveCfg = Release|Any CPU
		{CABB5675-02EF-42A7-A2C9-E4F37D66D12B}.Release|x64.Build.0 = Release|Any CPU
		{CABB5675-02EF-42A7-A2C9-E4F37D66D12B}.Release|x86.ActiveCfg = Release|Any CPU
		{CABB5675-02EF-42A7-A2C9-E4F37D66D12B}.Release|x86.Build.0 = Release|Any CPU
		{87DE982D-A97E-4D4A-84A4-0971A3710E41}.Debug|Any CPU.ActiveCfg = Debug|Any CPU
		{87DE982D-A97E-4D4A-84A4-0971A3710E41}.Debug|Any CPU.Build.0 = Debug|Any CPU
		{87DE982D-A97E-4D4A-84A4-0971A3710E41}.Debug|ARM.ActiveCfg = Debug|Any CPU
		{87DE982D-A97E-4D4A-84A4-0971A3710E41}.Debug|ARM.Build.0 = Debug|Any CPU
		{87DE982D-A97E-4D4A-84A4-0971A3710E41}.Debug|ARM64.ActiveCfg = Debug|Any CPU
		{87DE982D-A97E-4D4A-84A4-0971A3710E41}.Debug|ARM64.Build.0 = Debug|Any CPU
		{87DE982D-A97E-4D4A-84A4-0971A3710E41}.Debug|x64.ActiveCfg = Debug|Any CPU
		{87DE982D-A97E-4D4A-84A4-0971A3710E41}.Debug|x64.Build.0 = Debug|Any CPU
		{87DE982D-A97E-4D4A-84A4-0971A3710E41}.Debug|x86.ActiveCfg = Debug|Any CPU
		{87DE982D-A97E-4D4A-84A4-0971A3710E41}.Debug|x86.Build.0 = Debug|Any CPU
		{87DE982D-A97E-4D4A-84A4-0971A3710E41}.Release|Any CPU.ActiveCfg = Release|Any CPU
		{87DE982D-A97E-4D4A-84A4-0971A3710E41}.Release|Any CPU.Build.0 = Release|Any CPU
		{87DE982D-A97E-4D4A-84A4-0971A3710E41}.Release|ARM.ActiveCfg = Release|Any CPU
		{87DE982D-A97E-4D4A-84A4-0971A3710E41}.Release|ARM.Build.0 = Release|Any CPU
		{87DE982D-A97E-4D4A-84A4-0971A3710E41}.Release|ARM64.ActiveCfg = Release|Any CPU
		{87DE982D-A97E-4D4A-84A4-0971A3710E41}.Release|ARM64.Build.0 = Release|Any CPU
		{87DE982D-A97E-4D4A-84A4-0971A3710E41}.Release|x64.ActiveCfg = Release|Any CPU
		{87DE982D-A97E-4D4A-84A4-0971A3710E41}.Release|x64.Build.0 = Release|Any CPU
		{87DE982D-A97E-4D4A-84A4-0971A3710E41}.Release|x86.ActiveCfg = Release|Any CPU
		{87DE982D-A97E-4D4A-84A4-0971A3710E41}.Release|x86.Build.0 = Release|Any CPU
	EndGlobalSection
	GlobalSection(SolutionProperties) = preSolution
		HideSolutionNode = FALSE
	EndGlobalSection
	GlobalSection(NestedProjects) = preSolution
		{BC306EC6-B992-4E54-B251-4CA06A67073F} = {578C9885-5712-41D2-AF42-C994C2720066}
		{578C9885-5712-41D2-AF42-C994C2720066} = {958591BB-32C1-48C4-B5FA-11A2C5686814}
		{E3BD9706-427D-49CA-A308-92783D37759A} = {958591BB-32C1-48C4-B5FA-11A2C5686814}
		{18462094-A6ED-461B-8FCA-1E38A95EBB09} = {E3BD9706-427D-49CA-A308-92783D37759A}
		{91C7B2D6-878B-45C8-B74C-E4170E88466F} = {B5460912-B309-4623-8FB6-B7175D66F20F}
		{7ECC186E-0E28-4A74-B7AC-F3C56C2457C9} = {91C7B2D6-878B-45C8-B74C-E4170E88466F}
		{67928986-73D6-45E6-A6DC-87113DE6CEF9} = {62592C78-61AA-44B4-A7C3-EAC678A568A2}
		{4478C3AB-BB9F-4032-AB21-016E3C5F4898} = {67928986-73D6-45E6-A6DC-87113DE6CEF9}
		{91FA378B-3862-42C8-A37A-BB0B2B7BF166} = {67928986-73D6-45E6-A6DC-87113DE6CEF9}
		{3EC85E81-5F1D-47D3-B757-7032DE54C212} = {67928986-73D6-45E6-A6DC-87113DE6CEF9}
		{F07B4EF4-55A5-45B0-8A3D-BF8C9C632607} = {67928986-73D6-45E6-A6DC-87113DE6CEF9}
		{1EC970DF-3DFC-4A4E-91CA-816E1B28F06B} = {67928986-73D6-45E6-A6DC-87113DE6CEF9}
		{54BFD38C-46BE-49D5-9F50-DA774F198F14} = {67928986-73D6-45E6-A6DC-87113DE6CEF9}
		{0A8EF671-0277-4F7A-B03D-C6E227020E86} = {62592C78-61AA-44B4-A7C3-EAC678A568A2}
		{ED5001B1-A78B-4881-9BD8-CB56DD930585} = {0A8EF671-0277-4F7A-B03D-C6E227020E86}
		{8E64E10B-E04F-4B0E-B0C2-437F850BF6D1} = {0A8EF671-0277-4F7A-B03D-C6E227020E86}
		{86AE806C-A181-48DC-8ED0-E0DC757F9616} = {0A8EF671-0277-4F7A-B03D-C6E227020E86}
		{416FC91C-A8D2-4F3F-8F88-F55C8150E608} = {0A8EF671-0277-4F7A-B03D-C6E227020E86}
		{B6813769-E781-4C2F-AC5A-82CA4F45BB38} = {0A8EF671-0277-4F7A-B03D-C6E227020E86}
		{F1859C67-D91A-4CC7-8C3C-E5A98ECE9AD3} = {0A8EF671-0277-4F7A-B03D-C6E227020E86}
		{A6ABFE78-566C-4534-947E-BEFB86BDA347} = {0A8EF671-0277-4F7A-B03D-C6E227020E86}
		{AD1F57E0-055A-4838-91AD-B824BF17E481} = {0A8EF671-0277-4F7A-B03D-C6E227020E86}
		{F2CAA958-5A0E-4BB3-B624-B8360C5F2978} = {0A8EF671-0277-4F7A-B03D-C6E227020E86}
		{DD760082-E0FA-433F-A1D0-D05F5D91FFA9} = {0A8EF671-0277-4F7A-B03D-C6E227020E86}
		{74041466-C4C6-4396-8B57-D176CF5C0FD9} = {0A8EF671-0277-4F7A-B03D-C6E227020E86}
		{33BC9402-331E-47B5-8EE8-4F15AF463D12} = {0A8EF671-0277-4F7A-B03D-C6E227020E86}
		{62E90DFE-FF71-4558-A33E-361BFE60BF9D} = {0A8EF671-0277-4F7A-B03D-C6E227020E86}
		{CABB5675-02EF-42A7-A2C9-E4F37D66D12B} = {0A8EF671-0277-4F7A-B03D-C6E227020E86}
		{87DE982D-A97E-4D4A-84A4-0971A3710E41} = {0A8EF671-0277-4F7A-B03D-C6E227020E86}
	EndGlobalSection
	GlobalSection(ExtensibilityGlobals) = postSolution
		SolutionGuid = {983A22B3-AE5B-4B67-A798-F6A6697B82A8}
	EndGlobalSection
EndGlobal
