
Microsoft Visual Studio Solution File, Format Version 12.00
# Visual Studio 15
VisualStudioVersion = 15.0.27130.2003
MinimumVisualStudioVersion = 10.0.40219.1
Project("{2150E333-8FDC-42A3-9474-1A3956D46DE8}") = "src", "src", "{958591BB-32C1-48C4-B5FA-11A2C5686814}"
EndProject
Project("{9A19103F-16F7-4668-BE54-9A1E7A4F7556}") = "MvvmDialogs", "src\net\MvvmDialogs.csproj", "{BC306EC6-B992-4E54-B251-4CA06A67073F}"
EndProject
Project("{2150E333-8FDC-42A3-9474-1A3956D46DE8}") = "net", "net", "{578C9885-5712-41D2-AF42-C994C2720066}"
EndProject
Project("{2150E333-8FDC-42A3-9474-1A3956D46DE8}") = "universal", "universal", "{E3BD9706-427D-49CA-A308-92783D37759A}"
EndProject
Project("{FAE04EC0-301F-11D3-BF4B-00C04F79EFBC}") = "MvvmDialogs", "src\universal\MvvmDialogs.csproj", "{18462094-A6ED-461B-8FCA-1E38A95EBB09}"
EndProject
Project("{2150E333-8FDC-42A3-9474-1A3956D46DE8}") = "test", "test", "{B5460912-B309-4623-8FB6-B7175D66F20F}"
EndProject
Project("{2150E333-8FDC-42A3-9474-1A3956D46DE8}") = "net", "net", "{91C7B2D6-878B-45C8-B74C-E4170E88466F}"
EndProject
Project("{9A19103F-16F7-4668-BE54-9A1E7A4F7556}") = "MvvmDialogs.Test", "test\net\MvvmDialogs.Test.csproj", "{7ECC186E-0E28-4A74-B7AC-F3C56C2457C9}"
EndProject
Project("{2150E333-8FDC-42A3-9474-1A3956D46DE8}") = "samples", "samples", "{62592C78-61AA-44B4-A7C3-EAC678A568A2}"
EndProject
Global
	GlobalSection(SolutionConfigurationPlatforms) = preSolution
		Debug|Any CPU = Debug|Any CPU
		Debug|ARM = Debug|ARM
		Debug|x64 = Debug|x64
		Debug|x86 = Debug|x86
		Release|Any CPU = Release|Any CPU
		Release|ARM = Release|ARM
		Release|x64 = Release|x64
		Release|x86 = Release|x86
	EndGlobalSection
	GlobalSection(ProjectConfigurationPlatforms) = postSolution
		{BC306EC6-B992-4E54-B251-4CA06A67073F}.Debug|Any CPU.ActiveCfg = Debug|Any CPU
		{BC306EC6-B992-4E54-B251-4CA06A67073F}.Debug|Any CPU.Build.0 = Debug|Any CPU
		{BC306EC6-B992-4E54-B251-4CA06A67073F}.Debug|ARM.ActiveCfg = Debug|Any CPU
		{BC306EC6-B992-4E54-B251-4CA06A67073F}.Debug|ARM.Build.0 = Debug|Any CPU
		{BC306EC6-B992-4E54-B251-4CA06A67073F}.Debug|x64.ActiveCfg = Debug|Any CPU
		{BC306EC6-B992-4E54-B251-4CA06A67073F}.Debug|x64.Build.0 = Debug|Any CPU
		{BC306EC6-B992-4E54-B251-4CA06A67073F}.Debug|x86.ActiveCfg = Debug|Any CPU
		{BC306EC6-B992-4E54-B251-4CA06A67073F}.Debug|x86.Build.0 = Debug|Any CPU
		{BC306EC6-B992-4E54-B251-4CA06A67073F}.Release|Any CPU.ActiveCfg = Release|Any CPU
		{BC306EC6-B992-4E54-B251-4CA06A67073F}.Release|Any CPU.Build.0 = Release|Any CPU
		{BC306EC6-B992-4E54-B251-4CA06A67073F}.Release|ARM.ActiveCfg = Release|Any CPU
		{BC306EC6-B992-4E54-B251-4CA06A67073F}.Release|ARM.Build.0 = Release|Any CPU
		{BC306EC6-B992-4E54-B251-4CA06A67073F}.Release|x64.ActiveCfg = Release|Any CPU
		{BC306EC6-B992-4E54-B251-4CA06A67073F}.Release|x64.Build.0 = Release|Any CPU
		{BC306EC6-B992-4E54-B251-4CA06A67073F}.Release|x86.ActiveCfg = Release|Any CPU
		{BC306EC6-B992-4E54-B251-4CA06A67073F}.Release|x86.Build.0 = Release|Any CPU
		{18462094-A6ED-461B-8FCA-1E38A95EBB09}.Debug|Any CPU.ActiveCfg = Debug|Any CPU
		{18462094-A6ED-461B-8FCA-1E38A95EBB09}.Debug|Any CPU.Build.0 = Debug|Any CPU
		{18462094-A6ED-461B-8FCA-1E38A95EBB09}.Debug|ARM.ActiveCfg = Debug|ARM
		{18462094-A6ED-461B-8FCA-1E38A95EBB09}.Debug|ARM.Build.0 = Debug|ARM
		{18462094-A6ED-461B-8FCA-1E38A95EBB09}.Debug|x64.ActiveCfg = Debug|x64
		{18462094-A6ED-461B-8FCA-1E38A95EBB09}.Debug|x64.Build.0 = Debug|x64
		{18462094-A6ED-461B-8FCA-1E38A95EBB09}.Debug|x86.ActiveCfg = Debug|x86
		{18462094-A6ED-461B-8FCA-1E38A95EBB09}.Debug|x86.Build.0 = Debug|x86
		{18462094-A6ED-461B-8FCA-1E38A95EBB09}.Release|Any CPU.ActiveCfg = Release|Any CPU
		{18462094-A6ED-461B-8FCA-1E38A95EBB09}.Release|Any CPU.Build.0 = Release|Any CPU
		{18462094-A6ED-461B-8FCA-1E38A95EBB09}.Release|ARM.ActiveCfg = Release|ARM
		{18462094-A6ED-461B-8FCA-1E38A95EBB09}.Release|ARM.Build.0 = Release|ARM
		{18462094-A6ED-461B-8FCA-1E38A95EBB09}.Release|x64.ActiveCfg = Release|x64
		{18462094-A6ED-461B-8FCA-1E38A95EBB09}.Release|x64.Build.0 = Release|x64
		{18462094-A6ED-461B-8FCA-1E38A95EBB09}.Release|x86.ActiveCfg = Release|x86
		{18462094-A6ED-461B-8FCA-1E38A95EBB09}.Release|x86.Build.0 = Release|x86
		{7ECC186E-0E28-4A74-B7AC-F3C56C2457C9}.Debug|Any CPU.ActiveCfg = Debug|Any CPU
		{7ECC186E-0E28-4A74-B7AC-F3C56C2457C9}.Debug|Any CPU.Build.0 = Debug|Any CPU
		{7ECC186E-0E28-4A74-B7AC-F3C56C2457C9}.Debug|ARM.ActiveCfg = Debug|Any CPU
		{7ECC186E-0E28-4A74-B7AC-F3C56C2457C9}.Debug|ARM.Build.0 = Debug|Any CPU
		{7ECC186E-0E28-4A74-B7AC-F3C56C2457C9}.Debug|x64.ActiveCfg = Debug|Any CPU
		{7ECC186E-0E28-4A74-B7AC-F3C56C2457C9}.Debug|x64.Build.0 = Debug|Any CPU
		{7ECC186E-0E28-4A74-B7AC-F3C56C2457C9}.Debug|x86.ActiveCfg = Debug|Any CPU
		{7ECC186E-0E28-4A74-B7AC-F3C56C2457C9}.Debug|x86.Build.0 = Debug|Any CPU
		{7ECC186E-0E28-4A74-B7AC-F3C56C2457C9}.Release|Any CPU.ActiveCfg = Release|Any CPU
		{7ECC186E-0E28-4A74-B7AC-F3C56C2457C9}.Release|Any CPU.Build.0 = Release|Any CPU
		{7ECC186E-0E28-4A74-B7AC-F3C56C2457C9}.Release|ARM.ActiveCfg = Release|Any CPU
		{7ECC186E-0E28-4A74-B7AC-F3C56C2457C9}.Release|ARM.Build.0 = Release|Any CPU
		{7ECC186E-0E28-4A74-B7AC-F3C56C2457C9}.Release|x64.ActiveCfg = Release|Any CPU
		{7ECC186E-0E28-4A74-B7AC-F3C56C2457C9}.Release|x64.Build.0 = Release|Any CPU
		{7ECC186E-0E28-4A74-B7AC-F3C56C2457C9}.Release|x86.ActiveCfg = Release|Any CPU
		{7ECC186E-0E28-4A74-B7AC-F3C56C2457C9}.Release|x86.Build.0 = Release|Any CPU
	EndGlobalSection
	GlobalSection(SolutionProperties) = preSolution
		HideSolutionNode = FALSE
	EndGlobalSection
	GlobalSection(NestedProjects) = preSolution
		{BC306EC6-B992-4E54-B251-4CA06A67073F} = {578C9885-5712-41D2-AF42-C994C2720066}
		{578C9885-5712-41D2-AF42-C994C2720066} = {958591BB-32C1-48C4-B5FA-11A2C5686814}
		{E3BD9706-427D-49CA-A308-92783D37759A} = {958591BB-32C1-48C4-B5FA-11A2C5686814}
		{18462094-A6ED-461B-8FCA-1E38A95EBB09} = {E3BD9706-427D-49CA-A308-92783D37759A}
		{91C7B2D6-878B-45C8-B74C-E4170E88466F} = {B5460912-B309-4623-8FB6-B7175D66F20F}
		{7ECC186E-0E28-4A74-B7AC-F3C56C2457C9} = {91C7B2D6-878B-45C8-B74C-E4170E88466F}
	EndGlobalSection
	GlobalSection(ExtensibilityGlobals) = postSolution
		SolutionGuid = {983A22B3-AE5B-4B67-A798-F6A6697B82A8}
	EndGlobalSection
EndGlobal
