
Microsoft Visual Studio Solution File, Format Version 11.00
# Visual Studio 2010
Project("{FAE04EC0-301F-11D3-BF4B-00C04F79EFBC}") = "MVVM_Dialogs", "MVVM_Dialogs\MVVM_Dialogs.csproj", "{AB577548-B7F6-49AE-94D6-C41639BD0FF6}"
EndProject
Project("{FAE04EC0-301F-11D3-BF4B-00C04F79EFBC}") = "MVVM_DialogsTest", "MVVM_DialogsTest\MVVM_DialogsTest.csproj", "{A72166A5-297F-4198-A098-05A9A06C2574}"
EndProject
Global
	GlobalSection(SolutionConfigurationPlatforms) = preSolution
		Debug|Any CPU = Debug|Any CPU
		Release|Any CPU = Release|Any CPU
	EndGlobalSection
	GlobalSection(ProjectConfigurationPlatforms) = postSolution
		{AB577548-B7F6-49AE-94D6-C41639BD0FF6}.Debug|Any CPU.ActiveCfg = Debug|Any CPU
		{AB577548-B7F6-49AE-94D6-C41639BD0FF6}.Debug|Any CPU.Build.0 = Debug|Any CPU
		{AB577548-B7F6-49AE-94D6-C41639BD0FF6}.Release|Any CPU.ActiveCfg = Release|Any CPU
		{AB577548-B7F6-49AE-94D6-C41639BD0FF6}.Release|Any CPU.Build.0 = Release|Any CPU
		{A72166A5-297F-4198-A098-05A9A06C2574}.Debug|Any CPU.ActiveCfg = Debug|Any CPU
		{A72166A5-297F-4198-A098-05A9A06C2574}.Debug|Any CPU.Build.0 = Debug|Any CPU
		{A72166A5-297F-4198-A098-05A9A06C2574}.Release|Any CPU.ActiveCfg = Release|Any CPU
		{A72166A5-297F-4198-A098-05A9A06C2574}.Release|Any CPU.Build.0 = Release|Any CPU
	EndGlobalSection
	GlobalSection(SolutionProperties) = preSolution
		HideSolutionNode = FALSE
	EndGlobalSection
EndGlobal
