
Microsoft Visual Studio Solution File, Format Version 12.00
# Visual Studio 14
VisualStudioVersion = 14.0.25123.0
MinimumVisualStudioVersion = 10.0.40219.1
Project("{FAE04EC0-301F-11D3-BF4B-00C04F79EFBC}") = "MvvmDialogs", "NET\MvvmDialogs\MvvmDialogs.csproj", "{29051B6F-74C5-4EF6-A792-4E382CE233FA}"
EndProject
Project("{2150E333-8FDC-42A3-9474-1A3956D46DE8}") = ".CodeAnalysis", ".CodeAnalysis", "{21AAA7B6-6176-4748-BBE6-3DBBCAEAB9EC}"
	ProjectSection(SolutionItems) = preProject
		MvvmDialogs.ruleset = MvvmDialogs.ruleset
	EndProjectSection
EndProject
Project("{FAE04EC0-301F-11D3-BF4B-00C04F79EFBC}") = "MvvmDialogsTest", "NET\MvvmDialogsTest\MvvmDialogsTest.csproj", "{A332ED47-E057-4969-860A-1BA6DBA86B01}"
EndProject
Project("{2150E333-8FDC-42A3-9474-1A3956D46DE8}") = ".Build", ".Build", "{134A5091-AAE0-489D-A704-F4A2456C6D35}"
	ProjectSection(SolutionItems) = preProject
		..\appveyor.yml = ..\appveyor.yml
		MvvmDialogs.nuspec = MvvmDialogs.nuspec
	EndProjectSection
EndProject
Project("{2150E333-8FDC-42A3-9474-1A3956D46DE8}") = ".Documentation", ".Documentation", "{76759856-59C1-41D8-9024-B899606B1EF6}"
	ProjectSection(SolutionItems) = preProject
		..\CHANGELOG.md = ..\CHANGELOG.md
		..\LICENSE = ..\LICENSE
		..\README.md = ..\README.md
	EndProjectSection
EndProject
Project("{2150E333-8FDC-42A3-9474-1A3956D46DE8}") = "MVVM Dialogs (NET)", "MVVM Dialogs (NET)", "{9B8B1EA1-23B5-49D7-AC42-40C9B317405A}"
EndProject
Project("{2150E333-8FDC-42A3-9474-1A3956D46DE8}") = "MVVM Dialogs (Universal)", "MVVM Dialogs (Universal)", "{F903FDDC-2417-48E4-8F4F-004E5FA7F0B2}"
EndProject
Project("{FAE04EC0-301F-11D3-BF4B-00C04F79EFBC}") = "MvvmDialogs", "Universal\MvvmDialogs\MvvmDialogs.csproj", "{27565340-6841-4CC7-9E41-B92F1DA23CBC}"
EndProject
Project("{2150E333-8FDC-42A3-9474-1A3956D46DE8}") = ".SourceControl", ".SourceControl", "{2EC01C50-556F-40EF-92D1-B5B782B76B88}"
	ProjectSection(SolutionItems) = preProject
		..\.gitignore = ..\.gitignore
	EndProjectSection
EndProject
Project("{2150E333-8FDC-42A3-9474-1A3956D46DE8}") = "Demos", "Demos", "{E86832E0-64C9-498F-AA09-51D334FE0370}"
EndProject
Project("{FAE04EC0-301F-11D3-BF4B-00C04F79EFBC}") = "Demo.ModalDialog", "NET\Demos\Demo.ModalDialog\Demo.ModalDialog.csproj", "{E125DA09-788C-49CF-A8EF-059759F90FFA}"
EndProject
Project("{FAE04EC0-301F-11D3-BF4B-00C04F79EFBC}") = "Demo.NonModalDialog", "NET\Demos\Demo.NonModalDialog\Demo.NonModalDialog.csproj", "{05141BD6-8AB8-446F-AB7D-B4F4A1AF3453}"
EndProject
Project("{FAE04EC0-301F-11D3-BF4B-00C04F79EFBC}") = "Demo.MessageBox", "NET\Demos\Demo.MessageBox\Demo.MessageBox.csproj", "{024341AD-3E60-45A6-961A-9D994CA65EA9}"
EndProject
Project("{FAE04EC0-301F-11D3-BF4B-00C04F79EFBC}") = "Demo.FolderBrowserDialog", "NET\Demos\Demo.FolderBrowserDialog\Demo.FolderBrowserDialog.csproj", "{C3954CE7-7715-4B9B-81FC-079F58F1819F}"
EndProject
Project("{FAE04EC0-301F-11D3-BF4B-00C04F79EFBC}") = "Demo.OpenFileDialog", "NET\Demos\Demo.OpenFileDialog\Demo.OpenFileDialog.csproj", "{81CC82EA-84DB-4D12-9BFE-B12437451AE2}"
EndProject
Project("{FAE04EC0-301F-11D3-BF4B-00C04F79EFBC}") = "Demo.SaveFileDialog", "NET\Demos\Demo.SaveFileDialog\Demo.SaveFileDialog.csproj", "{52A53605-85C0-4ADE-8D79-1FD7C4774AFD}"
EndProject
Project("{FAE04EC0-301F-11D3-BF4B-00C04F79EFBC}") = "Demo.FolderBrowserDialogTest", "NET\Demos\Demo.FolderBrowserDialogTest\Demo.FolderBrowserDialogTest.csproj", "{7A7BEC3C-2352-48E7-9D07-A7C6089CA83F}"
EndProject
Project("{FAE04EC0-301F-11D3-BF4B-00C04F79EFBC}") = "Demo.MessageBoxTest", "NET\Demos\Demo.MessageBoxTest\Demo.MessageBoxTest.csproj", "{6B512CF2-8AB6-4080-8D16-F3DA866A6053}"
EndProject
Project("{FAE04EC0-301F-11D3-BF4B-00C04F79EFBC}") = "Demo.ModalDialogTest", "NET\Demos\Demo.ModalDialogTest\Demo.ModalDialogTest.csproj", "{806A9ACE-BF4F-41D8-8E1A-CF04B7952CB5}"
EndProject
Project("{FAE04EC0-301F-11D3-BF4B-00C04F79EFBC}") = "Demo.NonModalDialogTest", "NET\Demos\Demo.NonModalDialogTest\Demo.NonModalDialogTest.csproj", "{7FFB04D2-9B1C-4474-AA28-8D3570F97651}"
EndProject
Project("{FAE04EC0-301F-11D3-BF4B-00C04F79EFBC}") = "Demo.OpenFileDialogTest", "NET\Demos\Demo.OpenFileDialogTest\Demo.OpenFileDialogTest.csproj", "{2076CE15-4A2E-4BFF-9F56-62D33420BA04}"
EndProject
Project("{FAE04EC0-301F-11D3-BF4B-00C04F79EFBC}") = "Demo.SaveFileDialogTest", "NET\Demos\Demo.SaveFileDialogTest\Demo.SaveFileDialogTest.csproj", "{89D24FD8-21E0-4305-A56D-F78502F853F9}"
EndProject
Project("{FAE04EC0-301F-11D3-BF4B-00C04F79EFBC}") = "TestBaseClasses", "NET\Demos\TestBaseClasses\TestBaseClasses.csproj", "{12389BC0-E512-4FAC-9713-21819B7A5A49}"
EndProject
Project("{2150E333-8FDC-42A3-9474-1A3956D46DE8}") = "Demos", "Demos", "{0E097C8B-82AA-463A-9EAA-F8EBC7E825DF}"
EndProject
Project("{FAE04EC0-301F-11D3-BF4B-00C04F79EFBC}") = "Demo.ContentDialog", "Universal\Demo\Demo.ContentDialog\Demo.ContentDialog.csproj", "{72DEFA6C-F541-40D2-A17E-438CCC029555}"
EndProject
Project("{FAE04EC0-301F-11D3-BF4B-00C04F79EFBC}") = "Demo.MessageDialog", "Universal\Demo\Demo.MessageDialog\Demo.MessageDialog.csproj", "{B689198B-BB12-4B80-A564-09DF28B24FE4}"
EndProject
Project("{FAE04EC0-301F-11D3-BF4B-00C04F79EFBC}") = "Demo.PickFiles", "Universal\Demo\Demo.PickFiles\Demo.PickFiles.csproj", "{F52410BA-035E-4FE5-B2BB-5B1C9E5D6700}"
EndProject
Project("{FAE04EC0-301F-11D3-BF4B-00C04F79EFBC}") = "Demo.PickSaveFile", "Universal\Demo\Demo.PickSaveFile\Demo.PickSaveFile.csproj", "{17E88150-428A-47FD-BB1D-9F54CC087C94}"
EndProject
Project("{FAE04EC0-301F-11D3-BF4B-00C04F79EFBC}") = "Demo.PickSingleFolder", "Universal\Demo\Demo.PickSingleFolder\Demo.PickSingleFolder.csproj", "{128BF79B-E614-4289-9D07-1BF166BB6C40}"
EndProject
Global
	GlobalSection(SolutionConfigurationPlatforms) = preSolution
		Debug|Any CPU = Debug|Any CPU
		Debug|ARM = Debug|ARM
		Debug|x64 = Debug|x64
		Debug|x86 = Debug|x86
		Release|Any CPU = Release|Any CPU
		Release|ARM = Release|ARM
		Release|x64 = Release|x64
		Release|x86 = Release|x86
	EndGlobalSection
	GlobalSection(ProjectConfigurationPlatforms) = postSolution
		{29051B6F-74C5-4EF6-A792-4E382CE233FA}.Debug|Any CPU.ActiveCfg = Debug|Any CPU
		{29051B6F-74C5-4EF6-A792-4E382CE233FA}.Debug|Any CPU.Build.0 = Debug|Any CPU
		{29051B6F-74C5-4EF6-A792-4E382CE233FA}.Debug|ARM.ActiveCfg = Debug|Any CPU
		{29051B6F-74C5-4EF6-A792-4E382CE233FA}.Debug|ARM.Build.0 = Debug|Any CPU
		{29051B6F-74C5-4EF6-A792-4E382CE233FA}.Debug|x64.ActiveCfg = Debug|Any CPU
		{29051B6F-74C5-4EF6-A792-4E382CE233FA}.Debug|x64.Build.0 = Debug|Any CPU
		{29051B6F-74C5-4EF6-A792-4E382CE233FA}.Debug|x86.ActiveCfg = Debug|Any CPU
		{29051B6F-74C5-4EF6-A792-4E382CE233FA}.Debug|x86.Build.0 = Debug|Any CPU
		{29051B6F-74C5-4EF6-A792-4E382CE233FA}.Release|Any CPU.ActiveCfg = Release|Any CPU
		{29051B6F-74C5-4EF6-A792-4E382CE233FA}.Release|Any CPU.Build.0 = Release|Any CPU
		{29051B6F-74C5-4EF6-A792-4E382CE233FA}.Release|ARM.ActiveCfg = Release|Any CPU
		{29051B6F-74C5-4EF6-A792-4E382CE233FA}.Release|ARM.Build.0 = Release|Any CPU
		{29051B6F-74C5-4EF6-A792-4E382CE233FA}.Release|x64.ActiveCfg = Release|Any CPU
		{29051B6F-74C5-4EF6-A792-4E382CE233FA}.Release|x64.Build.0 = Release|Any CPU
		{29051B6F-74C5-4EF6-A792-4E382CE233FA}.Release|x86.ActiveCfg = Release|Any CPU
		{29051B6F-74C5-4EF6-A792-4E382CE233FA}.Release|x86.Build.0 = Release|Any CPU
		{A332ED47-E057-4969-860A-1BA6DBA86B01}.Debug|Any CPU.ActiveCfg = Debug|Any CPU
		{A332ED47-E057-4969-860A-1BA6DBA86B01}.Debug|Any CPU.Build.0 = Debug|Any CPU
		{A332ED47-E057-4969-860A-1BA6DBA86B01}.Debug|ARM.ActiveCfg = Debug|Any CPU
		{A332ED47-E057-4969-860A-1BA6DBA86B01}.Debug|ARM.Build.0 = Debug|Any CPU
		{A332ED47-E057-4969-860A-1BA6DBA86B01}.Debug|x64.ActiveCfg = Debug|Any CPU
		{A332ED47-E057-4969-860A-1BA6DBA86B01}.Debug|x64.Build.0 = Debug|Any CPU
		{A332ED47-E057-4969-860A-1BA6DBA86B01}.Debug|x86.ActiveCfg = Debug|Any CPU
		{A332ED47-E057-4969-860A-1BA6DBA86B01}.Debug|x86.Build.0 = Debug|Any CPU
		{A332ED47-E057-4969-860A-1BA6DBA86B01}.Release|Any CPU.ActiveCfg = Release|Any CPU
		{A332ED47-E057-4969-860A-1BA6DBA86B01}.Release|Any CPU.Build.0 = Release|Any CPU
		{A332ED47-E057-4969-860A-1BA6DBA86B01}.Release|ARM.ActiveCfg = Release|Any CPU
		{A332ED47-E057-4969-860A-1BA6DBA86B01}.Release|ARM.Build.0 = Release|Any CPU
		{A332ED47-E057-4969-860A-1BA6DBA86B01}.Release|x64.ActiveCfg = Release|Any CPU
		{A332ED47-E057-4969-860A-1BA6DBA86B01}.Release|x64.Build.0 = Release|Any CPU
		{A332ED47-E057-4969-860A-1BA6DBA86B01}.Release|x86.ActiveCfg = Release|Any CPU
		{A332ED47-E057-4969-860A-1BA6DBA86B01}.Release|x86.Build.0 = Release|Any CPU
		{27565340-6841-4CC7-9E41-B92F1DA23CBC}.Debug|Any CPU.ActiveCfg = Debug|Any CPU
		{27565340-6841-4CC7-9E41-B92F1DA23CBC}.Debug|Any CPU.Build.0 = Debug|Any CPU
		{27565340-6841-4CC7-9E41-B92F1DA23CBC}.Debug|ARM.ActiveCfg = Debug|ARM
		{27565340-6841-4CC7-9E41-B92F1DA23CBC}.Debug|ARM.Build.0 = Debug|ARM
		{27565340-6841-4CC7-9E41-B92F1DA23CBC}.Debug|x64.ActiveCfg = Debug|x64
		{27565340-6841-4CC7-9E41-B92F1DA23CBC}.Debug|x64.Build.0 = Debug|x64
		{27565340-6841-4CC7-9E41-B92F1DA23CBC}.Debug|x86.ActiveCfg = Debug|x86
		{27565340-6841-4CC7-9E41-B92F1DA23CBC}.Debug|x86.Build.0 = Debug|x86
		{27565340-6841-4CC7-9E41-B92F1DA23CBC}.Release|Any CPU.ActiveCfg = Release|Any CPU
		{27565340-6841-4CC7-9E41-B92F1DA23CBC}.Release|Any CPU.Build.0 = Release|Any CPU
		{27565340-6841-4CC7-9E41-B92F1DA23CBC}.Release|ARM.ActiveCfg = Release|ARM
		{27565340-6841-4CC7-9E41-B92F1DA23CBC}.Release|ARM.Build.0 = Release|ARM
		{27565340-6841-4CC7-9E41-B92F1DA23CBC}.Release|x64.ActiveCfg = Release|x64
		{27565340-6841-4CC7-9E41-B92F1DA23CBC}.Release|x64.Build.0 = Release|x64
		{27565340-6841-4CC7-9E41-B92F1DA23CBC}.Release|x86.ActiveCfg = Release|x86
		{27565340-6841-4CC7-9E41-B92F1DA23CBC}.Release|x86.Build.0 = Release|x86
		{E125DA09-788C-49CF-A8EF-059759F90FFA}.Debug|Any CPU.ActiveCfg = Debug|Any CPU
		{E125DA09-788C-49CF-A8EF-059759F90FFA}.Debug|Any CPU.Build.0 = Debug|Any CPU
		{E125DA09-788C-49CF-A8EF-059759F90FFA}.Debug|ARM.ActiveCfg = Debug|Any CPU
		{E125DA09-788C-49CF-A8EF-059759F90FFA}.Debug|ARM.Build.0 = Debug|Any CPU
		{E125DA09-788C-49CF-A8EF-059759F90FFA}.Debug|x64.ActiveCfg = Debug|Any CPU
		{E125DA09-788C-49CF-A8EF-059759F90FFA}.Debug|x64.Build.0 = Debug|Any CPU
		{E125DA09-788C-49CF-A8EF-059759F90FFA}.Debug|x86.ActiveCfg = Debug|Any CPU
		{E125DA09-788C-49CF-A8EF-059759F90FFA}.Debug|x86.Build.0 = Debug|Any CPU
		{E125DA09-788C-49CF-A8EF-059759F90FFA}.Release|Any CPU.ActiveCfg = Release|Any CPU
		{E125DA09-788C-49CF-A8EF-059759F90FFA}.Release|Any CPU.Build.0 = Release|Any CPU
		{E125DA09-788C-49CF-A8EF-059759F90FFA}.Release|ARM.ActiveCfg = Release|Any CPU
		{E125DA09-788C-49CF-A8EF-059759F90FFA}.Release|ARM.Build.0 = Release|Any CPU
		{E125DA09-788C-49CF-A8EF-059759F90FFA}.Release|x64.ActiveCfg = Release|Any CPU
		{E125DA09-788C-49CF-A8EF-059759F90FFA}.Release|x64.Build.0 = Release|Any CPU
		{E125DA09-788C-49CF-A8EF-059759F90FFA}.Release|x86.ActiveCfg = Release|Any CPU
		{E125DA09-788C-49CF-A8EF-059759F90FFA}.Release|x86.Build.0 = Release|Any CPU
		{05141BD6-8AB8-446F-AB7D-B4F4A1AF3453}.Debug|Any CPU.ActiveCfg = Debug|Any CPU
		{05141BD6-8AB8-446F-AB7D-B4F4A1AF3453}.Debug|Any CPU.Build.0 = Debug|Any CPU
		{05141BD6-8AB8-446F-AB7D-B4F4A1AF3453}.Debug|ARM.ActiveCfg = Debug|Any CPU
		{05141BD6-8AB8-446F-AB7D-B4F4A1AF3453}.Debug|ARM.Build.0 = Debug|Any CPU
		{05141BD6-8AB8-446F-AB7D-B4F4A1AF3453}.Debug|x64.ActiveCfg = Debug|Any CPU
		{05141BD6-8AB8-446F-AB7D-B4F4A1AF3453}.Debug|x64.Build.0 = Debug|Any CPU
		{05141BD6-8AB8-446F-AB7D-B4F4A1AF3453}.Debug|x86.ActiveCfg = Debug|Any CPU
		{05141BD6-8AB8-446F-AB7D-B4F4A1AF3453}.Debug|x86.Build.0 = Debug|Any CPU
		{05141BD6-8AB8-446F-AB7D-B4F4A1AF3453}.Release|Any CPU.ActiveCfg = Release|Any CPU
		{05141BD6-8AB8-446F-AB7D-B4F4A1AF3453}.Release|Any CPU.Build.0 = Release|Any CPU
		{05141BD6-8AB8-446F-AB7D-B4F4A1AF3453}.Release|ARM.ActiveCfg = Release|Any CPU
		{05141BD6-8AB8-446F-AB7D-B4F4A1AF3453}.Release|ARM.Build.0 = Release|Any CPU
		{05141BD6-8AB8-446F-AB7D-B4F4A1AF3453}.Release|x64.ActiveCfg = Release|Any CPU
		{05141BD6-8AB8-446F-AB7D-B4F4A1AF3453}.Release|x64.Build.0 = Release|Any CPU
		{05141BD6-8AB8-446F-AB7D-B4F4A1AF3453}.Release|x86.ActiveCfg = Release|Any CPU
		{05141BD6-8AB8-446F-AB7D-B4F4A1AF3453}.Release|x86.Build.0 = Release|Any CPU
		{024341AD-3E60-45A6-961A-9D994CA65EA9}.Debug|Any CPU.ActiveCfg = Debug|Any CPU
		{024341AD-3E60-45A6-961A-9D994CA65EA9}.Debug|Any CPU.Build.0 = Debug|Any CPU
		{024341AD-3E60-45A6-961A-9D994CA65EA9}.Debug|ARM.ActiveCfg = Debug|Any CPU
		{024341AD-3E60-45A6-961A-9D994CA65EA9}.Debug|ARM.Build.0 = Debug|Any CPU
		{024341AD-3E60-45A6-961A-9D994CA65EA9}.Debug|x64.ActiveCfg = Debug|Any CPU
		{024341AD-3E60-45A6-961A-9D994CA65EA9}.Debug|x64.Build.0 = Debug|Any CPU
		{024341AD-3E60-45A6-961A-9D994CA65EA9}.Debug|x86.ActiveCfg = Debug|Any CPU
		{024341AD-3E60-45A6-961A-9D994CA65EA9}.Debug|x86.Build.0 = Debug|Any CPU
		{024341AD-3E60-45A6-961A-9D994CA65EA9}.Release|Any CPU.ActiveCfg = Release|Any CPU
		{024341AD-3E60-45A6-961A-9D994CA65EA9}.Release|Any CPU.Build.0 = Release|Any CPU
		{024341AD-3E60-45A6-961A-9D994CA65EA9}.Release|ARM.ActiveCfg = Release|Any CPU
		{024341AD-3E60-45A6-961A-9D994CA65EA9}.Release|ARM.Build.0 = Release|Any CPU
		{024341AD-3E60-45A6-961A-9D994CA65EA9}.Release|x64.ActiveCfg = Release|Any CPU
		{024341AD-3E60-45A6-961A-9D994CA65EA9}.Release|x64.Build.0 = Release|Any CPU
		{024341AD-3E60-45A6-961A-9D994CA65EA9}.Release|x86.ActiveCfg = Release|Any CPU
		{024341AD-3E60-45A6-961A-9D994CA65EA9}.Release|x86.Build.0 = Release|Any CPU
		{C3954CE7-7715-4B9B-81FC-079F58F1819F}.Debug|Any CPU.ActiveCfg = Debug|Any CPU
		{C3954CE7-7715-4B9B-81FC-079F58F1819F}.Debug|Any CPU.Build.0 = Debug|Any CPU
		{C3954CE7-7715-4B9B-81FC-079F58F1819F}.Debug|ARM.ActiveCfg = Debug|Any CPU
		{C3954CE7-7715-4B9B-81FC-079F58F1819F}.Debug|ARM.Build.0 = Debug|Any CPU
		{C3954CE7-7715-4B9B-81FC-079F58F1819F}.Debug|x64.ActiveCfg = Debug|Any CPU
		{C3954CE7-7715-4B9B-81FC-079F58F1819F}.Debug|x64.Build.0 = Debug|Any CPU
		{C3954CE7-7715-4B9B-81FC-079F58F1819F}.Debug|x86.ActiveCfg = Debug|Any CPU
		{C3954CE7-7715-4B9B-81FC-079F58F1819F}.Debug|x86.Build.0 = Debug|Any CPU
		{C3954CE7-7715-4B9B-81FC-079F58F1819F}.Release|Any CPU.ActiveCfg = Release|Any CPU
		{C3954CE7-7715-4B9B-81FC-079F58F1819F}.Release|Any CPU.Build.0 = Release|Any CPU
		{C3954CE7-7715-4B9B-81FC-079F58F1819F}.Release|ARM.ActiveCfg = Release|Any CPU
		{C3954CE7-7715-4B9B-81FC-079F58F1819F}.Release|ARM.Build.0 = Release|Any CPU
		{C3954CE7-7715-4B9B-81FC-079F58F1819F}.Release|x64.ActiveCfg = Release|Any CPU
		{C3954CE7-7715-4B9B-81FC-079F58F1819F}.Release|x64.Build.0 = Release|Any CPU
		{C3954CE7-7715-4B9B-81FC-079F58F1819F}.Release|x86.ActiveCfg = Release|Any CPU
		{C3954CE7-7715-4B9B-81FC-079F58F1819F}.Release|x86.Build.0 = Release|Any CPU
		{81CC82EA-84DB-4D12-9BFE-B12437451AE2}.Debug|Any CPU.ActiveCfg = Debug|Any CPU
		{81CC82EA-84DB-4D12-9BFE-B12437451AE2}.Debug|Any CPU.Build.0 = Debug|Any CPU
		{81CC82EA-84DB-4D12-9BFE-B12437451AE2}.Debug|ARM.ActiveCfg = Debug|Any CPU
		{81CC82EA-84DB-4D12-9BFE-B12437451AE2}.Debug|ARM.Build.0 = Debug|Any CPU
		{81CC82EA-84DB-4D12-9BFE-B12437451AE2}.Debug|x64.ActiveCfg = Debug|Any CPU
		{81CC82EA-84DB-4D12-9BFE-B12437451AE2}.Debug|x64.Build.0 = Debug|Any CPU
		{81CC82EA-84DB-4D12-9BFE-B12437451AE2}.Debug|x86.ActiveCfg = Debug|Any CPU
		{81CC82EA-84DB-4D12-9BFE-B12437451AE2}.Debug|x86.Build.0 = Debug|Any CPU
		{81CC82EA-84DB-4D12-9BFE-B12437451AE2}.Release|Any CPU.ActiveCfg = Release|Any CPU
		{81CC82EA-84DB-4D12-9BFE-B12437451AE2}.Release|Any CPU.Build.0 = Release|Any CPU
		{81CC82EA-84DB-4D12-9BFE-B12437451AE2}.Release|ARM.ActiveCfg = Release|Any CPU
		{81CC82EA-84DB-4D12-9BFE-B12437451AE2}.Release|ARM.Build.0 = Release|Any CPU
		{81CC82EA-84DB-4D12-9BFE-B12437451AE2}.Release|x64.ActiveCfg = Release|Any CPU
		{81CC82EA-84DB-4D12-9BFE-B12437451AE2}.Release|x64.Build.0 = Release|Any CPU
		{81CC82EA-84DB-4D12-9BFE-B12437451AE2}.Release|x86.ActiveCfg = Release|Any CPU
		{81CC82EA-84DB-4D12-9BFE-B12437451AE2}.Release|x86.Build.0 = Release|Any CPU
		{52A53605-85C0-4ADE-8D79-1FD7C4774AFD}.Debug|Any CPU.ActiveCfg = Debug|Any CPU
		{52A53605-85C0-4ADE-8D79-1FD7C4774AFD}.Debug|Any CPU.Build.0 = Debug|Any CPU
		{52A53605-85C0-4ADE-8D79-1FD7C4774AFD}.Debug|ARM.ActiveCfg = Debug|Any CPU
		{52A53605-85C0-4ADE-8D79-1FD7C4774AFD}.Debug|ARM.Build.0 = Debug|Any CPU
		{52A53605-85C0-4ADE-8D79-1FD7C4774AFD}.Debug|x64.ActiveCfg = Debug|Any CPU
		{52A53605-85C0-4ADE-8D79-1FD7C4774AFD}.Debug|x64.Build.0 = Debug|Any CPU
		{52A53605-85C0-4ADE-8D79-1FD7C4774AFD}.Debug|x86.ActiveCfg = Debug|Any CPU
		{52A53605-85C0-4ADE-8D79-1FD7C4774AFD}.Debug|x86.Build.0 = Debug|Any CPU
		{52A53605-85C0-4ADE-8D79-1FD7C4774AFD}.Release|Any CPU.ActiveCfg = Release|Any CPU
		{52A53605-85C0-4ADE-8D79-1FD7C4774AFD}.Release|Any CPU.Build.0 = Release|Any CPU
		{52A53605-85C0-4ADE-8D79-1FD7C4774AFD}.Release|ARM.ActiveCfg = Release|Any CPU
		{52A53605-85C0-4ADE-8D79-1FD7C4774AFD}.Release|ARM.Build.0 = Release|Any CPU
		{52A53605-85C0-4ADE-8D79-1FD7C4774AFD}.Release|x64.ActiveCfg = Release|Any CPU
		{52A53605-85C0-4ADE-8D79-1FD7C4774AFD}.Release|x64.Build.0 = Release|Any CPU
		{52A53605-85C0-4ADE-8D79-1FD7C4774AFD}.Release|x86.ActiveCfg = Release|Any CPU
		{52A53605-85C0-4ADE-8D79-1FD7C4774AFD}.Release|x86.Build.0 = Release|Any CPU
		{7A7BEC3C-2352-48E7-9D07-A7C6089CA83F}.Debug|Any CPU.ActiveCfg = Debug|Any CPU
		{7A7BEC3C-2352-48E7-9D07-A7C6089CA83F}.Debug|Any CPU.Build.0 = Debug|Any CPU
		{7A7BEC3C-2352-48E7-9D07-A7C6089CA83F}.Debug|ARM.ActiveCfg = Debug|Any CPU
		{7A7BEC3C-2352-48E7-9D07-A7C6089CA83F}.Debug|ARM.Build.0 = Debug|Any CPU
		{7A7BEC3C-2352-48E7-9D07-A7C6089CA83F}.Debug|x64.ActiveCfg = Debug|Any CPU
		{7A7BEC3C-2352-48E7-9D07-A7C6089CA83F}.Debug|x64.Build.0 = Debug|Any CPU
		{7A7BEC3C-2352-48E7-9D07-A7C6089CA83F}.Debug|x86.ActiveCfg = Debug|Any CPU
		{7A7BEC3C-2352-48E7-9D07-A7C6089CA83F}.Debug|x86.Build.0 = Debug|Any CPU
		{7A7BEC3C-2352-48E7-9D07-A7C6089CA83F}.Release|Any CPU.ActiveCfg = Release|Any CPU
		{7A7BEC3C-2352-48E7-9D07-A7C6089CA83F}.Release|Any CPU.Build.0 = Release|Any CPU
		{7A7BEC3C-2352-48E7-9D07-A7C6089CA83F}.Release|ARM.ActiveCfg = Release|Any CPU
		{7A7BEC3C-2352-48E7-9D07-A7C6089CA83F}.Release|ARM.Build.0 = Release|Any CPU
		{7A7BEC3C-2352-48E7-9D07-A7C6089CA83F}.Release|x64.ActiveCfg = Release|Any CPU
		{7A7BEC3C-2352-48E7-9D07-A7C6089CA83F}.Release|x64.Build.0 = Release|Any CPU
		{7A7BEC3C-2352-48E7-9D07-A7C6089CA83F}.Release|x86.ActiveCfg = Release|Any CPU
		{7A7BEC3C-2352-48E7-9D07-A7C6089CA83F}.Release|x86.Build.0 = Release|Any CPU
		{6B512CF2-8AB6-4080-8D16-F3DA866A6053}.Debug|Any CPU.ActiveCfg = Debug|Any CPU
		{6B512CF2-8AB6-4080-8D16-F3DA866A6053}.Debug|Any CPU.Build.0 = Debug|Any CPU
		{6B512CF2-8AB6-4080-8D16-F3DA866A6053}.Debug|ARM.ActiveCfg = Debug|Any CPU
		{6B512CF2-8AB6-4080-8D16-F3DA866A6053}.Debug|ARM.Build.0 = Debug|Any CPU
		{6B512CF2-8AB6-4080-8D16-F3DA866A6053}.Debug|x64.ActiveCfg = Debug|Any CPU
		{6B512CF2-8AB6-4080-8D16-F3DA866A6053}.Debug|x64.Build.0 = Debug|Any CPU
		{6B512CF2-8AB6-4080-8D16-F3DA866A6053}.Debug|x86.ActiveCfg = Debug|Any CPU
		{6B512CF2-8AB6-4080-8D16-F3DA866A6053}.Debug|x86.Build.0 = Debug|Any CPU
		{6B512CF2-8AB6-4080-8D16-F3DA866A6053}.Release|Any CPU.ActiveCfg = Release|Any CPU
		{6B512CF2-8AB6-4080-8D16-F3DA866A6053}.Release|Any CPU.Build.0 = Release|Any CPU
		{6B512CF2-8AB6-4080-8D16-F3DA866A6053}.Release|ARM.ActiveCfg = Release|Any CPU
		{6B512CF2-8AB6-4080-8D16-F3DA866A6053}.Release|ARM.Build.0 = Release|Any CPU
		{6B512CF2-8AB6-4080-8D16-F3DA866A6053}.Release|x64.ActiveCfg = Release|Any CPU
		{6B512CF2-8AB6-4080-8D16-F3DA866A6053}.Release|x64.Build.0 = Release|Any CPU
		{6B512CF2-8AB6-4080-8D16-F3DA866A6053}.Release|x86.ActiveCfg = Release|Any CPU
		{6B512CF2-8AB6-4080-8D16-F3DA866A6053}.Release|x86.Build.0 = Release|Any CPU
		{806A9ACE-BF4F-41D8-8E1A-CF04B7952CB5}.Debug|Any CPU.ActiveCfg = Debug|Any CPU
		{806A9ACE-BF4F-41D8-8E1A-CF04B7952CB5}.Debug|Any CPU.Build.0 = Debug|Any CPU
		{806A9ACE-BF4F-41D8-8E1A-CF04B7952CB5}.Debug|ARM.ActiveCfg = Debug|Any CPU
		{806A9ACE-BF4F-41D8-8E1A-CF04B7952CB5}.Debug|ARM.Build.0 = Debug|Any CPU
		{806A9ACE-BF4F-41D8-8E1A-CF04B7952CB5}.Debug|x64.ActiveCfg = Debug|Any CPU
		{806A9ACE-BF4F-41D8-8E1A-CF04B7952CB5}.Debug|x64.Build.0 = Debug|Any CPU
		{806A9ACE-BF4F-41D8-8E1A-CF04B7952CB5}.Debug|x86.ActiveCfg = Debug|Any CPU
		{806A9ACE-BF4F-41D8-8E1A-CF04B7952CB5}.Debug|x86.Build.0 = Debug|Any CPU
		{806A9ACE-BF4F-41D8-8E1A-CF04B7952CB5}.Release|Any CPU.ActiveCfg = Release|Any CPU
		{806A9ACE-BF4F-41D8-8E1A-CF04B7952CB5}.Release|Any CPU.Build.0 = Release|Any CPU
		{806A9ACE-BF4F-41D8-8E1A-CF04B7952CB5}.Release|ARM.ActiveCfg = Release|Any CPU
		{806A9ACE-BF4F-41D8-8E1A-CF04B7952CB5}.Release|ARM.Build.0 = Release|Any CPU
		{806A9ACE-BF4F-41D8-8E1A-CF04B7952CB5}.Release|x64.ActiveCfg = Release|Any CPU
		{806A9ACE-BF4F-41D8-8E1A-CF04B7952CB5}.Release|x64.Build.0 = Release|Any CPU
		{806A9ACE-BF4F-41D8-8E1A-CF04B7952CB5}.Release|x86.ActiveCfg = Release|Any CPU
		{806A9ACE-BF4F-41D8-8E1A-CF04B7952CB5}.Release|x86.Build.0 = Release|Any CPU
		{7FFB04D2-9B1C-4474-AA28-8D3570F97651}.Debug|Any CPU.ActiveCfg = Debug|Any CPU
		{7FFB04D2-9B1C-4474-AA28-8D3570F97651}.Debug|Any CPU.Build.0 = Debug|Any CPU
		{7FFB04D2-9B1C-4474-AA28-8D3570F97651}.Debug|ARM.ActiveCfg = Debug|Any CPU
		{7FFB04D2-9B1C-4474-AA28-8D3570F97651}.Debug|ARM.Build.0 = Debug|Any CPU
		{7FFB04D2-9B1C-4474-AA28-8D3570F97651}.Debug|x64.ActiveCfg = Debug|Any CPU
		{7FFB04D2-9B1C-4474-AA28-8D3570F97651}.Debug|x64.Build.0 = Debug|Any CPU
		{7FFB04D2-9B1C-4474-AA28-8D3570F97651}.Debug|x86.ActiveCfg = Debug|Any CPU
		{7FFB04D2-9B1C-4474-AA28-8D3570F97651}.Debug|x86.Build.0 = Debug|Any CPU
		{7FFB04D2-9B1C-4474-AA28-8D3570F97651}.Release|Any CPU.ActiveCfg = Release|Any CPU
		{7FFB04D2-9B1C-4474-AA28-8D3570F97651}.Release|Any CPU.Build.0 = Release|Any CPU
		{7FFB04D2-9B1C-4474-AA28-8D3570F97651}.Release|ARM.ActiveCfg = Release|Any CPU
		{7FFB04D2-9B1C-4474-AA28-8D3570F97651}.Release|ARM.Build.0 = Release|Any CPU
		{7FFB04D2-9B1C-4474-AA28-8D3570F97651}.Release|x64.ActiveCfg = Release|Any CPU
		{7FFB04D2-9B1C-4474-AA28-8D3570F97651}.Release|x64.Build.0 = Release|Any CPU
		{7FFB04D2-9B1C-4474-AA28-8D3570F97651}.Release|x86.ActiveCfg = Release|Any CPU
		{7FFB04D2-9B1C-4474-AA28-8D3570F97651}.Release|x86.Build.0 = Release|Any CPU
		{2076CE15-4A2E-4BFF-9F56-62D33420BA04}.Debug|Any CPU.ActiveCfg = Debug|Any CPU
		{2076CE15-4A2E-4BFF-9F56-62D33420BA04}.Debug|Any CPU.Build.0 = Debug|Any CPU
		{2076CE15-4A2E-4BFF-9F56-62D33420BA04}.Debug|ARM.ActiveCfg = Debug|Any CPU
		{2076CE15-4A2E-4BFF-9F56-62D33420BA04}.Debug|ARM.Build.0 = Debug|Any CPU
		{2076CE15-4A2E-4BFF-9F56-62D33420BA04}.Debug|x64.ActiveCfg = Debug|Any CPU
		{2076CE15-4A2E-4BFF-9F56-62D33420BA04}.Debug|x64.Build.0 = Debug|Any CPU
		{2076CE15-4A2E-4BFF-9F56-62D33420BA04}.Debug|x86.ActiveCfg = Debug|Any CPU
		{2076CE15-4A2E-4BFF-9F56-62D33420BA04}.Debug|x86.Build.0 = Debug|Any CPU
		{2076CE15-4A2E-4BFF-9F56-62D33420BA04}.Release|Any CPU.ActiveCfg = Release|Any CPU
		{2076CE15-4A2E-4BFF-9F56-62D33420BA04}.Release|Any CPU.Build.0 = Release|Any CPU
		{2076CE15-4A2E-4BFF-9F56-62D33420BA04}.Release|ARM.ActiveCfg = Release|Any CPU
		{2076CE15-4A2E-4BFF-9F56-62D33420BA04}.Release|ARM.Build.0 = Release|Any CPU
		{2076CE15-4A2E-4BFF-9F56-62D33420BA04}.Release|x64.ActiveCfg = Release|Any CPU
		{2076CE15-4A2E-4BFF-9F56-62D33420BA04}.Release|x64.Build.0 = Release|Any CPU
		{2076CE15-4A2E-4BFF-9F56-62D33420BA04}.Release|x86.ActiveCfg = Release|Any CPU
		{2076CE15-4A2E-4BFF-9F56-62D33420BA04}.Release|x86.Build.0 = Release|Any CPU
		{89D24FD8-21E0-4305-A56D-F78502F853F9}.Debug|Any CPU.ActiveCfg = Debug|Any CPU
		{89D24FD8-21E0-4305-A56D-F78502F853F9}.Debug|Any CPU.Build.0 = Debug|Any CPU
		{89D24FD8-21E0-4305-A56D-F78502F853F9}.Debug|ARM.ActiveCfg = Debug|Any CPU
		{89D24FD8-21E0-4305-A56D-F78502F853F9}.Debug|ARM.Build.0 = Debug|Any CPU
		{89D24FD8-21E0-4305-A56D-F78502F853F9}.Debug|x64.ActiveCfg = Debug|Any CPU
		{89D24FD8-21E0-4305-A56D-F78502F853F9}.Debug|x64.Build.0 = Debug|Any CPU
		{89D24FD8-21E0-4305-A56D-F78502F853F9}.Debug|x86.ActiveCfg = Debug|Any CPU
		{89D24FD8-21E0-4305-A56D-F78502F853F9}.Debug|x86.Build.0 = Debug|Any CPU
		{89D24FD8-21E0-4305-A56D-F78502F853F9}.Release|Any CPU.ActiveCfg = Release|Any CPU
		{89D24FD8-21E0-4305-A56D-F78502F853F9}.Release|Any CPU.Build.0 = Release|Any CPU
		{89D24FD8-21E0-4305-A56D-F78502F853F9}.Release|ARM.ActiveCfg = Release|Any CPU
		{89D24FD8-21E0-4305-A56D-F78502F853F9}.Release|ARM.Build.0 = Release|Any CPU
		{89D24FD8-21E0-4305-A56D-F78502F853F9}.Release|x64.ActiveCfg = Release|Any CPU
		{89D24FD8-21E0-4305-A56D-F78502F853F9}.Release|x64.Build.0 = Release|Any CPU
		{89D24FD8-21E0-4305-A56D-F78502F853F9}.Release|x86.ActiveCfg = Release|Any CPU
		{89D24FD8-21E0-4305-A56D-F78502F853F9}.Release|x86.Build.0 = Release|Any CPU
		{12389BC0-E512-4FAC-9713-21819B7A5A49}.Debug|Any CPU.ActiveCfg = Debug|Any CPU
		{12389BC0-E512-4FAC-9713-21819B7A5A49}.Debug|Any CPU.Build.0 = Debug|Any CPU
		{12389BC0-E512-4FAC-9713-21819B7A5A49}.Debug|ARM.ActiveCfg = Debug|Any CPU
		{12389BC0-E512-4FAC-9713-21819B7A5A49}.Debug|ARM.Build.0 = Debug|Any CPU
		{12389BC0-E512-4FAC-9713-21819B7A5A49}.Debug|x64.ActiveCfg = Debug|Any CPU
		{12389BC0-E512-4FAC-9713-21819B7A5A49}.Debug|x64.Build.0 = Debug|Any CPU
		{12389BC0-E512-4FAC-9713-21819B7A5A49}.Debug|x86.ActiveCfg = Debug|Any CPU
		{12389BC0-E512-4FAC-9713-21819B7A5A49}.Debug|x86.Build.0 = Debug|Any CPU
		{12389BC0-E512-4FAC-9713-21819B7A5A49}.Release|Any CPU.ActiveCfg = Release|Any CPU
		{12389BC0-E512-4FAC-9713-21819B7A5A49}.Release|Any CPU.Build.0 = Release|Any CPU
		{12389BC0-E512-4FAC-9713-21819B7A5A49}.Release|ARM.ActiveCfg = Release|Any CPU
		{12389BC0-E512-4FAC-9713-21819B7A5A49}.Release|ARM.Build.0 = Release|Any CPU
		{12389BC0-E512-4FAC-9713-21819B7A5A49}.Release|x64.ActiveCfg = Release|Any CPU
		{12389BC0-E512-4FAC-9713-21819B7A5A49}.Release|x64.Build.0 = Release|Any CPU
		{12389BC0-E512-4FAC-9713-21819B7A5A49}.Release|x86.ActiveCfg = Release|Any CPU
		{12389BC0-E512-4FAC-9713-21819B7A5A49}.Release|x86.Build.0 = Release|Any CPU
		{72DEFA6C-F541-40D2-A17E-438CCC029555}.Debug|Any CPU.ActiveCfg = Debug|x86
		{72DEFA6C-F541-40D2-A17E-438CCC029555}.Debug|ARM.ActiveCfg = Debug|ARM
		{72DEFA6C-F541-40D2-A17E-438CCC029555}.Debug|ARM.Build.0 = Debug|ARM
		{72DEFA6C-F541-40D2-A17E-438CCC029555}.Debug|ARM.Deploy.0 = Debug|ARM
		{72DEFA6C-F541-40D2-A17E-438CCC029555}.Debug|x64.ActiveCfg = Debug|x64
		{72DEFA6C-F541-40D2-A17E-438CCC029555}.Debug|x64.Build.0 = Debug|x64
		{72DEFA6C-F541-40D2-A17E-438CCC029555}.Debug|x64.Deploy.0 = Debug|x64
		{72DEFA6C-F541-40D2-A17E-438CCC029555}.Debug|x86.ActiveCfg = Debug|x86
		{72DEFA6C-F541-40D2-A17E-438CCC029555}.Debug|x86.Build.0 = Debug|x86
		{72DEFA6C-F541-40D2-A17E-438CCC029555}.Debug|x86.Deploy.0 = Debug|x86
		{72DEFA6C-F541-40D2-A17E-438CCC029555}.Release|Any CPU.ActiveCfg = Release|x86
		{72DEFA6C-F541-40D2-A17E-438CCC029555}.Release|ARM.ActiveCfg = Release|ARM
		{72DEFA6C-F541-40D2-A17E-438CCC029555}.Release|ARM.Build.0 = Release|ARM
		{72DEFA6C-F541-40D2-A17E-438CCC029555}.Release|ARM.Deploy.0 = Release|ARM
		{72DEFA6C-F541-40D2-A17E-438CCC029555}.Release|x64.ActiveCfg = Release|x64
		{72DEFA6C-F541-40D2-A17E-438CCC029555}.Release|x64.Build.0 = Release|x64
		{72DEFA6C-F541-40D2-A17E-438CCC029555}.Release|x64.Deploy.0 = Release|x64
		{72DEFA6C-F541-40D2-A17E-438CCC029555}.Release|x86.ActiveCfg = Release|x86
		{72DEFA6C-F541-40D2-A17E-438CCC029555}.Release|x86.Build.0 = Release|x86
		{72DEFA6C-F541-40D2-A17E-438CCC029555}.Release|x86.Deploy.0 = Release|x86
		{B689198B-BB12-4B80-A564-09DF28B24FE4}.Debug|Any CPU.ActiveCfg = Debug|x86
		{B689198B-BB12-4B80-A564-09DF28B24FE4}.Debug|ARM.ActiveCfg = Debug|ARM
		{B689198B-BB12-4B80-A564-09DF28B24FE4}.Debug|ARM.Build.0 = Debug|ARM
		{B689198B-BB12-4B80-A564-09DF28B24FE4}.Debug|ARM.Deploy.0 = Debug|ARM
		{B689198B-BB12-4B80-A564-09DF28B24FE4}.Debug|x64.ActiveCfg = Debug|x64
		{B689198B-BB12-4B80-A564-09DF28B24FE4}.Debug|x64.Build.0 = Debug|x64
		{B689198B-BB12-4B80-A564-09DF28B24FE4}.Debug|x64.Deploy.0 = Debug|x64
		{B689198B-BB12-4B80-A564-09DF28B24FE4}.Debug|x86.ActiveCfg = Debug|x86
		{B689198B-BB12-4B80-A564-09DF28B24FE4}.Debug|x86.Build.0 = Debug|x86
		{B689198B-BB12-4B80-A564-09DF28B24FE4}.Debug|x86.Deploy.0 = Debug|x86
		{B689198B-BB12-4B80-A564-09DF28B24FE4}.Release|Any CPU.ActiveCfg = Release|x86
		{B689198B-BB12-4B80-A564-09DF28B24FE4}.Release|ARM.ActiveCfg = Release|ARM
		{B689198B-BB12-4B80-A564-09DF28B24FE4}.Release|ARM.Build.0 = Release|ARM
		{B689198B-BB12-4B80-A564-09DF28B24FE4}.Release|ARM.Deploy.0 = Release|ARM
		{B689198B-BB12-4B80-A564-09DF28B24FE4}.Release|x64.ActiveCfg = Release|x64
		{B689198B-BB12-4B80-A564-09DF28B24FE4}.Release|x64.Build.0 = Release|x64
		{B689198B-BB12-4B80-A564-09DF28B24FE4}.Release|x64.Deploy.0 = Release|x64
		{B689198B-BB12-4B80-A564-09DF28B24FE4}.Release|x86.ActiveCfg = Release|x86
		{B689198B-BB12-4B80-A564-09DF28B24FE4}.Release|x86.Build.0 = Release|x86
		{B689198B-BB12-4B80-A564-09DF28B24FE4}.Release|x86.Deploy.0 = Release|x86
		{F52410BA-035E-4FE5-B2BB-5B1C9E5D6700}.Debug|Any CPU.ActiveCfg = Debug|x86
		{F52410BA-035E-4FE5-B2BB-5B1C9E5D6700}.Debug|ARM.ActiveCfg = Debug|ARM
		{F52410BA-035E-4FE5-B2BB-5B1C9E5D6700}.Debug|ARM.Build.0 = Debug|ARM
		{F52410BA-035E-4FE5-B2BB-5B1C9E5D6700}.Debug|ARM.Deploy.0 = Debug|ARM
		{F52410BA-035E-4FE5-B2BB-5B1C9E5D6700}.Debug|x64.ActiveCfg = Debug|x64
		{F52410BA-035E-4FE5-B2BB-5B1C9E5D6700}.Debug|x64.Build.0 = Debug|x64
		{F52410BA-035E-4FE5-B2BB-5B1C9E5D6700}.Debug|x64.Deploy.0 = Debug|x64
		{F52410BA-035E-4FE5-B2BB-5B1C9E5D6700}.Debug|x86.ActiveCfg = Debug|x86
		{F52410BA-035E-4FE5-B2BB-5B1C9E5D6700}.Debug|x86.Build.0 = Debug|x86
		{F52410BA-035E-4FE5-B2BB-5B1C9E5D6700}.Debug|x86.Deploy.0 = Debug|x86
		{F52410BA-035E-4FE5-B2BB-5B1C9E5D6700}.Release|Any CPU.ActiveCfg = Release|x86
		{F52410BA-035E-4FE5-B2BB-5B1C9E5D6700}.Release|ARM.ActiveCfg = Release|ARM
		{F52410BA-035E-4FE5-B2BB-5B1C9E5D6700}.Release|ARM.Build.0 = Release|ARM
		{F52410BA-035E-4FE5-B2BB-5B1C9E5D6700}.Release|ARM.Deploy.0 = Release|ARM
		{F52410BA-035E-4FE5-B2BB-5B1C9E5D6700}.Release|x64.ActiveCfg = Release|x64
		{F52410BA-035E-4FE5-B2BB-5B1C9E5D6700}.Release|x64.Build.0 = Release|x64
		{F52410BA-035E-4FE5-B2BB-5B1C9E5D6700}.Release|x64.Deploy.0 = Release|x64
		{F52410BA-035E-4FE5-B2BB-5B1C9E5D6700}.Release|x86.ActiveCfg = Release|x86
		{F52410BA-035E-4FE5-B2BB-5B1C9E5D6700}.Release|x86.Build.0 = Release|x86
		{F52410BA-035E-4FE5-B2BB-5B1C9E5D6700}.Release|x86.Deploy.0 = Release|x86
		{17E88150-428A-47FD-BB1D-9F54CC087C94}.Debug|Any CPU.ActiveCfg = Debug|x86
		{17E88150-428A-47FD-BB1D-9F54CC087C94}.Debug|ARM.ActiveCfg = Debug|ARM
		{17E88150-428A-47FD-BB1D-9F54CC087C94}.Debug|ARM.Build.0 = Debug|ARM
		{17E88150-428A-47FD-BB1D-9F54CC087C94}.Debug|ARM.Deploy.0 = Debug|ARM
		{17E88150-428A-47FD-BB1D-9F54CC087C94}.Debug|x64.ActiveCfg = Debug|x64
		{17E88150-428A-47FD-BB1D-9F54CC087C94}.Debug|x64.Build.0 = Debug|x64
		{17E88150-428A-47FD-BB1D-9F54CC087C94}.Debug|x64.Deploy.0 = Debug|x64
		{17E88150-428A-47FD-BB1D-9F54CC087C94}.Debug|x86.ActiveCfg = Debug|x86
		{17E88150-428A-47FD-BB1D-9F54CC087C94}.Debug|x86.Build.0 = Debug|x86
		{17E88150-428A-47FD-BB1D-9F54CC087C94}.Debug|x86.Deploy.0 = Debug|x86
		{17E88150-428A-47FD-BB1D-9F54CC087C94}.Release|Any CPU.ActiveCfg = Release|x86
		{17E88150-428A-47FD-BB1D-9F54CC087C94}.Release|ARM.ActiveCfg = Release|ARM
		{17E88150-428A-47FD-BB1D-9F54CC087C94}.Release|ARM.Build.0 = Release|ARM
		{17E88150-428A-47FD-BB1D-9F54CC087C94}.Release|ARM.Deploy.0 = Release|ARM
		{17E88150-428A-47FD-BB1D-9F54CC087C94}.Release|x64.ActiveCfg = Release|x64
		{17E88150-428A-47FD-BB1D-9F54CC087C94}.Release|x64.Build.0 = Release|x64
		{17E88150-428A-47FD-BB1D-9F54CC087C94}.Release|x64.Deploy.0 = Release|x64
		{17E88150-428A-47FD-BB1D-9F54CC087C94}.Release|x86.ActiveCfg = Release|x86
		{17E88150-428A-47FD-BB1D-9F54CC087C94}.Release|x86.Build.0 = Release|x86
		{17E88150-428A-47FD-BB1D-9F54CC087C94}.Release|x86.Deploy.0 = Release|x86
		{128BF79B-E614-4289-9D07-1BF166BB6C40}.Debug|Any CPU.ActiveCfg = Debug|x86
		{128BF79B-E614-4289-9D07-1BF166BB6C40}.Debug|ARM.ActiveCfg = Debug|ARM
		{128BF79B-E614-4289-9D07-1BF166BB6C40}.Debug|ARM.Build.0 = Debug|ARM
		{128BF79B-E614-4289-9D07-1BF166BB6C40}.Debug|ARM.Deploy.0 = Debug|ARM
		{128BF79B-E614-4289-9D07-1BF166BB6C40}.Debug|x64.ActiveCfg = Debug|x64
		{128BF79B-E614-4289-9D07-1BF166BB6C40}.Debug|x64.Build.0 = Debug|x64
		{128BF79B-E614-4289-9D07-1BF166BB6C40}.Debug|x64.Deploy.0 = Debug|x64
		{128BF79B-E614-4289-9D07-1BF166BB6C40}.Debug|x86.ActiveCfg = Debug|x86
		{128BF79B-E614-4289-9D07-1BF166BB6C40}.Debug|x86.Build.0 = Debug|x86
		{128BF79B-E614-4289-9D07-1BF166BB6C40}.Debug|x86.Deploy.0 = Debug|x86
		{128BF79B-E614-4289-9D07-1BF166BB6C40}.Release|Any CPU.ActiveCfg = Release|x86
		{128BF79B-E614-4289-9D07-1BF166BB6C40}.Release|ARM.ActiveCfg = Release|ARM
		{128BF79B-E614-4289-9D07-1BF166BB6C40}.Release|ARM.Build.0 = Release|ARM
		{128BF79B-E614-4289-9D07-1BF166BB6C40}.Release|ARM.Deploy.0 = Release|ARM
		{128BF79B-E614-4289-9D07-1BF166BB6C40}.Release|x64.ActiveCfg = Release|x64
		{128BF79B-E614-4289-9D07-1BF166BB6C40}.Release|x64.Build.0 = Release|x64
		{128BF79B-E614-4289-9D07-1BF166BB6C40}.Release|x64.Deploy.0 = Release|x64
		{128BF79B-E614-4289-9D07-1BF166BB6C40}.Release|x86.ActiveCfg = Release|x86
		{128BF79B-E614-4289-9D07-1BF166BB6C40}.Release|x86.Build.0 = Release|x86
		{128BF79B-E614-4289-9D07-1BF166BB6C40}.Release|x86.Deploy.0 = Release|x86
	EndGlobalSection
	GlobalSection(SolutionProperties) = preSolution
		HideSolutionNode = FALSE
	EndGlobalSection
	GlobalSection(NestedProjects) = preSolution
		{29051B6F-74C5-4EF6-A792-4E382CE233FA} = {9B8B1EA1-23B5-49D7-AC42-40C9B317405A}
		{A332ED47-E057-4969-860A-1BA6DBA86B01} = {9B8B1EA1-23B5-49D7-AC42-40C9B317405A}
		{27565340-6841-4CC7-9E41-B92F1DA23CBC} = {F903FDDC-2417-48E4-8F4F-004E5FA7F0B2}
		{E86832E0-64C9-498F-AA09-51D334FE0370} = {9B8B1EA1-23B5-49D7-AC42-40C9B317405A}
		{E125DA09-788C-49CF-A8EF-059759F90FFA} = {E86832E0-64C9-498F-AA09-51D334FE0370}
		{05141BD6-8AB8-446F-AB7D-B4F4A1AF3453} = {E86832E0-64C9-498F-AA09-51D334FE0370}
		{024341AD-3E60-45A6-961A-9D994CA65EA9} = {E86832E0-64C9-498F-AA09-51D334FE0370}
		{C3954CE7-7715-4B9B-81FC-079F58F1819F} = {E86832E0-64C9-498F-AA09-51D334FE0370}
		{81CC82EA-84DB-4D12-9BFE-B12437451AE2} = {E86832E0-64C9-498F-AA09-51D334FE0370}
		{52A53605-85C0-4ADE-8D79-1FD7C4774AFD} = {E86832E0-64C9-498F-AA09-51D334FE0370}
		{7A7BEC3C-2352-48E7-9D07-A7C6089CA83F} = {E86832E0-64C9-498F-AA09-51D334FE0370}
		{6B512CF2-8AB6-4080-8D16-F3DA866A6053} = {E86832E0-64C9-498F-AA09-51D334FE0370}
		{806A9ACE-BF4F-41D8-8E1A-CF04B7952CB5} = {E86832E0-64C9-498F-AA09-51D334FE0370}
		{7FFB04D2-9B1C-4474-AA28-8D3570F97651} = {E86832E0-64C9-498F-AA09-51D334FE0370}
		{2076CE15-4A2E-4BFF-9F56-62D33420BA04} = {E86832E0-64C9-498F-AA09-51D334FE0370}
		{89D24FD8-21E0-4305-A56D-F78502F853F9} = {E86832E0-64C9-498F-AA09-51D334FE0370}
		{12389BC0-E512-4FAC-9713-21819B7A5A49} = {E86832E0-64C9-498F-AA09-51D334FE0370}
		{0E097C8B-82AA-463A-9EAA-F8EBC7E825DF} = {F903FDDC-2417-48E4-8F4F-004E5FA7F0B2}
		{72DEFA6C-F541-40D2-A17E-438CCC029555} = {0E097C8B-82AA-463A-9EAA-F8EBC7E825DF}
		{B689198B-BB12-4B80-A564-09DF28B24FE4} = {0E097C8B-82AA-463A-9EAA-F8EBC7E825DF}
		{F52410BA-035E-4FE5-B2BB-5B1C9E5D6700} = {0E097C8B-82AA-463A-9EAA-F8EBC7E825DF}
		{17E88150-428A-47FD-BB1D-9F54CC087C94} = {0E097C8B-82AA-463A-9EAA-F8EBC7E825DF}
		{128BF79B-E614-4289-9D07-1BF166BB6C40} = {0E097C8B-82AA-463A-9EAA-F8EBC7E825DF}
	EndGlobalSection
EndGlobal
